
Microsoft Visual Studio Solution File, Format Version 12.00
# Visual Studio 2012
Project("{FAE04EC0-301F-11D3-BF4B-00C04F79EFBC}") = "ConsoleTester", "MediaValidation\ConsoleTester\ConsoleTester.csproj", "{D06C6318-3250-4166-83DC-FAFCFD41E8C9}"
EndProject
Project("{FAE04EC0-301F-11D3-BF4B-00C04F79EFBC}") = "Gov.Hhs.Cdc.DataServices", "DataServices\Gov.Hhs.Cdc.DataServices\Gov.Hhs.Cdc.DataServices.csproj", "{FAA069BE-F6AD-4F3C-A3B4-E51A4427332F}"
EndProject
Project("{FAE04EC0-301F-11D3-BF4B-00C04F79EFBC}") = "Gov.Hhs.Cdc.DataServices.Bo", "DataServices\Gov.Hhs.Cdc.DataServices.Bo\Gov.Hhs.Cdc.DataServices.Bo.csproj", "{0B018F22-16C3-4FFE-8320-6DD4E353B324}"
EndProject
Project("{2150E333-8FDC-42A3-9474-1A3956D46DE8}") = "DataServices", "DataServices", "{B28A6553-7EDB-4FB5-BF82-599B827252A3}"
EndProject
Project("{FAE04EC0-301F-11D3-BF4B-00C04F79EFBC}") = "MediaValidation", "MediaValidation\MediaValidation\MediaValidation.csproj", "{FD995B29-3DD6-447B-858C-0E976B832A9C}"
EndProject
Project("{2150E333-8FDC-42A3-9474-1A3956D46DE8}") = "Solution Items", "Solution Items", "{F99C043F-12AD-4A89-9818-71C465B61847}"
	ProjectSection(SolutionItems) = preProject
		MediaValidation\Gov.Hhs.Cdc.MediaValidation.vsmdi = MediaValidation\Gov.Hhs.Cdc.MediaValidation.vsmdi
		MediaValidation\Local.testsettings = MediaValidation\Local.testsettings
		MediaValidation\TraceAndTestImpact.testsettings = MediaValidation\TraceAndTestImpact.testsettings
	EndProjectSection
EndProject
Project("{2150E333-8FDC-42A3-9474-1A3956D46DE8}") = "Media", "Media", "{6FB23E26-318E-403F-9C73-B8AFB4B46DCA}"
EndProject
Project("{FAE04EC0-301F-11D3-BF4B-00C04F79EFBC}") = "Gov.Hhs.Cdc.DataSource", "DataServices\Gov.Hhs.Cdc.DataSource\Gov.Hhs.Cdc.DataSource.csproj", "{F841FCB7-7A0B-4C52-BC6B-133D13FD50CF}"
EndProject
Project("{FAE04EC0-301F-11D3-BF4B-00C04F79EFBC}") = "Gov.Hhs.Cdc.Bo", "Gov.Hhs.Cdc.Bo\Gov.Hhs.Cdc.Bo.csproj", "{663C4176-B137-4F7F-8691-57EC1DE7C495}"
EndProject
Project("{FAE04EC0-301F-11D3-BF4B-00C04F79EFBC}") = "Gov.Hhs.Cdc.CdcMediaProvider.Dal", "Media\Gov.Hhs.Cdc.CdcMediaProvider.Dal\Gov.Hhs.Cdc.CdcMediaProvider.Dal.csproj", "{E918E4F5-F89D-4E1E-806A-D7047A95D653}"
EndProject
Project("{FAE04EC0-301F-11D3-BF4B-00C04F79EFBC}") = "Gov.Hhs.Cdc.MediaProvider", "Media\Gov.Hhs.Cdc.MediaProvider\Gov.Hhs.Cdc.MediaProvider.csproj", "{B6F57A44-A145-4544-9700-DC44790EE7F7}"
EndProject
Project("{FAE04EC0-301F-11D3-BF4B-00C04F79EFBC}") = "Gov.Hhs.Cdc.CdcMediaProvider", "Media\Gov.Hhs.Cdc.CdcMediaProvider\Gov.Hhs.Cdc.CdcMediaProvider.csproj", "{36F35BA7-5F45-432C-99C6-5FB1989B59E6}"
EndProject
Project("{FAE04EC0-301F-11D3-BF4B-00C04F79EFBC}") = "Gov.Hhs.Cdc.CdcMediaValidationProvider", "MediaValidation\Gov.Hhs.Cdc.CdcMediaValidationProvider\Gov.Hhs.Cdc.CdcMediaValidationProvider.csproj", "{2819982F-3116-4728-98A9-3B1E0C8384FE}"
EndProject
Project("{FAE04EC0-301F-11D3-BF4B-00C04F79EFBC}") = "Gov.Hhs.Cdc.MediaValidation.Dal", "MediaValidation\Gov.Hhs.Cdc.MediaValidation.Dal\Gov.Hhs.Cdc.MediaValidation.Dal.csproj", "{407FCB5B-2248-4CC6-824F-A3E8EEF0BAFC}"
EndProject
Project("{FAE04EC0-301F-11D3-BF4B-00C04F79EFBC}") = "Gov.Hhs.Cdc.MediaValidatonProvider", "MediaValidation\Gov.Hhs.Cdc.MediaValidatonProvider\Gov.Hhs.Cdc.MediaValidatonProvider.csproj", "{FE69D1FA-710E-466F-BF5C-3C9F4D2F4B5A}"
EndProject
Project("{FAE04EC0-301F-11D3-BF4B-00C04F79EFBC}") = "Gov.Hhs.Cdc.DataServicesCacheProvider", "DataServices\Gov.Hhs.Cdc.Caching\Gov.Hhs.Cdc.DataServicesCacheProvider.csproj", "{6769244B-8909-4DC6-B478-8125EB63A3D5}"
EndProject
Project("{FAE04EC0-301F-11D3-BF4B-00C04F79EFBC}") = "Gov.Hhs.Cdc.Search.Provider", "DataServices\Gov.Hhs.Cdc.Search.Provider\Gov.Hhs.Cdc.Search.Provider.csproj", "{76FA2D81-01AE-4335-8523-76965D75E719}"
EndProject
Global
	GlobalSection(TestCaseManagementSettings) = postSolution
		CategoryFile = MediaValidation\Gov.Hhs.Cdc.MediaValidation.vsmdi
	EndGlobalSection
	GlobalSection(SolutionConfigurationPlatforms) = preSolution
		Debug|Any CPU = Debug|Any CPU
		Debug|Mixed Platforms = Debug|Mixed Platforms
		Debug|x86 = Debug|x86
		DebugTest|Any CPU = DebugTest|Any CPU
		DebugTest|Mixed Platforms = DebugTest|Mixed Platforms
		DebugTest|x86 = DebugTest|x86
		demo|Any CPU = demo|Any CPU
		demo|Mixed Platforms = demo|Mixed Platforms
		demo|x86 = demo|x86
		Development|Any CPU = Development|Any CPU
		Development|Mixed Platforms = Development|Mixed Platforms
		Development|x86 = Development|x86
		DVSS1|Any CPU = DVSS1|Any CPU
		DVSS1|Mixed Platforms = DVSS1|Mixed Platforms
		DVSS1|x86 = DVSS1|x86
		Production|Any CPU = Production|Any CPU
		Production|Mixed Platforms = Production|Mixed Platforms
		Production|x86 = Production|x86
		Prototype|Any CPU = Prototype|Any CPU
		Prototype|Mixed Platforms = Prototype|Mixed Platforms
		Prototype|x86 = Prototype|x86
		Release|Any CPU = Release|Any CPU
		Release|Mixed Platforms = Release|Mixed Platforms
		Release|x86 = Release|x86
		Staging|Any CPU = Staging|Any CPU
		Staging|Mixed Platforms = Staging|Mixed Platforms
		Staging|x86 = Staging|x86
		SVSS1|Any CPU = SVSS1|Any CPU
		SVSS1|Mixed Platforms = SVSS1|Mixed Platforms
		SVSS1|x86 = SVSS1|x86
		Test|Any CPU = Test|Any CPU
		Test|Mixed Platforms = Test|Mixed Platforms
		Test|x86 = Test|x86
		Tools|Any CPU = Tools|Any CPU
		Tools|Mixed Platforms = Tools|Mixed Platforms
		Tools|x86 = Tools|x86
		TVSS1|Any CPU = TVSS1|Any CPU
		TVSS1|Mixed Platforms = TVSS1|Mixed Platforms
		TVSS1|x86 = TVSS1|x86
	EndGlobalSection
	GlobalSection(ProjectConfigurationPlatforms) = postSolution
		{D06C6318-3250-4166-83DC-FAFCFD41E8C9}.Debug|Any CPU.ActiveCfg = Debug|x86
		{D06C6318-3250-4166-83DC-FAFCFD41E8C9}.Debug|Mixed Platforms.ActiveCfg = Debug|x86
		{D06C6318-3250-4166-83DC-FAFCFD41E8C9}.Debug|Mixed Platforms.Build.0 = Debug|x86
		{D06C6318-3250-4166-83DC-FAFCFD41E8C9}.Debug|x86.ActiveCfg = Debug|x86
		{D06C6318-3250-4166-83DC-FAFCFD41E8C9}.Debug|x86.Build.0 = Debug|x86
		{D06C6318-3250-4166-83DC-FAFCFD41E8C9}.DebugTest|Any CPU.ActiveCfg = Debug|x86
		{D06C6318-3250-4166-83DC-FAFCFD41E8C9}.DebugTest|Mixed Platforms.ActiveCfg = Debug|x86
		{D06C6318-3250-4166-83DC-FAFCFD41E8C9}.DebugTest|Mixed Platforms.Build.0 = Debug|x86
		{D06C6318-3250-4166-83DC-FAFCFD41E8C9}.DebugTest|x86.ActiveCfg = Debug|x86
		{D06C6318-3250-4166-83DC-FAFCFD41E8C9}.DebugTest|x86.Build.0 = Debug|x86
		{D06C6318-3250-4166-83DC-FAFCFD41E8C9}.demo|Any CPU.ActiveCfg = Debug|x86
		{D06C6318-3250-4166-83DC-FAFCFD41E8C9}.demo|Mixed Platforms.ActiveCfg = Debug|x86
		{D06C6318-3250-4166-83DC-FAFCFD41E8C9}.demo|Mixed Platforms.Build.0 = Debug|x86
		{D06C6318-3250-4166-83DC-FAFCFD41E8C9}.demo|x86.ActiveCfg = Debug|x86
		{D06C6318-3250-4166-83DC-FAFCFD41E8C9}.demo|x86.Build.0 = Debug|x86
		{D06C6318-3250-4166-83DC-FAFCFD41E8C9}.Development|Any CPU.ActiveCfg = Debug|x86
		{D06C6318-3250-4166-83DC-FAFCFD41E8C9}.Development|Mixed Platforms.ActiveCfg = Debug|x86
		{D06C6318-3250-4166-83DC-FAFCFD41E8C9}.Development|Mixed Platforms.Build.0 = Debug|x86
		{D06C6318-3250-4166-83DC-FAFCFD41E8C9}.Development|x86.ActiveCfg = Debug|x86
		{D06C6318-3250-4166-83DC-FAFCFD41E8C9}.Development|x86.Build.0 = Debug|x86
		{D06C6318-3250-4166-83DC-FAFCFD41E8C9}.DVSS1|Any CPU.ActiveCfg = Debug|x86
		{D06C6318-3250-4166-83DC-FAFCFD41E8C9}.DVSS1|Mixed Platforms.ActiveCfg = Debug|x86
		{D06C6318-3250-4166-83DC-FAFCFD41E8C9}.DVSS1|Mixed Platforms.Build.0 = Debug|x86
		{D06C6318-3250-4166-83DC-FAFCFD41E8C9}.DVSS1|x86.ActiveCfg = Debug|x86
		{D06C6318-3250-4166-83DC-FAFCFD41E8C9}.DVSS1|x86.Build.0 = Debug|x86
		{D06C6318-3250-4166-83DC-FAFCFD41E8C9}.Production|Any CPU.ActiveCfg = Release|x86
		{D06C6318-3250-4166-83DC-FAFCFD41E8C9}.Production|Mixed Platforms.ActiveCfg = Release|x86
		{D06C6318-3250-4166-83DC-FAFCFD41E8C9}.Production|Mixed Platforms.Build.0 = Release|x86
		{D06C6318-3250-4166-83DC-FAFCFD41E8C9}.Production|x86.ActiveCfg = Release|x86
		{D06C6318-3250-4166-83DC-FAFCFD41E8C9}.Production|x86.Build.0 = Release|x86
		{D06C6318-3250-4166-83DC-FAFCFD41E8C9}.Prototype|Any CPU.ActiveCfg = Release|x86
		{D06C6318-3250-4166-83DC-FAFCFD41E8C9}.Prototype|Mixed Platforms.ActiveCfg = Release|x86
		{D06C6318-3250-4166-83DC-FAFCFD41E8C9}.Prototype|Mixed Platforms.Build.0 = Release|x86
		{D06C6318-3250-4166-83DC-FAFCFD41E8C9}.Prototype|x86.ActiveCfg = Release|x86
		{D06C6318-3250-4166-83DC-FAFCFD41E8C9}.Prototype|x86.Build.0 = Release|x86
		{D06C6318-3250-4166-83DC-FAFCFD41E8C9}.Release|Any CPU.ActiveCfg = Release|x86
		{D06C6318-3250-4166-83DC-FAFCFD41E8C9}.Release|Mixed Platforms.ActiveCfg = Release|x86
		{D06C6318-3250-4166-83DC-FAFCFD41E8C9}.Release|Mixed Platforms.Build.0 = Release|x86
		{D06C6318-3250-4166-83DC-FAFCFD41E8C9}.Release|x86.ActiveCfg = Release|x86
		{D06C6318-3250-4166-83DC-FAFCFD41E8C9}.Release|x86.Build.0 = Release|x86
		{D06C6318-3250-4166-83DC-FAFCFD41E8C9}.Staging|Any CPU.ActiveCfg = Release|x86
		{D06C6318-3250-4166-83DC-FAFCFD41E8C9}.Staging|Mixed Platforms.ActiveCfg = Release|x86
		{D06C6318-3250-4166-83DC-FAFCFD41E8C9}.Staging|Mixed Platforms.Build.0 = Release|x86
		{D06C6318-3250-4166-83DC-FAFCFD41E8C9}.Staging|x86.ActiveCfg = Release|x86
		{D06C6318-3250-4166-83DC-FAFCFD41E8C9}.Staging|x86.Build.0 = Release|x86
		{D06C6318-3250-4166-83DC-FAFCFD41E8C9}.SVSS1|Any CPU.ActiveCfg = Release|x86
		{D06C6318-3250-4166-83DC-FAFCFD41E8C9}.SVSS1|Mixed Platforms.ActiveCfg = Release|x86
		{D06C6318-3250-4166-83DC-FAFCFD41E8C9}.SVSS1|Mixed Platforms.Build.0 = Release|x86
		{D06C6318-3250-4166-83DC-FAFCFD41E8C9}.SVSS1|x86.ActiveCfg = Release|x86
		{D06C6318-3250-4166-83DC-FAFCFD41E8C9}.SVSS1|x86.Build.0 = Release|x86
		{D06C6318-3250-4166-83DC-FAFCFD41E8C9}.Test|Any CPU.ActiveCfg = Release|x86
		{D06C6318-3250-4166-83DC-FAFCFD41E8C9}.Test|Mixed Platforms.ActiveCfg = Release|x86
		{D06C6318-3250-4166-83DC-FAFCFD41E8C9}.Test|Mixed Platforms.Build.0 = Release|x86
		{D06C6318-3250-4166-83DC-FAFCFD41E8C9}.Test|x86.ActiveCfg = Release|x86
		{D06C6318-3250-4166-83DC-FAFCFD41E8C9}.Test|x86.Build.0 = Release|x86
		{D06C6318-3250-4166-83DC-FAFCFD41E8C9}.Tools|Any CPU.ActiveCfg = Release|x86
		{D06C6318-3250-4166-83DC-FAFCFD41E8C9}.Tools|Mixed Platforms.ActiveCfg = Release|x86
		{D06C6318-3250-4166-83DC-FAFCFD41E8C9}.Tools|Mixed Platforms.Build.0 = Release|x86
		{D06C6318-3250-4166-83DC-FAFCFD41E8C9}.Tools|x86.ActiveCfg = Release|x86
		{D06C6318-3250-4166-83DC-FAFCFD41E8C9}.Tools|x86.Build.0 = Release|x86
		{D06C6318-3250-4166-83DC-FAFCFD41E8C9}.TVSS1|Any CPU.ActiveCfg = Release|x86
		{D06C6318-3250-4166-83DC-FAFCFD41E8C9}.TVSS1|Mixed Platforms.ActiveCfg = Release|x86
		{D06C6318-3250-4166-83DC-FAFCFD41E8C9}.TVSS1|Mixed Platforms.Build.0 = Release|x86
		{D06C6318-3250-4166-83DC-FAFCFD41E8C9}.TVSS1|x86.ActiveCfg = Release|x86
		{D06C6318-3250-4166-83DC-FAFCFD41E8C9}.TVSS1|x86.Build.0 = Release|x86
		{FAA069BE-F6AD-4F3C-A3B4-E51A4427332F}.Debug|Any CPU.ActiveCfg = Debug|Any CPU
		{FAA069BE-F6AD-4F3C-A3B4-E51A4427332F}.Debug|Any CPU.Build.0 = Debug|Any CPU
		{FAA069BE-F6AD-4F3C-A3B4-E51A4427332F}.Debug|Mixed Platforms.ActiveCfg = Debug|Any CPU
		{FAA069BE-F6AD-4F3C-A3B4-E51A4427332F}.Debug|Mixed Platforms.Build.0 = Debug|Any CPU
		{FAA069BE-F6AD-4F3C-A3B4-E51A4427332F}.Debug|x86.ActiveCfg = Debug|Any CPU
		{FAA069BE-F6AD-4F3C-A3B4-E51A4427332F}.DebugTest|Any CPU.ActiveCfg = DebugTest|Any CPU
		{FAA069BE-F6AD-4F3C-A3B4-E51A4427332F}.DebugTest|Any CPU.Build.0 = DebugTest|Any CPU
		{FAA069BE-F6AD-4F3C-A3B4-E51A4427332F}.DebugTest|Mixed Platforms.ActiveCfg = DebugTest|Any CPU
		{FAA069BE-F6AD-4F3C-A3B4-E51A4427332F}.DebugTest|Mixed Platforms.Build.0 = DebugTest|Any CPU
		{FAA069BE-F6AD-4F3C-A3B4-E51A4427332F}.DebugTest|x86.ActiveCfg = DebugTest|Any CPU
		{FAA069BE-F6AD-4F3C-A3B4-E51A4427332F}.demo|Any CPU.ActiveCfg = demo|Any CPU
		{FAA069BE-F6AD-4F3C-A3B4-E51A4427332F}.demo|Any CPU.Build.0 = demo|Any CPU
		{FAA069BE-F6AD-4F3C-A3B4-E51A4427332F}.demo|Mixed Platforms.ActiveCfg = demo|Any CPU
		{FAA069BE-F6AD-4F3C-A3B4-E51A4427332F}.demo|Mixed Platforms.Build.0 = demo|Any CPU
		{FAA069BE-F6AD-4F3C-A3B4-E51A4427332F}.demo|x86.ActiveCfg = demo|Any CPU
		{FAA069BE-F6AD-4F3C-A3B4-E51A4427332F}.Development|Any CPU.ActiveCfg = Debug|Any CPU
		{FAA069BE-F6AD-4F3C-A3B4-E51A4427332F}.Development|Any CPU.Build.0 = Debug|Any CPU
		{FAA069BE-F6AD-4F3C-A3B4-E51A4427332F}.Development|Mixed Platforms.ActiveCfg = Debug|Any CPU
		{FAA069BE-F6AD-4F3C-A3B4-E51A4427332F}.Development|Mixed Platforms.Build.0 = Debug|Any CPU
		{FAA069BE-F6AD-4F3C-A3B4-E51A4427332F}.Development|x86.ActiveCfg = Debug|Any CPU
		{FAA069BE-F6AD-4F3C-A3B4-E51A4427332F}.DVSS1|Any CPU.ActiveCfg = Debug|Any CPU
		{FAA069BE-F6AD-4F3C-A3B4-E51A4427332F}.DVSS1|Any CPU.Build.0 = Debug|Any CPU
		{FAA069BE-F6AD-4F3C-A3B4-E51A4427332F}.DVSS1|Mixed Platforms.ActiveCfg = Debug|Any CPU
		{FAA069BE-F6AD-4F3C-A3B4-E51A4427332F}.DVSS1|Mixed Platforms.Build.0 = Debug|Any CPU
		{FAA069BE-F6AD-4F3C-A3B4-E51A4427332F}.DVSS1|x86.ActiveCfg = Debug|Any CPU
		{FAA069BE-F6AD-4F3C-A3B4-E51A4427332F}.Production|Any CPU.ActiveCfg = Release|Any CPU
		{FAA069BE-F6AD-4F3C-A3B4-E51A4427332F}.Production|Any CPU.Build.0 = Release|Any CPU
		{FAA069BE-F6AD-4F3C-A3B4-E51A4427332F}.Production|Mixed Platforms.ActiveCfg = Release|Any CPU
		{FAA069BE-F6AD-4F3C-A3B4-E51A4427332F}.Production|Mixed Platforms.Build.0 = Release|Any CPU
		{FAA069BE-F6AD-4F3C-A3B4-E51A4427332F}.Production|x86.ActiveCfg = Release|Any CPU
		{FAA069BE-F6AD-4F3C-A3B4-E51A4427332F}.Prototype|Any CPU.ActiveCfg = Prototype|Any CPU
		{FAA069BE-F6AD-4F3C-A3B4-E51A4427332F}.Prototype|Any CPU.Build.0 = Prototype|Any CPU
		{FAA069BE-F6AD-4F3C-A3B4-E51A4427332F}.Prototype|Mixed Platforms.ActiveCfg = Prototype|Any CPU
		{FAA069BE-F6AD-4F3C-A3B4-E51A4427332F}.Prototype|Mixed Platforms.Build.0 = Prototype|Any CPU
		{FAA069BE-F6AD-4F3C-A3B4-E51A4427332F}.Prototype|x86.ActiveCfg = Prototype|Any CPU
		{FAA069BE-F6AD-4F3C-A3B4-E51A4427332F}.Release|Any CPU.ActiveCfg = Release|Any CPU
		{FAA069BE-F6AD-4F3C-A3B4-E51A4427332F}.Release|Any CPU.Build.0 = Release|Any CPU
		{FAA069BE-F6AD-4F3C-A3B4-E51A4427332F}.Release|Mixed Platforms.ActiveCfg = Release|Any CPU
		{FAA069BE-F6AD-4F3C-A3B4-E51A4427332F}.Release|Mixed Platforms.Build.0 = Release|Any CPU
		{FAA069BE-F6AD-4F3C-A3B4-E51A4427332F}.Release|x86.ActiveCfg = Release|Any CPU
		{FAA069BE-F6AD-4F3C-A3B4-E51A4427332F}.Staging|Any CPU.ActiveCfg = Release|Any CPU
		{FAA069BE-F6AD-4F3C-A3B4-E51A4427332F}.Staging|Any CPU.Build.0 = Release|Any CPU
		{FAA069BE-F6AD-4F3C-A3B4-E51A4427332F}.Staging|Mixed Platforms.ActiveCfg = Release|Any CPU
		{FAA069BE-F6AD-4F3C-A3B4-E51A4427332F}.Staging|Mixed Platforms.Build.0 = Release|Any CPU
		{FAA069BE-F6AD-4F3C-A3B4-E51A4427332F}.Staging|x86.ActiveCfg = Release|Any CPU
		{FAA069BE-F6AD-4F3C-A3B4-E51A4427332F}.SVSS1|Any CPU.ActiveCfg = Release|Any CPU
		{FAA069BE-F6AD-4F3C-A3B4-E51A4427332F}.SVSS1|Any CPU.Build.0 = Release|Any CPU
		{FAA069BE-F6AD-4F3C-A3B4-E51A4427332F}.SVSS1|Mixed Platforms.ActiveCfg = Release|Any CPU
		{FAA069BE-F6AD-4F3C-A3B4-E51A4427332F}.SVSS1|Mixed Platforms.Build.0 = Release|Any CPU
		{FAA069BE-F6AD-4F3C-A3B4-E51A4427332F}.SVSS1|x86.ActiveCfg = Release|Any CPU
		{FAA069BE-F6AD-4F3C-A3B4-E51A4427332F}.Test|Any CPU.ActiveCfg = Release|Any CPU
		{FAA069BE-F6AD-4F3C-A3B4-E51A4427332F}.Test|Any CPU.Build.0 = Release|Any CPU
		{FAA069BE-F6AD-4F3C-A3B4-E51A4427332F}.Test|Mixed Platforms.ActiveCfg = Release|Any CPU
		{FAA069BE-F6AD-4F3C-A3B4-E51A4427332F}.Test|Mixed Platforms.Build.0 = Release|Any CPU
		{FAA069BE-F6AD-4F3C-A3B4-E51A4427332F}.Test|x86.ActiveCfg = Release|Any CPU
		{FAA069BE-F6AD-4F3C-A3B4-E51A4427332F}.Tools|Any CPU.ActiveCfg = Tools|Any CPU
		{FAA069BE-F6AD-4F3C-A3B4-E51A4427332F}.Tools|Any CPU.Build.0 = Tools|Any CPU
		{FAA069BE-F6AD-4F3C-A3B4-E51A4427332F}.Tools|Mixed Platforms.ActiveCfg = Tools|Any CPU
		{FAA069BE-F6AD-4F3C-A3B4-E51A4427332F}.Tools|Mixed Platforms.Build.0 = Tools|Any CPU
		{FAA069BE-F6AD-4F3C-A3B4-E51A4427332F}.Tools|x86.ActiveCfg = Tools|Any CPU
		{FAA069BE-F6AD-4F3C-A3B4-E51A4427332F}.TVSS1|Any CPU.ActiveCfg = Release|Any CPU
		{FAA069BE-F6AD-4F3C-A3B4-E51A4427332F}.TVSS1|Any CPU.Build.0 = Release|Any CPU
		{FAA069BE-F6AD-4F3C-A3B4-E51A4427332F}.TVSS1|Mixed Platforms.ActiveCfg = Release|Any CPU
		{FAA069BE-F6AD-4F3C-A3B4-E51A4427332F}.TVSS1|Mixed Platforms.Build.0 = Release|Any CPU
		{FAA069BE-F6AD-4F3C-A3B4-E51A4427332F}.TVSS1|x86.ActiveCfg = Release|Any CPU
		{0B018F22-16C3-4FFE-8320-6DD4E353B324}.Debug|Any CPU.ActiveCfg = Debug|Any CPU
		{0B018F22-16C3-4FFE-8320-6DD4E353B324}.Debug|Any CPU.Build.0 = Debug|Any CPU
		{0B018F22-16C3-4FFE-8320-6DD4E353B324}.Debug|Mixed Platforms.ActiveCfg = Debug|Any CPU
		{0B018F22-16C3-4FFE-8320-6DD4E353B324}.Debug|Mixed Platforms.Build.0 = Debug|Any CPU
		{0B018F22-16C3-4FFE-8320-6DD4E353B324}.Debug|x86.ActiveCfg = Debug|Any CPU
		{0B018F22-16C3-4FFE-8320-6DD4E353B324}.DebugTest|Any CPU.ActiveCfg = DebugTest|Any CPU
		{0B018F22-16C3-4FFE-8320-6DD4E353B324}.DebugTest|Any CPU.Build.0 = DebugTest|Any CPU
		{0B018F22-16C3-4FFE-8320-6DD4E353B324}.DebugTest|Mixed Platforms.ActiveCfg = DebugTest|Any CPU
		{0B018F22-16C3-4FFE-8320-6DD4E353B324}.DebugTest|Mixed Platforms.Build.0 = DebugTest|Any CPU
		{0B018F22-16C3-4FFE-8320-6DD4E353B324}.DebugTest|x86.ActiveCfg = DebugTest|Any CPU
		{0B018F22-16C3-4FFE-8320-6DD4E353B324}.demo|Any CPU.ActiveCfg = demo|Any CPU
		{0B018F22-16C3-4FFE-8320-6DD4E353B324}.demo|Any CPU.Build.0 = demo|Any CPU
		{0B018F22-16C3-4FFE-8320-6DD4E353B324}.demo|Mixed Platforms.ActiveCfg = demo|Any CPU
		{0B018F22-16C3-4FFE-8320-6DD4E353B324}.demo|Mixed Platforms.Build.0 = demo|Any CPU
		{0B018F22-16C3-4FFE-8320-6DD4E353B324}.demo|x86.ActiveCfg = demo|Any CPU
		{0B018F22-16C3-4FFE-8320-6DD4E353B324}.Development|Any CPU.ActiveCfg = Debug|Any CPU
		{0B018F22-16C3-4FFE-8320-6DD4E353B324}.Development|Any CPU.Build.0 = Debug|Any CPU
		{0B018F22-16C3-4FFE-8320-6DD4E353B324}.Development|Mixed Platforms.ActiveCfg = Debug|Any CPU
		{0B018F22-16C3-4FFE-8320-6DD4E353B324}.Development|Mixed Platforms.Build.0 = Debug|Any CPU
		{0B018F22-16C3-4FFE-8320-6DD4E353B324}.Development|x86.ActiveCfg = Debug|Any CPU
		{0B018F22-16C3-4FFE-8320-6DD4E353B324}.DVSS1|Any CPU.ActiveCfg = DVSS1|Any CPU
		{0B018F22-16C3-4FFE-8320-6DD4E353B324}.DVSS1|Any CPU.Build.0 = DVSS1|Any CPU
		{0B018F22-16C3-4FFE-8320-6DD4E353B324}.DVSS1|Mixed Platforms.ActiveCfg = DVSS1|Any CPU
		{0B018F22-16C3-4FFE-8320-6DD4E353B324}.DVSS1|Mixed Platforms.Build.0 = DVSS1|Any CPU
		{0B018F22-16C3-4FFE-8320-6DD4E353B324}.DVSS1|x86.ActiveCfg = DVSS1|Any CPU
		{0B018F22-16C3-4FFE-8320-6DD4E353B324}.Production|Any CPU.ActiveCfg = Staging|Any CPU
		{0B018F22-16C3-4FFE-8320-6DD4E353B324}.Production|Any CPU.Build.0 = Staging|Any CPU
		{0B018F22-16C3-4FFE-8320-6DD4E353B324}.Production|Mixed Platforms.ActiveCfg = Staging|Any CPU
		{0B018F22-16C3-4FFE-8320-6DD4E353B324}.Production|Mixed Platforms.Build.0 = Staging|Any CPU
		{0B018F22-16C3-4FFE-8320-6DD4E353B324}.Production|x86.ActiveCfg = Staging|Any CPU
		{0B018F22-16C3-4FFE-8320-6DD4E353B324}.Prototype|Any CPU.ActiveCfg = Prototype|Any CPU
		{0B018F22-16C3-4FFE-8320-6DD4E353B324}.Prototype|Any CPU.Build.0 = Prototype|Any CPU
		{0B018F22-16C3-4FFE-8320-6DD4E353B324}.Prototype|Mixed Platforms.ActiveCfg = Prototype|Any CPU
		{0B018F22-16C3-4FFE-8320-6DD4E353B324}.Prototype|Mixed Platforms.Build.0 = Prototype|Any CPU
		{0B018F22-16C3-4FFE-8320-6DD4E353B324}.Prototype|x86.ActiveCfg = Prototype|Any CPU
		{0B018F22-16C3-4FFE-8320-6DD4E353B324}.Release|Any CPU.ActiveCfg = Release|Any CPU
		{0B018F22-16C3-4FFE-8320-6DD4E353B324}.Release|Any CPU.Build.0 = Release|Any CPU
		{0B018F22-16C3-4FFE-8320-6DD4E353B324}.Release|Mixed Platforms.ActiveCfg = Release|Any CPU
		{0B018F22-16C3-4FFE-8320-6DD4E353B324}.Release|Mixed Platforms.Build.0 = Release|Any CPU
		{0B018F22-16C3-4FFE-8320-6DD4E353B324}.Release|x86.ActiveCfg = Release|Any CPU
		{0B018F22-16C3-4FFE-8320-6DD4E353B324}.Staging|Any CPU.ActiveCfg = Staging|Any CPU
		{0B018F22-16C3-4FFE-8320-6DD4E353B324}.Staging|Any CPU.Build.0 = Staging|Any CPU
		{0B018F22-16C3-4FFE-8320-6DD4E353B324}.Staging|Mixed Platforms.ActiveCfg = Staging|Any CPU
		{0B018F22-16C3-4FFE-8320-6DD4E353B324}.Staging|Mixed Platforms.Build.0 = Staging|Any CPU
		{0B018F22-16C3-4FFE-8320-6DD4E353B324}.Staging|x86.ActiveCfg = Staging|Any CPU
		{0B018F22-16C3-4FFE-8320-6DD4E353B324}.SVSS1|Any CPU.ActiveCfg = SVSS1|Any CPU
		{0B018F22-16C3-4FFE-8320-6DD4E353B324}.SVSS1|Any CPU.Build.0 = SVSS1|Any CPU
		{0B018F22-16C3-4FFE-8320-6DD4E353B324}.SVSS1|Mixed Platforms.ActiveCfg = SVSS1|Any CPU
		{0B018F22-16C3-4FFE-8320-6DD4E353B324}.SVSS1|Mixed Platforms.Build.0 = SVSS1|Any CPU
		{0B018F22-16C3-4FFE-8320-6DD4E353B324}.SVSS1|x86.ActiveCfg = SVSS1|Any CPU
		{0B018F22-16C3-4FFE-8320-6DD4E353B324}.Test|Any CPU.ActiveCfg = Staging|Any CPU
		{0B018F22-16C3-4FFE-8320-6DD4E353B324}.Test|Any CPU.Build.0 = Staging|Any CPU
		{0B018F22-16C3-4FFE-8320-6DD4E353B324}.Test|Mixed Platforms.ActiveCfg = Staging|Any CPU
		{0B018F22-16C3-4FFE-8320-6DD4E353B324}.Test|Mixed Platforms.Build.0 = Staging|Any CPU
		{0B018F22-16C3-4FFE-8320-6DD4E353B324}.Test|x86.ActiveCfg = Staging|Any CPU
		{0B018F22-16C3-4FFE-8320-6DD4E353B324}.Tools|Any CPU.ActiveCfg = Tools|Any CPU
		{0B018F22-16C3-4FFE-8320-6DD4E353B324}.Tools|Any CPU.Build.0 = Tools|Any CPU
		{0B018F22-16C3-4FFE-8320-6DD4E353B324}.Tools|Mixed Platforms.ActiveCfg = Tools|Any CPU
		{0B018F22-16C3-4FFE-8320-6DD4E353B324}.Tools|Mixed Platforms.Build.0 = Tools|Any CPU
		{0B018F22-16C3-4FFE-8320-6DD4E353B324}.Tools|x86.ActiveCfg = Tools|Any CPU
		{0B018F22-16C3-4FFE-8320-6DD4E353B324}.TVSS1|Any CPU.ActiveCfg = Staging|Any CPU
		{0B018F22-16C3-4FFE-8320-6DD4E353B324}.TVSS1|Any CPU.Build.0 = Staging|Any CPU
		{0B018F22-16C3-4FFE-8320-6DD4E353B324}.TVSS1|Mixed Platforms.ActiveCfg = Staging|Any CPU
		{0B018F22-16C3-4FFE-8320-6DD4E353B324}.TVSS1|Mixed Platforms.Build.0 = Staging|Any CPU
		{0B018F22-16C3-4FFE-8320-6DD4E353B324}.TVSS1|x86.ActiveCfg = Staging|Any CPU
		{FD995B29-3DD6-447B-858C-0E976B832A9C}.Debug|Any CPU.ActiveCfg = Debug|Any CPU
		{FD995B29-3DD6-447B-858C-0E976B832A9C}.Debug|Any CPU.Build.0 = Debug|Any CPU
		{FD995B29-3DD6-447B-858C-0E976B832A9C}.Debug|Mixed Platforms.ActiveCfg = Debug|Any CPU
		{FD995B29-3DD6-447B-858C-0E976B832A9C}.Debug|Mixed Platforms.Build.0 = Debug|Any CPU
		{FD995B29-3DD6-447B-858C-0E976B832A9C}.Debug|x86.ActiveCfg = Debug|Any CPU
		{FD995B29-3DD6-447B-858C-0E976B832A9C}.DebugTest|Any CPU.ActiveCfg = Debug|Any CPU
		{FD995B29-3DD6-447B-858C-0E976B832A9C}.DebugTest|Any CPU.Build.0 = Debug|Any CPU
		{FD995B29-3DD6-447B-858C-0E976B832A9C}.DebugTest|Mixed Platforms.ActiveCfg = Debug|Any CPU
		{FD995B29-3DD6-447B-858C-0E976B832A9C}.DebugTest|Mixed Platforms.Build.0 = Debug|Any CPU
		{FD995B29-3DD6-447B-858C-0E976B832A9C}.DebugTest|x86.ActiveCfg = Debug|Any CPU
		{FD995B29-3DD6-447B-858C-0E976B832A9C}.demo|Any CPU.ActiveCfg = Debug|Any CPU
		{FD995B29-3DD6-447B-858C-0E976B832A9C}.demo|Any CPU.Build.0 = Debug|Any CPU
		{FD995B29-3DD6-447B-858C-0E976B832A9C}.demo|Mixed Platforms.ActiveCfg = Debug|Any CPU
		{FD995B29-3DD6-447B-858C-0E976B832A9C}.demo|Mixed Platforms.Build.0 = Debug|Any CPU
		{FD995B29-3DD6-447B-858C-0E976B832A9C}.demo|x86.ActiveCfg = Debug|Any CPU
		{FD995B29-3DD6-447B-858C-0E976B832A9C}.Development|Any CPU.ActiveCfg = Debug|Any CPU
		{FD995B29-3DD6-447B-858C-0E976B832A9C}.Development|Any CPU.Build.0 = Debug|Any CPU
		{FD995B29-3DD6-447B-858C-0E976B832A9C}.Development|Mixed Platforms.ActiveCfg = Debug|Any CPU
		{FD995B29-3DD6-447B-858C-0E976B832A9C}.Development|Mixed Platforms.Build.0 = Debug|Any CPU
		{FD995B29-3DD6-447B-858C-0E976B832A9C}.Development|x86.ActiveCfg = Debug|Any CPU
		{FD995B29-3DD6-447B-858C-0E976B832A9C}.DVSS1|Any CPU.ActiveCfg = Debug|Any CPU
		{FD995B29-3DD6-447B-858C-0E976B832A9C}.DVSS1|Any CPU.Build.0 = Debug|Any CPU
		{FD995B29-3DD6-447B-858C-0E976B832A9C}.DVSS1|Mixed Platforms.ActiveCfg = Debug|Any CPU
		{FD995B29-3DD6-447B-858C-0E976B832A9C}.DVSS1|Mixed Platforms.Build.0 = Debug|Any CPU
		{FD995B29-3DD6-447B-858C-0E976B832A9C}.DVSS1|x86.ActiveCfg = Debug|Any CPU
		{FD995B29-3DD6-447B-858C-0E976B832A9C}.Production|Any CPU.ActiveCfg = Release|Any CPU
		{FD995B29-3DD6-447B-858C-0E976B832A9C}.Production|Any CPU.Build.0 = Release|Any CPU
		{FD995B29-3DD6-447B-858C-0E976B832A9C}.Production|Mixed Platforms.ActiveCfg = Release|Any CPU
		{FD995B29-3DD6-447B-858C-0E976B832A9C}.Production|Mixed Platforms.Build.0 = Release|Any CPU
		{FD995B29-3DD6-447B-858C-0E976B832A9C}.Production|x86.ActiveCfg = Release|Any CPU
		{FD995B29-3DD6-447B-858C-0E976B832A9C}.Prototype|Any CPU.ActiveCfg = Release|Any CPU
		{FD995B29-3DD6-447B-858C-0E976B832A9C}.Prototype|Any CPU.Build.0 = Release|Any CPU
		{FD995B29-3DD6-447B-858C-0E976B832A9C}.Prototype|Mixed Platforms.ActiveCfg = Release|Any CPU
		{FD995B29-3DD6-447B-858C-0E976B832A9C}.Prototype|Mixed Platforms.Build.0 = Release|Any CPU
		{FD995B29-3DD6-447B-858C-0E976B832A9C}.Prototype|x86.ActiveCfg = Release|Any CPU
		{FD995B29-3DD6-447B-858C-0E976B832A9C}.Release|Any CPU.ActiveCfg = Release|Any CPU
		{FD995B29-3DD6-447B-858C-0E976B832A9C}.Release|Any CPU.Build.0 = Release|Any CPU
		{FD995B29-3DD6-447B-858C-0E976B832A9C}.Release|Mixed Platforms.ActiveCfg = Release|Any CPU
		{FD995B29-3DD6-447B-858C-0E976B832A9C}.Release|Mixed Platforms.Build.0 = Release|Any CPU
		{FD995B29-3DD6-447B-858C-0E976B832A9C}.Release|x86.ActiveCfg = Release|Any CPU
		{FD995B29-3DD6-447B-858C-0E976B832A9C}.Staging|Any CPU.ActiveCfg = Release|Any CPU
		{FD995B29-3DD6-447B-858C-0E976B832A9C}.Staging|Any CPU.Build.0 = Release|Any CPU
		{FD995B29-3DD6-447B-858C-0E976B832A9C}.Staging|Mixed Platforms.ActiveCfg = Release|Any CPU
		{FD995B29-3DD6-447B-858C-0E976B832A9C}.Staging|Mixed Platforms.Build.0 = Release|Any CPU
		{FD995B29-3DD6-447B-858C-0E976B832A9C}.Staging|x86.ActiveCfg = Release|Any CPU
		{FD995B29-3DD6-447B-858C-0E976B832A9C}.SVSS1|Any CPU.ActiveCfg = Release|Any CPU
		{FD995B29-3DD6-447B-858C-0E976B832A9C}.SVSS1|Any CPU.Build.0 = Release|Any CPU
		{FD995B29-3DD6-447B-858C-0E976B832A9C}.SVSS1|Mixed Platforms.ActiveCfg = Release|Any CPU
		{FD995B29-3DD6-447B-858C-0E976B832A9C}.SVSS1|Mixed Platforms.Build.0 = Release|Any CPU
		{FD995B29-3DD6-447B-858C-0E976B832A9C}.SVSS1|x86.ActiveCfg = Release|Any CPU
		{FD995B29-3DD6-447B-858C-0E976B832A9C}.Test|Any CPU.ActiveCfg = Release|Any CPU
		{FD995B29-3DD6-447B-858C-0E976B832A9C}.Test|Any CPU.Build.0 = Release|Any CPU
		{FD995B29-3DD6-447B-858C-0E976B832A9C}.Test|Mixed Platforms.ActiveCfg = Release|Any CPU
		{FD995B29-3DD6-447B-858C-0E976B832A9C}.Test|Mixed Platforms.Build.0 = Release|Any CPU
		{FD995B29-3DD6-447B-858C-0E976B832A9C}.Test|x86.ActiveCfg = Release|Any CPU
		{FD995B29-3DD6-447B-858C-0E976B832A9C}.Tools|Any CPU.ActiveCfg = Release|Any CPU
		{FD995B29-3DD6-447B-858C-0E976B832A9C}.Tools|Any CPU.Build.0 = Release|Any CPU
		{FD995B29-3DD6-447B-858C-0E976B832A9C}.Tools|Mixed Platforms.ActiveCfg = Release|Any CPU
		{FD995B29-3DD6-447B-858C-0E976B832A9C}.Tools|Mixed Platforms.Build.0 = Release|Any CPU
		{FD995B29-3DD6-447B-858C-0E976B832A9C}.Tools|x86.ActiveCfg = Release|Any CPU
		{FD995B29-3DD6-447B-858C-0E976B832A9C}.TVSS1|Any CPU.ActiveCfg = Release|Any CPU
		{FD995B29-3DD6-447B-858C-0E976B832A9C}.TVSS1|Any CPU.Build.0 = Release|Any CPU
		{FD995B29-3DD6-447B-858C-0E976B832A9C}.TVSS1|Mixed Platforms.ActiveCfg = Release|Any CPU
		{FD995B29-3DD6-447B-858C-0E976B832A9C}.TVSS1|Mixed Platforms.Build.0 = Release|Any CPU
		{FD995B29-3DD6-447B-858C-0E976B832A9C}.TVSS1|x86.ActiveCfg = Release|Any CPU
		{F841FCB7-7A0B-4C52-BC6B-133D13FD50CF}.Debug|Any CPU.ActiveCfg = Debug|Any CPU
		{F841FCB7-7A0B-4C52-BC6B-133D13FD50CF}.Debug|Any CPU.Build.0 = Debug|Any CPU
		{F841FCB7-7A0B-4C52-BC6B-133D13FD50CF}.Debug|Mixed Platforms.ActiveCfg = Debug|Any CPU
		{F841FCB7-7A0B-4C52-BC6B-133D13FD50CF}.Debug|Mixed Platforms.Build.0 = Debug|Any CPU
		{F841FCB7-7A0B-4C52-BC6B-133D13FD50CF}.Debug|x86.ActiveCfg = Debug|Any CPU
		{F841FCB7-7A0B-4C52-BC6B-133D13FD50CF}.DebugTest|Any CPU.ActiveCfg = DebugTest|Any CPU
		{F841FCB7-7A0B-4C52-BC6B-133D13FD50CF}.DebugTest|Any CPU.Build.0 = DebugTest|Any CPU
		{F841FCB7-7A0B-4C52-BC6B-133D13FD50CF}.DebugTest|Mixed Platforms.ActiveCfg = DebugTest|Any CPU
		{F841FCB7-7A0B-4C52-BC6B-133D13FD50CF}.DebugTest|Mixed Platforms.Build.0 = DebugTest|Any CPU
		{F841FCB7-7A0B-4C52-BC6B-133D13FD50CF}.DebugTest|x86.ActiveCfg = DebugTest|Any CPU
		{F841FCB7-7A0B-4C52-BC6B-133D13FD50CF}.demo|Any CPU.ActiveCfg = demo|Any CPU
		{F841FCB7-7A0B-4C52-BC6B-133D13FD50CF}.demo|Any CPU.Build.0 = demo|Any CPU
		{F841FCB7-7A0B-4C52-BC6B-133D13FD50CF}.demo|Mixed Platforms.ActiveCfg = demo|Any CPU
		{F841FCB7-7A0B-4C52-BC6B-133D13FD50CF}.demo|Mixed Platforms.Build.0 = demo|Any CPU
		{F841FCB7-7A0B-4C52-BC6B-133D13FD50CF}.demo|x86.ActiveCfg = demo|Any CPU
		{F841FCB7-7A0B-4C52-BC6B-133D13FD50CF}.Development|Any CPU.ActiveCfg = Debug|Any CPU
		{F841FCB7-7A0B-4C52-BC6B-133D13FD50CF}.Development|Any CPU.Build.0 = Debug|Any CPU
		{F841FCB7-7A0B-4C52-BC6B-133D13FD50CF}.Development|Mixed Platforms.ActiveCfg = Debug|Any CPU
		{F841FCB7-7A0B-4C52-BC6B-133D13FD50CF}.Development|Mixed Platforms.Build.0 = Debug|Any CPU
		{F841FCB7-7A0B-4C52-BC6B-133D13FD50CF}.Development|x86.ActiveCfg = Debug|Any CPU
		{F841FCB7-7A0B-4C52-BC6B-133D13FD50CF}.DVSS1|Any CPU.ActiveCfg = DVSS1|Any CPU
		{F841FCB7-7A0B-4C52-BC6B-133D13FD50CF}.DVSS1|Any CPU.Build.0 = DVSS1|Any CPU
		{F841FCB7-7A0B-4C52-BC6B-133D13FD50CF}.DVSS1|Mixed Platforms.ActiveCfg = DVSS1|Any CPU
		{F841FCB7-7A0B-4C52-BC6B-133D13FD50CF}.DVSS1|Mixed Platforms.Build.0 = DVSS1|Any CPU
		{F841FCB7-7A0B-4C52-BC6B-133D13FD50CF}.DVSS1|x86.ActiveCfg = DVSS1|Any CPU
		{F841FCB7-7A0B-4C52-BC6B-133D13FD50CF}.Production|Any CPU.ActiveCfg = Staging|Any CPU
		{F841FCB7-7A0B-4C52-BC6B-133D13FD50CF}.Production|Any CPU.Build.0 = Staging|Any CPU
		{F841FCB7-7A0B-4C52-BC6B-133D13FD50CF}.Production|Mixed Platforms.ActiveCfg = Staging|Any CPU
		{F841FCB7-7A0B-4C52-BC6B-133D13FD50CF}.Production|Mixed Platforms.Build.0 = Staging|Any CPU
		{F841FCB7-7A0B-4C52-BC6B-133D13FD50CF}.Production|x86.ActiveCfg = Staging|Any CPU
		{F841FCB7-7A0B-4C52-BC6B-133D13FD50CF}.Prototype|Any CPU.ActiveCfg = Prototype|Any CPU
		{F841FCB7-7A0B-4C52-BC6B-133D13FD50CF}.Prototype|Any CPU.Build.0 = Prototype|Any CPU
		{F841FCB7-7A0B-4C52-BC6B-133D13FD50CF}.Prototype|Mixed Platforms.ActiveCfg = Prototype|Any CPU
		{F841FCB7-7A0B-4C52-BC6B-133D13FD50CF}.Prototype|Mixed Platforms.Build.0 = Prototype|Any CPU
		{F841FCB7-7A0B-4C52-BC6B-133D13FD50CF}.Prototype|x86.ActiveCfg = Prototype|Any CPU
		{F841FCB7-7A0B-4C52-BC6B-133D13FD50CF}.Release|Any CPU.ActiveCfg = Release|Any CPU
		{F841FCB7-7A0B-4C52-BC6B-133D13FD50CF}.Release|Any CPU.Build.0 = Release|Any CPU
		{F841FCB7-7A0B-4C52-BC6B-133D13FD50CF}.Release|Mixed Platforms.ActiveCfg = Release|Any CPU
		{F841FCB7-7A0B-4C52-BC6B-133D13FD50CF}.Release|Mixed Platforms.Build.0 = Release|Any CPU
		{F841FCB7-7A0B-4C52-BC6B-133D13FD50CF}.Release|x86.ActiveCfg = Release|Any CPU
		{F841FCB7-7A0B-4C52-BC6B-133D13FD50CF}.Staging|Any CPU.ActiveCfg = Staging|Any CPU
		{F841FCB7-7A0B-4C52-BC6B-133D13FD50CF}.Staging|Any CPU.Build.0 = Staging|Any CPU
		{F841FCB7-7A0B-4C52-BC6B-133D13FD50CF}.Staging|Mixed Platforms.ActiveCfg = Staging|Any CPU
		{F841FCB7-7A0B-4C52-BC6B-133D13FD50CF}.Staging|Mixed Platforms.Build.0 = Staging|Any CPU
		{F841FCB7-7A0B-4C52-BC6B-133D13FD50CF}.Staging|x86.ActiveCfg = Staging|Any CPU
		{F841FCB7-7A0B-4C52-BC6B-133D13FD50CF}.SVSS1|Any CPU.ActiveCfg = SVSS1|Any CPU
		{F841FCB7-7A0B-4C52-BC6B-133D13FD50CF}.SVSS1|Any CPU.Build.0 = SVSS1|Any CPU
		{F841FCB7-7A0B-4C52-BC6B-133D13FD50CF}.SVSS1|Mixed Platforms.ActiveCfg = SVSS1|Any CPU
		{F841FCB7-7A0B-4C52-BC6B-133D13FD50CF}.SVSS1|Mixed Platforms.Build.0 = SVSS1|Any CPU
		{F841FCB7-7A0B-4C52-BC6B-133D13FD50CF}.SVSS1|x86.ActiveCfg = SVSS1|Any CPU
		{F841FCB7-7A0B-4C52-BC6B-133D13FD50CF}.Test|Any CPU.ActiveCfg = Staging|Any CPU
		{F841FCB7-7A0B-4C52-BC6B-133D13FD50CF}.Test|Any CPU.Build.0 = Staging|Any CPU
		{F841FCB7-7A0B-4C52-BC6B-133D13FD50CF}.Test|Mixed Platforms.ActiveCfg = Staging|Any CPU
		{F841FCB7-7A0B-4C52-BC6B-133D13FD50CF}.Test|Mixed Platforms.Build.0 = Staging|Any CPU
		{F841FCB7-7A0B-4C52-BC6B-133D13FD50CF}.Test|x86.ActiveCfg = Staging|Any CPU
		{F841FCB7-7A0B-4C52-BC6B-133D13FD50CF}.Tools|Any CPU.ActiveCfg = Tools|Any CPU
		{F841FCB7-7A0B-4C52-BC6B-133D13FD50CF}.Tools|Any CPU.Build.0 = Tools|Any CPU
		{F841FCB7-7A0B-4C52-BC6B-133D13FD50CF}.Tools|Mixed Platforms.ActiveCfg = Tools|Any CPU
		{F841FCB7-7A0B-4C52-BC6B-133D13FD50CF}.Tools|Mixed Platforms.Build.0 = Tools|Any CPU
		{F841FCB7-7A0B-4C52-BC6B-133D13FD50CF}.Tools|x86.ActiveCfg = Tools|Any CPU
		{F841FCB7-7A0B-4C52-BC6B-133D13FD50CF}.TVSS1|Any CPU.ActiveCfg = Staging|Any CPU
		{F841FCB7-7A0B-4C52-BC6B-133D13FD50CF}.TVSS1|Any CPU.Build.0 = Staging|Any CPU
		{F841FCB7-7A0B-4C52-BC6B-133D13FD50CF}.TVSS1|Mixed Platforms.ActiveCfg = Staging|Any CPU
		{F841FCB7-7A0B-4C52-BC6B-133D13FD50CF}.TVSS1|Mixed Platforms.Build.0 = Staging|Any CPU
		{F841FCB7-7A0B-4C52-BC6B-133D13FD50CF}.TVSS1|x86.ActiveCfg = Staging|Any CPU
		{663C4176-B137-4F7F-8691-57EC1DE7C495}.Debug|Any CPU.ActiveCfg = Debug|Any CPU
		{663C4176-B137-4F7F-8691-57EC1DE7C495}.Debug|Any CPU.Build.0 = Debug|Any CPU
		{663C4176-B137-4F7F-8691-57EC1DE7C495}.Debug|Mixed Platforms.ActiveCfg = Debug|Any CPU
		{663C4176-B137-4F7F-8691-57EC1DE7C495}.Debug|Mixed Platforms.Build.0 = Debug|Any CPU
		{663C4176-B137-4F7F-8691-57EC1DE7C495}.Debug|x86.ActiveCfg = Debug|Any CPU
		{663C4176-B137-4F7F-8691-57EC1DE7C495}.DebugTest|Any CPU.ActiveCfg = DebugTest|Any CPU
		{663C4176-B137-4F7F-8691-57EC1DE7C495}.DebugTest|Any CPU.Build.0 = DebugTest|Any CPU
		{663C4176-B137-4F7F-8691-57EC1DE7C495}.DebugTest|Mixed Platforms.ActiveCfg = DebugTest|Any CPU
		{663C4176-B137-4F7F-8691-57EC1DE7C495}.DebugTest|Mixed Platforms.Build.0 = DebugTest|Any CPU
		{663C4176-B137-4F7F-8691-57EC1DE7C495}.DebugTest|x86.ActiveCfg = DebugTest|Any CPU
		{663C4176-B137-4F7F-8691-57EC1DE7C495}.demo|Any CPU.ActiveCfg = DebugTest|Any CPU
		{663C4176-B137-4F7F-8691-57EC1DE7C495}.demo|Any CPU.Build.0 = DebugTest|Any CPU
		{663C4176-B137-4F7F-8691-57EC1DE7C495}.demo|Mixed Platforms.ActiveCfg = DebugTest|Any CPU
		{663C4176-B137-4F7F-8691-57EC1DE7C495}.demo|Mixed Platforms.Build.0 = DebugTest|Any CPU
		{663C4176-B137-4F7F-8691-57EC1DE7C495}.demo|x86.ActiveCfg = DebugTest|Any CPU
		{663C4176-B137-4F7F-8691-57EC1DE7C495}.Development|Any CPU.ActiveCfg = Debug|Any CPU
		{663C4176-B137-4F7F-8691-57EC1DE7C495}.Development|Any CPU.Build.0 = Debug|Any CPU
		{663C4176-B137-4F7F-8691-57EC1DE7C495}.Development|Mixed Platforms.ActiveCfg = Debug|Any CPU
		{663C4176-B137-4F7F-8691-57EC1DE7C495}.Development|Mixed Platforms.Build.0 = Debug|Any CPU
		{663C4176-B137-4F7F-8691-57EC1DE7C495}.Development|x86.ActiveCfg = Debug|Any CPU
		{663C4176-B137-4F7F-8691-57EC1DE7C495}.DVSS1|Any CPU.ActiveCfg = Debug|Any CPU
		{663C4176-B137-4F7F-8691-57EC1DE7C495}.DVSS1|Any CPU.Build.0 = Debug|Any CPU
		{663C4176-B137-4F7F-8691-57EC1DE7C495}.DVSS1|Mixed Platforms.ActiveCfg = Debug|Any CPU
		{663C4176-B137-4F7F-8691-57EC1DE7C495}.DVSS1|Mixed Platforms.Build.0 = Debug|Any CPU
		{663C4176-B137-4F7F-8691-57EC1DE7C495}.DVSS1|x86.ActiveCfg = Debug|Any CPU
		{663C4176-B137-4F7F-8691-57EC1DE7C495}.Production|Any CPU.ActiveCfg = Release|Any CPU
		{663C4176-B137-4F7F-8691-57EC1DE7C495}.Production|Any CPU.Build.0 = Release|Any CPU
		{663C4176-B137-4F7F-8691-57EC1DE7C495}.Production|Mixed Platforms.ActiveCfg = Release|Any CPU
		{663C4176-B137-4F7F-8691-57EC1DE7C495}.Production|Mixed Platforms.Build.0 = Release|Any CPU
		{663C4176-B137-4F7F-8691-57EC1DE7C495}.Production|x86.ActiveCfg = Release|Any CPU
		{663C4176-B137-4F7F-8691-57EC1DE7C495}.Prototype|Any CPU.ActiveCfg = Prototype|Any CPU
		{663C4176-B137-4F7F-8691-57EC1DE7C495}.Prototype|Any CPU.Build.0 = Prototype|Any CPU
		{663C4176-B137-4F7F-8691-57EC1DE7C495}.Prototype|Mixed Platforms.ActiveCfg = Prototype|Any CPU
		{663C4176-B137-4F7F-8691-57EC1DE7C495}.Prototype|Mixed Platforms.Build.0 = Prototype|Any CPU
		{663C4176-B137-4F7F-8691-57EC1DE7C495}.Prototype|x86.ActiveCfg = Prototype|Any CPU
		{663C4176-B137-4F7F-8691-57EC1DE7C495}.Release|Any CPU.ActiveCfg = Release|Any CPU
		{663C4176-B137-4F7F-8691-57EC1DE7C495}.Release|Any CPU.Build.0 = Release|Any CPU
		{663C4176-B137-4F7F-8691-57EC1DE7C495}.Release|Mixed Platforms.ActiveCfg = Release|Any CPU
		{663C4176-B137-4F7F-8691-57EC1DE7C495}.Release|Mixed Platforms.Build.0 = Release|Any CPU
		{663C4176-B137-4F7F-8691-57EC1DE7C495}.Release|x86.ActiveCfg = Release|Any CPU
		{663C4176-B137-4F7F-8691-57EC1DE7C495}.Staging|Any CPU.ActiveCfg = Release|Any CPU
		{663C4176-B137-4F7F-8691-57EC1DE7C495}.Staging|Any CPU.Build.0 = Release|Any CPU
		{663C4176-B137-4F7F-8691-57EC1DE7C495}.Staging|Mixed Platforms.ActiveCfg = Release|Any CPU
		{663C4176-B137-4F7F-8691-57EC1DE7C495}.Staging|Mixed Platforms.Build.0 = Release|Any CPU
		{663C4176-B137-4F7F-8691-57EC1DE7C495}.Staging|x86.ActiveCfg = Release|Any CPU
		{663C4176-B137-4F7F-8691-57EC1DE7C495}.SVSS1|Any CPU.ActiveCfg = Release|Any CPU
		{663C4176-B137-4F7F-8691-57EC1DE7C495}.SVSS1|Any CPU.Build.0 = Release|Any CPU
		{663C4176-B137-4F7F-8691-57EC1DE7C495}.SVSS1|Mixed Platforms.ActiveCfg = Release|Any CPU
		{663C4176-B137-4F7F-8691-57EC1DE7C495}.SVSS1|Mixed Platforms.Build.0 = Release|Any CPU
		{663C4176-B137-4F7F-8691-57EC1DE7C495}.SVSS1|x86.ActiveCfg = Release|Any CPU
		{663C4176-B137-4F7F-8691-57EC1DE7C495}.Test|Any CPU.ActiveCfg = Release|Any CPU
		{663C4176-B137-4F7F-8691-57EC1DE7C495}.Test|Any CPU.Build.0 = Release|Any CPU
		{663C4176-B137-4F7F-8691-57EC1DE7C495}.Test|Mixed Platforms.ActiveCfg = Release|Any CPU
		{663C4176-B137-4F7F-8691-57EC1DE7C495}.Test|Mixed Platforms.Build.0 = Release|Any CPU
		{663C4176-B137-4F7F-8691-57EC1DE7C495}.Test|x86.ActiveCfg = Release|Any CPU
		{663C4176-B137-4F7F-8691-57EC1DE7C495}.Tools|Any CPU.ActiveCfg = Tools|Any CPU
		{663C4176-B137-4F7F-8691-57EC1DE7C495}.Tools|Any CPU.Build.0 = Tools|Any CPU
		{663C4176-B137-4F7F-8691-57EC1DE7C495}.Tools|Mixed Platforms.ActiveCfg = Tools|Any CPU
		{663C4176-B137-4F7F-8691-57EC1DE7C495}.Tools|Mixed Platforms.Build.0 = Tools|Any CPU
		{663C4176-B137-4F7F-8691-57EC1DE7C495}.Tools|x86.ActiveCfg = Tools|Any CPU
		{663C4176-B137-4F7F-8691-57EC1DE7C495}.TVSS1|Any CPU.ActiveCfg = Release|Any CPU
		{663C4176-B137-4F7F-8691-57EC1DE7C495}.TVSS1|Any CPU.Build.0 = Release|Any CPU
		{663C4176-B137-4F7F-8691-57EC1DE7C495}.TVSS1|Mixed Platforms.ActiveCfg = Release|Any CPU
		{663C4176-B137-4F7F-8691-57EC1DE7C495}.TVSS1|Mixed Platforms.Build.0 = Release|Any CPU
		{663C4176-B137-4F7F-8691-57EC1DE7C495}.TVSS1|x86.ActiveCfg = Release|Any CPU
		{E918E4F5-F89D-4E1E-806A-D7047A95D653}.Debug|Any CPU.ActiveCfg = Debug|Any CPU
		{E918E4F5-F89D-4E1E-806A-D7047A95D653}.Debug|Any CPU.Build.0 = Debug|Any CPU
		{E918E4F5-F89D-4E1E-806A-D7047A95D653}.Debug|Mixed Platforms.ActiveCfg = Debug|Any CPU
		{E918E4F5-F89D-4E1E-806A-D7047A95D653}.Debug|Mixed Platforms.Build.0 = Debug|Any CPU
		{E918E4F5-F89D-4E1E-806A-D7047A95D653}.Debug|x86.ActiveCfg = Debug|Any CPU
		{E918E4F5-F89D-4E1E-806A-D7047A95D653}.DebugTest|Any CPU.ActiveCfg = DebugTest|Any CPU
		{E918E4F5-F89D-4E1E-806A-D7047A95D653}.DebugTest|Any CPU.Build.0 = DebugTest|Any CPU
		{E918E4F5-F89D-4E1E-806A-D7047A95D653}.DebugTest|Mixed Platforms.ActiveCfg = DebugTest|Any CPU
		{E918E4F5-F89D-4E1E-806A-D7047A95D653}.DebugTest|Mixed Platforms.Build.0 = DebugTest|Any CPU
		{E918E4F5-F89D-4E1E-806A-D7047A95D653}.DebugTest|x86.ActiveCfg = DebugTest|Any CPU
		{E918E4F5-F89D-4E1E-806A-D7047A95D653}.demo|Any CPU.ActiveCfg = demo|Any CPU
		{E918E4F5-F89D-4E1E-806A-D7047A95D653}.demo|Any CPU.Build.0 = demo|Any CPU
		{E918E4F5-F89D-4E1E-806A-D7047A95D653}.demo|Mixed Platforms.ActiveCfg = demo|Any CPU
		{E918E4F5-F89D-4E1E-806A-D7047A95D653}.demo|Mixed Platforms.Build.0 = demo|Any CPU
		{E918E4F5-F89D-4E1E-806A-D7047A95D653}.demo|x86.ActiveCfg = demo|Any CPU
		{E918E4F5-F89D-4E1E-806A-D7047A95D653}.Development|Any CPU.ActiveCfg = DebugTest|Any CPU
		{E918E4F5-F89D-4E1E-806A-D7047A95D653}.Development|Any CPU.Build.0 = DebugTest|Any CPU
		{E918E4F5-F89D-4E1E-806A-D7047A95D653}.Development|Mixed Platforms.ActiveCfg = DebugTest|Any CPU
		{E918E4F5-F89D-4E1E-806A-D7047A95D653}.Development|Mixed Platforms.Build.0 = DebugTest|Any CPU
		{E918E4F5-F89D-4E1E-806A-D7047A95D653}.Development|x86.ActiveCfg = DebugTest|Any CPU
		{E918E4F5-F89D-4E1E-806A-D7047A95D653}.DVSS1|Any CPU.ActiveCfg = DebugTest|Any CPU
		{E918E4F5-F89D-4E1E-806A-D7047A95D653}.DVSS1|Any CPU.Build.0 = DebugTest|Any CPU
		{E918E4F5-F89D-4E1E-806A-D7047A95D653}.DVSS1|Mixed Platforms.ActiveCfg = DebugTest|Any CPU
		{E918E4F5-F89D-4E1E-806A-D7047A95D653}.DVSS1|Mixed Platforms.Build.0 = DebugTest|Any CPU
		{E918E4F5-F89D-4E1E-806A-D7047A95D653}.DVSS1|x86.ActiveCfg = DebugTest|Any CPU
		{E918E4F5-F89D-4E1E-806A-D7047A95D653}.Production|Any CPU.ActiveCfg = Prototype|Any CPU
		{E918E4F5-F89D-4E1E-806A-D7047A95D653}.Production|Any CPU.Build.0 = Prototype|Any CPU
		{E918E4F5-F89D-4E1E-806A-D7047A95D653}.Production|Mixed Platforms.ActiveCfg = Prototype|Any CPU
		{E918E4F5-F89D-4E1E-806A-D7047A95D653}.Production|Mixed Platforms.Build.0 = Prototype|Any CPU
		{E918E4F5-F89D-4E1E-806A-D7047A95D653}.Production|x86.ActiveCfg = Prototype|Any CPU
		{E918E4F5-F89D-4E1E-806A-D7047A95D653}.Prototype|Any CPU.ActiveCfg = Prototype|Any CPU
		{E918E4F5-F89D-4E1E-806A-D7047A95D653}.Prototype|Any CPU.Build.0 = Prototype|Any CPU
		{E918E4F5-F89D-4E1E-806A-D7047A95D653}.Prototype|Mixed Platforms.ActiveCfg = Prototype|Any CPU
		{E918E4F5-F89D-4E1E-806A-D7047A95D653}.Prototype|Mixed Platforms.Build.0 = Prototype|Any CPU
		{E918E4F5-F89D-4E1E-806A-D7047A95D653}.Prototype|x86.ActiveCfg = Prototype|Any CPU
		{E918E4F5-F89D-4E1E-806A-D7047A95D653}.Release|Any CPU.ActiveCfg = Release|Any CPU
		{E918E4F5-F89D-4E1E-806A-D7047A95D653}.Release|Any CPU.Build.0 = Release|Any CPU
		{E918E4F5-F89D-4E1E-806A-D7047A95D653}.Release|Mixed Platforms.ActiveCfg = Release|Any CPU
		{E918E4F5-F89D-4E1E-806A-D7047A95D653}.Release|Mixed Platforms.Build.0 = Release|Any CPU
		{E918E4F5-F89D-4E1E-806A-D7047A95D653}.Release|x86.ActiveCfg = Release|Any CPU
		{E918E4F5-F89D-4E1E-806A-D7047A95D653}.Staging|Any CPU.ActiveCfg = DebugTest|Any CPU
		{E918E4F5-F89D-4E1E-806A-D7047A95D653}.Staging|Any CPU.Build.0 = DebugTest|Any CPU
		{E918E4F5-F89D-4E1E-806A-D7047A95D653}.Staging|Mixed Platforms.ActiveCfg = DebugTest|Any CPU
		{E918E4F5-F89D-4E1E-806A-D7047A95D653}.Staging|Mixed Platforms.Build.0 = DebugTest|Any CPU
		{E918E4F5-F89D-4E1E-806A-D7047A95D653}.Staging|x86.ActiveCfg = DebugTest|Any CPU
		{E918E4F5-F89D-4E1E-806A-D7047A95D653}.SVSS1|Any CPU.ActiveCfg = DebugTest|Any CPU
		{E918E4F5-F89D-4E1E-806A-D7047A95D653}.SVSS1|Any CPU.Build.0 = DebugTest|Any CPU
		{E918E4F5-F89D-4E1E-806A-D7047A95D653}.SVSS1|Mixed Platforms.ActiveCfg = DebugTest|Any CPU
		{E918E4F5-F89D-4E1E-806A-D7047A95D653}.SVSS1|Mixed Platforms.Build.0 = DebugTest|Any CPU
		{E918E4F5-F89D-4E1E-806A-D7047A95D653}.SVSS1|x86.ActiveCfg = DebugTest|Any CPU
		{E918E4F5-F89D-4E1E-806A-D7047A95D653}.Test|Any CPU.ActiveCfg = DebugTest|Any CPU
		{E918E4F5-F89D-4E1E-806A-D7047A95D653}.Test|Any CPU.Build.0 = DebugTest|Any CPU
		{E918E4F5-F89D-4E1E-806A-D7047A95D653}.Test|Mixed Platforms.ActiveCfg = Tools|Any CPU
		{E918E4F5-F89D-4E1E-806A-D7047A95D653}.Test|Mixed Platforms.Build.0 = Tools|Any CPU
		{E918E4F5-F89D-4E1E-806A-D7047A95D653}.Test|x86.ActiveCfg = Tools|Any CPU
		{E918E4F5-F89D-4E1E-806A-D7047A95D653}.Tools|Any CPU.ActiveCfg = Tools|Any CPU
		{E918E4F5-F89D-4E1E-806A-D7047A95D653}.Tools|Any CPU.Build.0 = Tools|Any CPU
		{E918E4F5-F89D-4E1E-806A-D7047A95D653}.Tools|Mixed Platforms.ActiveCfg = Tools|Any CPU
		{E918E4F5-F89D-4E1E-806A-D7047A95D653}.Tools|Mixed Platforms.Build.0 = Tools|Any CPU
		{E918E4F5-F89D-4E1E-806A-D7047A95D653}.Tools|x86.ActiveCfg = Tools|Any CPU
		{E918E4F5-F89D-4E1E-806A-D7047A95D653}.TVSS1|Any CPU.ActiveCfg = Tools|Any CPU
		{E918E4F5-F89D-4E1E-806A-D7047A95D653}.TVSS1|Any CPU.Build.0 = Tools|Any CPU
		{E918E4F5-F89D-4E1E-806A-D7047A95D653}.TVSS1|Mixed Platforms.ActiveCfg = Tools|Any CPU
		{E918E4F5-F89D-4E1E-806A-D7047A95D653}.TVSS1|Mixed Platforms.Build.0 = Tools|Any CPU
		{E918E4F5-F89D-4E1E-806A-D7047A95D653}.TVSS1|x86.ActiveCfg = Tools|Any CPU
		{B6F57A44-A145-4544-9700-DC44790EE7F7}.Debug|Any CPU.ActiveCfg = Debug|Any CPU
		{B6F57A44-A145-4544-9700-DC44790EE7F7}.Debug|Any CPU.Build.0 = Debug|Any CPU
		{B6F57A44-A145-4544-9700-DC44790EE7F7}.Debug|Mixed Platforms.ActiveCfg = Debug|Any CPU
		{B6F57A44-A145-4544-9700-DC44790EE7F7}.Debug|Mixed Platforms.Build.0 = Debug|Any CPU
		{B6F57A44-A145-4544-9700-DC44790EE7F7}.Debug|x86.ActiveCfg = Debug|Any CPU
		{B6F57A44-A145-4544-9700-DC44790EE7F7}.DebugTest|Any CPU.ActiveCfg = DebugTest|Any CPU
		{B6F57A44-A145-4544-9700-DC44790EE7F7}.DebugTest|Any CPU.Build.0 = DebugTest|Any CPU
		{B6F57A44-A145-4544-9700-DC44790EE7F7}.DebugTest|Mixed Platforms.ActiveCfg = DebugTest|Any CPU
		{B6F57A44-A145-4544-9700-DC44790EE7F7}.DebugTest|Mixed Platforms.Build.0 = DebugTest|Any CPU
		{B6F57A44-A145-4544-9700-DC44790EE7F7}.DebugTest|x86.ActiveCfg = DebugTest|Any CPU
		{B6F57A44-A145-4544-9700-DC44790EE7F7}.demo|Any CPU.ActiveCfg = DebugTest|Any CPU
		{B6F57A44-A145-4544-9700-DC44790EE7F7}.demo|Any CPU.Build.0 = DebugTest|Any CPU
		{B6F57A44-A145-4544-9700-DC44790EE7F7}.demo|Mixed Platforms.ActiveCfg = DebugTest|Any CPU
		{B6F57A44-A145-4544-9700-DC44790EE7F7}.demo|Mixed Platforms.Build.0 = DebugTest|Any CPU
		{B6F57A44-A145-4544-9700-DC44790EE7F7}.demo|x86.ActiveCfg = DebugTest|Any CPU
		{B6F57A44-A145-4544-9700-DC44790EE7F7}.Development|Any CPU.ActiveCfg = DebugTest|Any CPU
		{B6F57A44-A145-4544-9700-DC44790EE7F7}.Development|Any CPU.Build.0 = DebugTest|Any CPU
		{B6F57A44-A145-4544-9700-DC44790EE7F7}.Development|Mixed Platforms.ActiveCfg = DebugTest|Any CPU
		{B6F57A44-A145-4544-9700-DC44790EE7F7}.Development|Mixed Platforms.Build.0 = DebugTest|Any CPU
		{B6F57A44-A145-4544-9700-DC44790EE7F7}.Development|x86.ActiveCfg = DebugTest|Any CPU
		{B6F57A44-A145-4544-9700-DC44790EE7F7}.DVSS1|Any CPU.ActiveCfg = DebugTest|Any CPU
		{B6F57A44-A145-4544-9700-DC44790EE7F7}.DVSS1|Any CPU.Build.0 = DebugTest|Any CPU
		{B6F57A44-A145-4544-9700-DC44790EE7F7}.DVSS1|Mixed Platforms.ActiveCfg = DebugTest|Any CPU
		{B6F57A44-A145-4544-9700-DC44790EE7F7}.DVSS1|Mixed Platforms.Build.0 = DebugTest|Any CPU
		{B6F57A44-A145-4544-9700-DC44790EE7F7}.DVSS1|x86.ActiveCfg = DebugTest|Any CPU
		{B6F57A44-A145-4544-9700-DC44790EE7F7}.Production|Any CPU.ActiveCfg = Prototype|Any CPU
		{B6F57A44-A145-4544-9700-DC44790EE7F7}.Production|Any CPU.Build.0 = Prototype|Any CPU
		{B6F57A44-A145-4544-9700-DC44790EE7F7}.Production|Mixed Platforms.ActiveCfg = Prototype|Any CPU
		{B6F57A44-A145-4544-9700-DC44790EE7F7}.Production|Mixed Platforms.Build.0 = Prototype|Any CPU
		{B6F57A44-A145-4544-9700-DC44790EE7F7}.Production|x86.ActiveCfg = Prototype|Any CPU
		{B6F57A44-A145-4544-9700-DC44790EE7F7}.Prototype|Any CPU.ActiveCfg = Prototype|Any CPU
		{B6F57A44-A145-4544-9700-DC44790EE7F7}.Prototype|Any CPU.Build.0 = Prototype|Any CPU
		{B6F57A44-A145-4544-9700-DC44790EE7F7}.Prototype|Mixed Platforms.ActiveCfg = Prototype|Any CPU
		{B6F57A44-A145-4544-9700-DC44790EE7F7}.Prototype|Mixed Platforms.Build.0 = Prototype|Any CPU
		{B6F57A44-A145-4544-9700-DC44790EE7F7}.Prototype|x86.ActiveCfg = Prototype|Any CPU
		{B6F57A44-A145-4544-9700-DC44790EE7F7}.Release|Any CPU.ActiveCfg = Release|Any CPU
		{B6F57A44-A145-4544-9700-DC44790EE7F7}.Release|Any CPU.Build.0 = Release|Any CPU
		{B6F57A44-A145-4544-9700-DC44790EE7F7}.Release|Mixed Platforms.ActiveCfg = Release|Any CPU
		{B6F57A44-A145-4544-9700-DC44790EE7F7}.Release|Mixed Platforms.Build.0 = Release|Any CPU
		{B6F57A44-A145-4544-9700-DC44790EE7F7}.Release|x86.ActiveCfg = Release|Any CPU
		{B6F57A44-A145-4544-9700-DC44790EE7F7}.Staging|Any CPU.ActiveCfg = DebugTest|Any CPU
		{B6F57A44-A145-4544-9700-DC44790EE7F7}.Staging|Any CPU.Build.0 = DebugTest|Any CPU
		{B6F57A44-A145-4544-9700-DC44790EE7F7}.Staging|Mixed Platforms.ActiveCfg = DebugTest|Any CPU
		{B6F57A44-A145-4544-9700-DC44790EE7F7}.Staging|Mixed Platforms.Build.0 = DebugTest|Any CPU
		{B6F57A44-A145-4544-9700-DC44790EE7F7}.Staging|x86.ActiveCfg = DebugTest|Any CPU
		{B6F57A44-A145-4544-9700-DC44790EE7F7}.SVSS1|Any CPU.ActiveCfg = DebugTest|Any CPU
		{B6F57A44-A145-4544-9700-DC44790EE7F7}.SVSS1|Any CPU.Build.0 = DebugTest|Any CPU
		{B6F57A44-A145-4544-9700-DC44790EE7F7}.SVSS1|Mixed Platforms.ActiveCfg = DebugTest|Any CPU
		{B6F57A44-A145-4544-9700-DC44790EE7F7}.SVSS1|Mixed Platforms.Build.0 = DebugTest|Any CPU
		{B6F57A44-A145-4544-9700-DC44790EE7F7}.SVSS1|x86.ActiveCfg = DebugTest|Any CPU
		{B6F57A44-A145-4544-9700-DC44790EE7F7}.Test|Any CPU.ActiveCfg = DebugTest|Any CPU
		{B6F57A44-A145-4544-9700-DC44790EE7F7}.Test|Any CPU.Build.0 = DebugTest|Any CPU
		{B6F57A44-A145-4544-9700-DC44790EE7F7}.Test|Mixed Platforms.ActiveCfg = Tools|Any CPU
		{B6F57A44-A145-4544-9700-DC44790EE7F7}.Test|Mixed Platforms.Build.0 = Tools|Any CPU
		{B6F57A44-A145-4544-9700-DC44790EE7F7}.Test|x86.ActiveCfg = Tools|Any CPU
		{B6F57A44-A145-4544-9700-DC44790EE7F7}.Tools|Any CPU.ActiveCfg = Tools|Any CPU
		{B6F57A44-A145-4544-9700-DC44790EE7F7}.Tools|Any CPU.Build.0 = Tools|Any CPU
		{B6F57A44-A145-4544-9700-DC44790EE7F7}.Tools|Mixed Platforms.ActiveCfg = Tools|Any CPU
		{B6F57A44-A145-4544-9700-DC44790EE7F7}.Tools|Mixed Platforms.Build.0 = Tools|Any CPU
		{B6F57A44-A145-4544-9700-DC44790EE7F7}.Tools|x86.ActiveCfg = Tools|Any CPU
		{B6F57A44-A145-4544-9700-DC44790EE7F7}.TVSS1|Any CPU.ActiveCfg = Tools|Any CPU
		{B6F57A44-A145-4544-9700-DC44790EE7F7}.TVSS1|Any CPU.Build.0 = Tools|Any CPU
		{B6F57A44-A145-4544-9700-DC44790EE7F7}.TVSS1|Mixed Platforms.ActiveCfg = Tools|Any CPU
		{B6F57A44-A145-4544-9700-DC44790EE7F7}.TVSS1|Mixed Platforms.Build.0 = Tools|Any CPU
		{B6F57A44-A145-4544-9700-DC44790EE7F7}.TVSS1|x86.ActiveCfg = Tools|Any CPU
		{36F35BA7-5F45-432C-99C6-5FB1989B59E6}.Debug|Any CPU.ActiveCfg = Debug|Any CPU
		{36F35BA7-5F45-432C-99C6-5FB1989B59E6}.Debug|Any CPU.Build.0 = Debug|Any CPU
		{36F35BA7-5F45-432C-99C6-5FB1989B59E6}.Debug|Mixed Platforms.ActiveCfg = Debug|Any CPU
		{36F35BA7-5F45-432C-99C6-5FB1989B59E6}.Debug|Mixed Platforms.Build.0 = Debug|Any CPU
		{36F35BA7-5F45-432C-99C6-5FB1989B59E6}.Debug|x86.ActiveCfg = Debug|Any CPU
		{36F35BA7-5F45-432C-99C6-5FB1989B59E6}.DebugTest|Any CPU.ActiveCfg = DebugTest|Any CPU
		{36F35BA7-5F45-432C-99C6-5FB1989B59E6}.DebugTest|Any CPU.Build.0 = DebugTest|Any CPU
		{36F35BA7-5F45-432C-99C6-5FB1989B59E6}.DebugTest|Mixed Platforms.ActiveCfg = DebugTest|Any CPU
		{36F35BA7-5F45-432C-99C6-5FB1989B59E6}.DebugTest|Mixed Platforms.Build.0 = DebugTest|Any CPU
		{36F35BA7-5F45-432C-99C6-5FB1989B59E6}.DebugTest|x86.ActiveCfg = DebugTest|Any CPU
		{36F35BA7-5F45-432C-99C6-5FB1989B59E6}.demo|Any CPU.ActiveCfg = demo|Any CPU
		{36F35BA7-5F45-432C-99C6-5FB1989B59E6}.demo|Any CPU.Build.0 = demo|Any CPU
		{36F35BA7-5F45-432C-99C6-5FB1989B59E6}.demo|Mixed Platforms.ActiveCfg = demo|Any CPU
		{36F35BA7-5F45-432C-99C6-5FB1989B59E6}.demo|Mixed Platforms.Build.0 = demo|Any CPU
		{36F35BA7-5F45-432C-99C6-5FB1989B59E6}.demo|x86.ActiveCfg = demo|Any CPU
		{36F35BA7-5F45-432C-99C6-5FB1989B59E6}.Development|Any CPU.ActiveCfg = DebugTest|Any CPU
		{36F35BA7-5F45-432C-99C6-5FB1989B59E6}.Development|Any CPU.Build.0 = DebugTest|Any CPU
		{36F35BA7-5F45-432C-99C6-5FB1989B59E6}.Development|Mixed Platforms.ActiveCfg = DebugTest|Any CPU
		{36F35BA7-5F45-432C-99C6-5FB1989B59E6}.Development|Mixed Platforms.Build.0 = DebugTest|Any CPU
		{36F35BA7-5F45-432C-99C6-5FB1989B59E6}.Development|x86.ActiveCfg = DebugTest|Any CPU
		{36F35BA7-5F45-432C-99C6-5FB1989B59E6}.DVSS1|Any CPU.ActiveCfg = DebugTest|Any CPU
		{36F35BA7-5F45-432C-99C6-5FB1989B59E6}.DVSS1|Any CPU.Build.0 = DebugTest|Any CPU
		{36F35BA7-5F45-432C-99C6-5FB1989B59E6}.DVSS1|Mixed Platforms.ActiveCfg = DebugTest|Any CPU
		{36F35BA7-5F45-432C-99C6-5FB1989B59E6}.DVSS1|Mixed Platforms.Build.0 = DebugTest|Any CPU
		{36F35BA7-5F45-432C-99C6-5FB1989B59E6}.DVSS1|x86.ActiveCfg = DebugTest|Any CPU
		{36F35BA7-5F45-432C-99C6-5FB1989B59E6}.Production|Any CPU.ActiveCfg = Prototype|Any CPU
		{36F35BA7-5F45-432C-99C6-5FB1989B59E6}.Production|Any CPU.Build.0 = Prototype|Any CPU
		{36F35BA7-5F45-432C-99C6-5FB1989B59E6}.Production|Mixed Platforms.ActiveCfg = Prototype|Any CPU
		{36F35BA7-5F45-432C-99C6-5FB1989B59E6}.Production|Mixed Platforms.Build.0 = Prototype|Any CPU
		{36F35BA7-5F45-432C-99C6-5FB1989B59E6}.Production|x86.ActiveCfg = Prototype|Any CPU
		{36F35BA7-5F45-432C-99C6-5FB1989B59E6}.Prototype|Any CPU.ActiveCfg = Prototype|Any CPU
		{36F35BA7-5F45-432C-99C6-5FB1989B59E6}.Prototype|Any CPU.Build.0 = Prototype|Any CPU
		{36F35BA7-5F45-432C-99C6-5FB1989B59E6}.Prototype|Mixed Platforms.ActiveCfg = Prototype|Any CPU
		{36F35BA7-5F45-432C-99C6-5FB1989B59E6}.Prototype|Mixed Platforms.Build.0 = Prototype|Any CPU
		{36F35BA7-5F45-432C-99C6-5FB1989B59E6}.Prototype|x86.ActiveCfg = Prototype|Any CPU
		{36F35BA7-5F45-432C-99C6-5FB1989B59E6}.Release|Any CPU.ActiveCfg = Release|Any CPU
		{36F35BA7-5F45-432C-99C6-5FB1989B59E6}.Release|Any CPU.Build.0 = Release|Any CPU
		{36F35BA7-5F45-432C-99C6-5FB1989B59E6}.Release|Mixed Platforms.ActiveCfg = Release|Any CPU
		{36F35BA7-5F45-432C-99C6-5FB1989B59E6}.Release|Mixed Platforms.Build.0 = Release|Any CPU
		{36F35BA7-5F45-432C-99C6-5FB1989B59E6}.Release|x86.ActiveCfg = Release|Any CPU
		{36F35BA7-5F45-432C-99C6-5FB1989B59E6}.Staging|Any CPU.ActiveCfg = DebugTest|Any CPU
		{36F35BA7-5F45-432C-99C6-5FB1989B59E6}.Staging|Any CPU.Build.0 = DebugTest|Any CPU
		{36F35BA7-5F45-432C-99C6-5FB1989B59E6}.Staging|Mixed Platforms.ActiveCfg = DebugTest|Any CPU
		{36F35BA7-5F45-432C-99C6-5FB1989B59E6}.Staging|Mixed Platforms.Build.0 = DebugTest|Any CPU
		{36F35BA7-5F45-432C-99C6-5FB1989B59E6}.Staging|x86.ActiveCfg = DebugTest|Any CPU
		{36F35BA7-5F45-432C-99C6-5FB1989B59E6}.SVSS1|Any CPU.ActiveCfg = DebugTest|Any CPU
		{36F35BA7-5F45-432C-99C6-5FB1989B59E6}.SVSS1|Any CPU.Build.0 = DebugTest|Any CPU
		{36F35BA7-5F45-432C-99C6-5FB1989B59E6}.SVSS1|Mixed Platforms.ActiveCfg = DebugTest|Any CPU
		{36F35BA7-5F45-432C-99C6-5FB1989B59E6}.SVSS1|Mixed Platforms.Build.0 = DebugTest|Any CPU
		{36F35BA7-5F45-432C-99C6-5FB1989B59E6}.SVSS1|x86.ActiveCfg = DebugTest|Any CPU
		{36F35BA7-5F45-432C-99C6-5FB1989B59E6}.Test|Any CPU.ActiveCfg = DebugTest|Any CPU
		{36F35BA7-5F45-432C-99C6-5FB1989B59E6}.Test|Any CPU.Build.0 = DebugTest|Any CPU
		{36F35BA7-5F45-432C-99C6-5FB1989B59E6}.Test|Mixed Platforms.ActiveCfg = Tools|Any CPU
		{36F35BA7-5F45-432C-99C6-5FB1989B59E6}.Test|Mixed Platforms.Build.0 = Tools|Any CPU
		{36F35BA7-5F45-432C-99C6-5FB1989B59E6}.Test|x86.ActiveCfg = Tools|Any CPU
		{36F35BA7-5F45-432C-99C6-5FB1989B59E6}.Tools|Any CPU.ActiveCfg = Tools|Any CPU
		{36F35BA7-5F45-432C-99C6-5FB1989B59E6}.Tools|Any CPU.Build.0 = Tools|Any CPU
		{36F35BA7-5F45-432C-99C6-5FB1989B59E6}.Tools|Mixed Platforms.ActiveCfg = Tools|Any CPU
		{36F35BA7-5F45-432C-99C6-5FB1989B59E6}.Tools|Mixed Platforms.Build.0 = Tools|Any CPU
		{36F35BA7-5F45-432C-99C6-5FB1989B59E6}.Tools|x86.ActiveCfg = Tools|Any CPU
		{36F35BA7-5F45-432C-99C6-5FB1989B59E6}.TVSS1|Any CPU.ActiveCfg = Tools|Any CPU
		{36F35BA7-5F45-432C-99C6-5FB1989B59E6}.TVSS1|Any CPU.Build.0 = Tools|Any CPU
		{36F35BA7-5F45-432C-99C6-5FB1989B59E6}.TVSS1|Mixed Platforms.ActiveCfg = Tools|Any CPU
		{36F35BA7-5F45-432C-99C6-5FB1989B59E6}.TVSS1|Mixed Platforms.Build.0 = Tools|Any CPU
		{36F35BA7-5F45-432C-99C6-5FB1989B59E6}.TVSS1|x86.ActiveCfg = Tools|Any CPU
		{2819982F-3116-4728-98A9-3B1E0C8384FE}.Debug|Any CPU.ActiveCfg = Debug|Any CPU
		{2819982F-3116-4728-98A9-3B1E0C8384FE}.Debug|Any CPU.Build.0 = Debug|Any CPU
		{2819982F-3116-4728-98A9-3B1E0C8384FE}.Debug|Mixed Platforms.ActiveCfg = Debug|Any CPU
		{2819982F-3116-4728-98A9-3B1E0C8384FE}.Debug|Mixed Platforms.Build.0 = Debug|Any CPU
		{2819982F-3116-4728-98A9-3B1E0C8384FE}.Debug|x86.ActiveCfg = Debug|Any CPU
		{2819982F-3116-4728-98A9-3B1E0C8384FE}.DebugTest|Any CPU.ActiveCfg = DebugTest|Any CPU
		{2819982F-3116-4728-98A9-3B1E0C8384FE}.DebugTest|Any CPU.Build.0 = DebugTest|Any CPU
		{2819982F-3116-4728-98A9-3B1E0C8384FE}.DebugTest|Mixed Platforms.ActiveCfg = DebugTest|Any CPU
		{2819982F-3116-4728-98A9-3B1E0C8384FE}.DebugTest|Mixed Platforms.Build.0 = DebugTest|Any CPU
		{2819982F-3116-4728-98A9-3B1E0C8384FE}.DebugTest|x86.ActiveCfg = DebugTest|Any CPU
		{2819982F-3116-4728-98A9-3B1E0C8384FE}.demo|Any CPU.ActiveCfg = demo|Any CPU
		{2819982F-3116-4728-98A9-3B1E0C8384FE}.demo|Any CPU.Build.0 = demo|Any CPU
		{2819982F-3116-4728-98A9-3B1E0C8384FE}.demo|Mixed Platforms.ActiveCfg = demo|Any CPU
		{2819982F-3116-4728-98A9-3B1E0C8384FE}.demo|Mixed Platforms.Build.0 = demo|Any CPU
		{2819982F-3116-4728-98A9-3B1E0C8384FE}.demo|x86.ActiveCfg = demo|Any CPU
		{2819982F-3116-4728-98A9-3B1E0C8384FE}.Development|Any CPU.ActiveCfg = DebugTest|Any CPU
		{2819982F-3116-4728-98A9-3B1E0C8384FE}.Development|Any CPU.Build.0 = DebugTest|Any CPU
		{2819982F-3116-4728-98A9-3B1E0C8384FE}.Development|Mixed Platforms.ActiveCfg = DebugTest|Any CPU
		{2819982F-3116-4728-98A9-3B1E0C8384FE}.Development|Mixed Platforms.Build.0 = DebugTest|Any CPU
		{2819982F-3116-4728-98A9-3B1E0C8384FE}.Development|x86.ActiveCfg = DebugTest|Any CPU
		{2819982F-3116-4728-98A9-3B1E0C8384FE}.DVSS1|Any CPU.ActiveCfg = DebugTest|Any CPU
		{2819982F-3116-4728-98A9-3B1E0C8384FE}.DVSS1|Any CPU.Build.0 = DebugTest|Any CPU
		{2819982F-3116-4728-98A9-3B1E0C8384FE}.DVSS1|Mixed Platforms.ActiveCfg = DebugTest|Any CPU
		{2819982F-3116-4728-98A9-3B1E0C8384FE}.DVSS1|Mixed Platforms.Build.0 = DebugTest|Any CPU
		{2819982F-3116-4728-98A9-3B1E0C8384FE}.DVSS1|x86.ActiveCfg = DebugTest|Any CPU
		{2819982F-3116-4728-98A9-3B1E0C8384FE}.Production|Any CPU.ActiveCfg = Prototype|Any CPU
		{2819982F-3116-4728-98A9-3B1E0C8384FE}.Production|Any CPU.Build.0 = Prototype|Any CPU
		{2819982F-3116-4728-98A9-3B1E0C8384FE}.Production|Mixed Platforms.ActiveCfg = Prototype|Any CPU
		{2819982F-3116-4728-98A9-3B1E0C8384FE}.Production|Mixed Platforms.Build.0 = Prototype|Any CPU
		{2819982F-3116-4728-98A9-3B1E0C8384FE}.Production|x86.ActiveCfg = Prototype|Any CPU
		{2819982F-3116-4728-98A9-3B1E0C8384FE}.Prototype|Any CPU.ActiveCfg = Prototype|Any CPU
		{2819982F-3116-4728-98A9-3B1E0C8384FE}.Prototype|Any CPU.Build.0 = Prototype|Any CPU
		{2819982F-3116-4728-98A9-3B1E0C8384FE}.Prototype|Mixed Platforms.ActiveCfg = Prototype|Any CPU
		{2819982F-3116-4728-98A9-3B1E0C8384FE}.Prototype|Mixed Platforms.Build.0 = Prototype|Any CPU
		{2819982F-3116-4728-98A9-3B1E0C8384FE}.Prototype|x86.ActiveCfg = Prototype|Any CPU
		{2819982F-3116-4728-98A9-3B1E0C8384FE}.Release|Any CPU.ActiveCfg = Release|Any CPU
		{2819982F-3116-4728-98A9-3B1E0C8384FE}.Release|Any CPU.Build.0 = Release|Any CPU
		{2819982F-3116-4728-98A9-3B1E0C8384FE}.Release|Mixed Platforms.ActiveCfg = Release|Any CPU
		{2819982F-3116-4728-98A9-3B1E0C8384FE}.Release|Mixed Platforms.Build.0 = Release|Any CPU
		{2819982F-3116-4728-98A9-3B1E0C8384FE}.Release|x86.ActiveCfg = Release|Any CPU
		{2819982F-3116-4728-98A9-3B1E0C8384FE}.Staging|Any CPU.ActiveCfg = DebugTest|Any CPU
		{2819982F-3116-4728-98A9-3B1E0C8384FE}.Staging|Any CPU.Build.0 = DebugTest|Any CPU
		{2819982F-3116-4728-98A9-3B1E0C8384FE}.Staging|Mixed Platforms.ActiveCfg = DebugTest|Any CPU
		{2819982F-3116-4728-98A9-3B1E0C8384FE}.Staging|Mixed Platforms.Build.0 = DebugTest|Any CPU
		{2819982F-3116-4728-98A9-3B1E0C8384FE}.Staging|x86.ActiveCfg = DebugTest|Any CPU
		{2819982F-3116-4728-98A9-3B1E0C8384FE}.SVSS1|Any CPU.ActiveCfg = DebugTest|Any CPU
		{2819982F-3116-4728-98A9-3B1E0C8384FE}.SVSS1|Any CPU.Build.0 = DebugTest|Any CPU
		{2819982F-3116-4728-98A9-3B1E0C8384FE}.SVSS1|Mixed Platforms.ActiveCfg = DebugTest|Any CPU
		{2819982F-3116-4728-98A9-3B1E0C8384FE}.SVSS1|Mixed Platforms.Build.0 = DebugTest|Any CPU
		{2819982F-3116-4728-98A9-3B1E0C8384FE}.SVSS1|x86.ActiveCfg = DebugTest|Any CPU
		{2819982F-3116-4728-98A9-3B1E0C8384FE}.Test|Any CPU.ActiveCfg = DebugTest|Any CPU
		{2819982F-3116-4728-98A9-3B1E0C8384FE}.Test|Any CPU.Build.0 = DebugTest|Any CPU
		{2819982F-3116-4728-98A9-3B1E0C8384FE}.Test|Mixed Platforms.ActiveCfg = Tools|Any CPU
		{2819982F-3116-4728-98A9-3B1E0C8384FE}.Test|Mixed Platforms.Build.0 = Tools|Any CPU
		{2819982F-3116-4728-98A9-3B1E0C8384FE}.Test|x86.ActiveCfg = Tools|Any CPU
		{2819982F-3116-4728-98A9-3B1E0C8384FE}.Tools|Any CPU.ActiveCfg = Tools|Any CPU
		{2819982F-3116-4728-98A9-3B1E0C8384FE}.Tools|Any CPU.Build.0 = Tools|Any CPU
		{2819982F-3116-4728-98A9-3B1E0C8384FE}.Tools|Mixed Platforms.ActiveCfg = Tools|Any CPU
		{2819982F-3116-4728-98A9-3B1E0C8384FE}.Tools|Mixed Platforms.Build.0 = Tools|Any CPU
		{2819982F-3116-4728-98A9-3B1E0C8384FE}.Tools|x86.ActiveCfg = Tools|Any CPU
		{2819982F-3116-4728-98A9-3B1E0C8384FE}.TVSS1|Any CPU.ActiveCfg = Tools|Any CPU
		{2819982F-3116-4728-98A9-3B1E0C8384FE}.TVSS1|Any CPU.Build.0 = Tools|Any CPU
		{2819982F-3116-4728-98A9-3B1E0C8384FE}.TVSS1|Mixed Platforms.ActiveCfg = Tools|Any CPU
		{2819982F-3116-4728-98A9-3B1E0C8384FE}.TVSS1|Mixed Platforms.Build.0 = Tools|Any CPU
		{2819982F-3116-4728-98A9-3B1E0C8384FE}.TVSS1|x86.ActiveCfg = Tools|Any CPU
		{407FCB5B-2248-4CC6-824F-A3E8EEF0BAFC}.Debug|Any CPU.ActiveCfg = Debug|Any CPU
		{407FCB5B-2248-4CC6-824F-A3E8EEF0BAFC}.Debug|Any CPU.Build.0 = Debug|Any CPU
		{407FCB5B-2248-4CC6-824F-A3E8EEF0BAFC}.Debug|Mixed Platforms.ActiveCfg = Debug|Any CPU
		{407FCB5B-2248-4CC6-824F-A3E8EEF0BAFC}.Debug|Mixed Platforms.Build.0 = Debug|Any CPU
		{407FCB5B-2248-4CC6-824F-A3E8EEF0BAFC}.Debug|x86.ActiveCfg = Debug|Any CPU
		{407FCB5B-2248-4CC6-824F-A3E8EEF0BAFC}.DebugTest|Any CPU.ActiveCfg = DebugTest|Any CPU
		{407FCB5B-2248-4CC6-824F-A3E8EEF0BAFC}.DebugTest|Any CPU.Build.0 = DebugTest|Any CPU
		{407FCB5B-2248-4CC6-824F-A3E8EEF0BAFC}.DebugTest|Mixed Platforms.ActiveCfg = DebugTest|Any CPU
		{407FCB5B-2248-4CC6-824F-A3E8EEF0BAFC}.DebugTest|Mixed Platforms.Build.0 = DebugTest|Any CPU
		{407FCB5B-2248-4CC6-824F-A3E8EEF0BAFC}.DebugTest|x86.ActiveCfg = DebugTest|Any CPU
		{407FCB5B-2248-4CC6-824F-A3E8EEF0BAFC}.demo|Any CPU.ActiveCfg = demo|Any CPU
		{407FCB5B-2248-4CC6-824F-A3E8EEF0BAFC}.demo|Any CPU.Build.0 = demo|Any CPU
		{407FCB5B-2248-4CC6-824F-A3E8EEF0BAFC}.demo|Mixed Platforms.ActiveCfg = demo|Any CPU
		{407FCB5B-2248-4CC6-824F-A3E8EEF0BAFC}.demo|Mixed Platforms.Build.0 = demo|Any CPU
		{407FCB5B-2248-4CC6-824F-A3E8EEF0BAFC}.demo|x86.ActiveCfg = demo|Any CPU
		{407FCB5B-2248-4CC6-824F-A3E8EEF0BAFC}.Development|Any CPU.ActiveCfg = DebugTest|Any CPU
		{407FCB5B-2248-4CC6-824F-A3E8EEF0BAFC}.Development|Any CPU.Build.0 = DebugTest|Any CPU
		{407FCB5B-2248-4CC6-824F-A3E8EEF0BAFC}.Development|Mixed Platforms.ActiveCfg = DebugTest|Any CPU
		{407FCB5B-2248-4CC6-824F-A3E8EEF0BAFC}.Development|Mixed Platforms.Build.0 = DebugTest|Any CPU
		{407FCB5B-2248-4CC6-824F-A3E8EEF0BAFC}.Development|x86.ActiveCfg = DebugTest|Any CPU
		{407FCB5B-2248-4CC6-824F-A3E8EEF0BAFC}.DVSS1|Any CPU.ActiveCfg = DebugTest|Any CPU
		{407FCB5B-2248-4CC6-824F-A3E8EEF0BAFC}.DVSS1|Any CPU.Build.0 = DebugTest|Any CPU
		{407FCB5B-2248-4CC6-824F-A3E8EEF0BAFC}.DVSS1|Mixed Platforms.ActiveCfg = DebugTest|Any CPU
		{407FCB5B-2248-4CC6-824F-A3E8EEF0BAFC}.DVSS1|Mixed Platforms.Build.0 = DebugTest|Any CPU
		{407FCB5B-2248-4CC6-824F-A3E8EEF0BAFC}.DVSS1|x86.ActiveCfg = DebugTest|Any CPU
		{407FCB5B-2248-4CC6-824F-A3E8EEF0BAFC}.Production|Any CPU.ActiveCfg = Prototype|Any CPU
		{407FCB5B-2248-4CC6-824F-A3E8EEF0BAFC}.Production|Any CPU.Build.0 = Prototype|Any CPU
		{407FCB5B-2248-4CC6-824F-A3E8EEF0BAFC}.Production|Mixed Platforms.ActiveCfg = Prototype|Any CPU
		{407FCB5B-2248-4CC6-824F-A3E8EEF0BAFC}.Production|Mixed Platforms.Build.0 = Prototype|Any CPU
		{407FCB5B-2248-4CC6-824F-A3E8EEF0BAFC}.Production|x86.ActiveCfg = Prototype|Any CPU
		{407FCB5B-2248-4CC6-824F-A3E8EEF0BAFC}.Prototype|Any CPU.ActiveCfg = Prototype|Any CPU
		{407FCB5B-2248-4CC6-824F-A3E8EEF0BAFC}.Prototype|Any CPU.Build.0 = Prototype|Any CPU
		{407FCB5B-2248-4CC6-824F-A3E8EEF0BAFC}.Prototype|Mixed Platforms.ActiveCfg = Prototype|Any CPU
		{407FCB5B-2248-4CC6-824F-A3E8EEF0BAFC}.Prototype|Mixed Platforms.Build.0 = Prototype|Any CPU
		{407FCB5B-2248-4CC6-824F-A3E8EEF0BAFC}.Prototype|x86.ActiveCfg = Prototype|Any CPU
		{407FCB5B-2248-4CC6-824F-A3E8EEF0BAFC}.Release|Any CPU.ActiveCfg = Release|Any CPU
		{407FCB5B-2248-4CC6-824F-A3E8EEF0BAFC}.Release|Any CPU.Build.0 = Release|Any CPU
		{407FCB5B-2248-4CC6-824F-A3E8EEF0BAFC}.Release|Mixed Platforms.ActiveCfg = Release|Any CPU
		{407FCB5B-2248-4CC6-824F-A3E8EEF0BAFC}.Release|Mixed Platforms.Build.0 = Release|Any CPU
		{407FCB5B-2248-4CC6-824F-A3E8EEF0BAFC}.Release|x86.ActiveCfg = Release|Any CPU
		{407FCB5B-2248-4CC6-824F-A3E8EEF0BAFC}.Staging|Any CPU.ActiveCfg = DebugTest|Any CPU
		{407FCB5B-2248-4CC6-824F-A3E8EEF0BAFC}.Staging|Any CPU.Build.0 = DebugTest|Any CPU
		{407FCB5B-2248-4CC6-824F-A3E8EEF0BAFC}.Staging|Mixed Platforms.ActiveCfg = DebugTest|Any CPU
		{407FCB5B-2248-4CC6-824F-A3E8EEF0BAFC}.Staging|Mixed Platforms.Build.0 = DebugTest|Any CPU
		{407FCB5B-2248-4CC6-824F-A3E8EEF0BAFC}.Staging|x86.ActiveCfg = DebugTest|Any CPU
		{407FCB5B-2248-4CC6-824F-A3E8EEF0BAFC}.SVSS1|Any CPU.ActiveCfg = DebugTest|Any CPU
		{407FCB5B-2248-4CC6-824F-A3E8EEF0BAFC}.SVSS1|Any CPU.Build.0 = DebugTest|Any CPU
		{407FCB5B-2248-4CC6-824F-A3E8EEF0BAFC}.SVSS1|Mixed Platforms.ActiveCfg = DebugTest|Any CPU
		{407FCB5B-2248-4CC6-824F-A3E8EEF0BAFC}.SVSS1|Mixed Platforms.Build.0 = DebugTest|Any CPU
		{407FCB5B-2248-4CC6-824F-A3E8EEF0BAFC}.SVSS1|x86.ActiveCfg = DebugTest|Any CPU
		{407FCB5B-2248-4CC6-824F-A3E8EEF0BAFC}.Test|Any CPU.ActiveCfg = DebugTest|Any CPU
		{407FCB5B-2248-4CC6-824F-A3E8EEF0BAFC}.Test|Any CPU.Build.0 = DebugTest|Any CPU
		{407FCB5B-2248-4CC6-824F-A3E8EEF0BAFC}.Test|Mixed Platforms.ActiveCfg = Tools|Any CPU
		{407FCB5B-2248-4CC6-824F-A3E8EEF0BAFC}.Test|Mixed Platforms.Build.0 = Tools|Any CPU
		{407FCB5B-2248-4CC6-824F-A3E8EEF0BAFC}.Test|x86.ActiveCfg = Tools|Any CPU
		{407FCB5B-2248-4CC6-824F-A3E8EEF0BAFC}.Tools|Any CPU.ActiveCfg = Tools|Any CPU
		{407FCB5B-2248-4CC6-824F-A3E8EEF0BAFC}.Tools|Any CPU.Build.0 = Tools|Any CPU
		{407FCB5B-2248-4CC6-824F-A3E8EEF0BAFC}.Tools|Mixed Platforms.ActiveCfg = Tools|Any CPU
		{407FCB5B-2248-4CC6-824F-A3E8EEF0BAFC}.Tools|Mixed Platforms.Build.0 = Tools|Any CPU
		{407FCB5B-2248-4CC6-824F-A3E8EEF0BAFC}.Tools|x86.ActiveCfg = Tools|Any CPU
		{407FCB5B-2248-4CC6-824F-A3E8EEF0BAFC}.TVSS1|Any CPU.ActiveCfg = Tools|Any CPU
		{407FCB5B-2248-4CC6-824F-A3E8EEF0BAFC}.TVSS1|Any CPU.Build.0 = Tools|Any CPU
		{407FCB5B-2248-4CC6-824F-A3E8EEF0BAFC}.TVSS1|Mixed Platforms.ActiveCfg = Tools|Any CPU
		{407FCB5B-2248-4CC6-824F-A3E8EEF0BAFC}.TVSS1|Mixed Platforms.Build.0 = Tools|Any CPU
		{407FCB5B-2248-4CC6-824F-A3E8EEF0BAFC}.TVSS1|x86.ActiveCfg = Tools|Any CPU
		{FE69D1FA-710E-466F-BF5C-3C9F4D2F4B5A}.Debug|Any CPU.ActiveCfg = Debug|Any CPU
		{FE69D1FA-710E-466F-BF5C-3C9F4D2F4B5A}.Debug|Any CPU.Build.0 = Debug|Any CPU
		{FE69D1FA-710E-466F-BF5C-3C9F4D2F4B5A}.Debug|Mixed Platforms.ActiveCfg = Debug|Any CPU
		{FE69D1FA-710E-466F-BF5C-3C9F4D2F4B5A}.Debug|Mixed Platforms.Build.0 = Debug|Any CPU
		{FE69D1FA-710E-466F-BF5C-3C9F4D2F4B5A}.Debug|x86.ActiveCfg = Debug|Any CPU
		{FE69D1FA-710E-466F-BF5C-3C9F4D2F4B5A}.DebugTest|Any CPU.ActiveCfg = DebugTest|Any CPU
		{FE69D1FA-710E-466F-BF5C-3C9F4D2F4B5A}.DebugTest|Any CPU.Build.0 = DebugTest|Any CPU
		{FE69D1FA-710E-466F-BF5C-3C9F4D2F4B5A}.DebugTest|Mixed Platforms.ActiveCfg = DebugTest|Any CPU
		{FE69D1FA-710E-466F-BF5C-3C9F4D2F4B5A}.DebugTest|Mixed Platforms.Build.0 = DebugTest|Any CPU
		{FE69D1FA-710E-466F-BF5C-3C9F4D2F4B5A}.DebugTest|x86.ActiveCfg = DebugTest|Any CPU
		{FE69D1FA-710E-466F-BF5C-3C9F4D2F4B5A}.demo|Any CPU.ActiveCfg = DebugTest|Any CPU
		{FE69D1FA-710E-466F-BF5C-3C9F4D2F4B5A}.demo|Any CPU.Build.0 = DebugTest|Any CPU
		{FE69D1FA-710E-466F-BF5C-3C9F4D2F4B5A}.demo|Mixed Platforms.ActiveCfg = DebugTest|Any CPU
		{FE69D1FA-710E-466F-BF5C-3C9F4D2F4B5A}.demo|Mixed Platforms.Build.0 = DebugTest|Any CPU
		{FE69D1FA-710E-466F-BF5C-3C9F4D2F4B5A}.demo|x86.ActiveCfg = DebugTest|Any CPU
		{FE69D1FA-710E-466F-BF5C-3C9F4D2F4B5A}.Development|Any CPU.ActiveCfg = DebugTest|Any CPU
		{FE69D1FA-710E-466F-BF5C-3C9F4D2F4B5A}.Development|Any CPU.Build.0 = DebugTest|Any CPU
		{FE69D1FA-710E-466F-BF5C-3C9F4D2F4B5A}.Development|Mixed Platforms.ActiveCfg = DebugTest|Any CPU
		{FE69D1FA-710E-466F-BF5C-3C9F4D2F4B5A}.Development|Mixed Platforms.Build.0 = DebugTest|Any CPU
		{FE69D1FA-710E-466F-BF5C-3C9F4D2F4B5A}.Development|x86.ActiveCfg = DebugTest|Any CPU
		{FE69D1FA-710E-466F-BF5C-3C9F4D2F4B5A}.DVSS1|Any CPU.ActiveCfg = DebugTest|Any CPU
		{FE69D1FA-710E-466F-BF5C-3C9F4D2F4B5A}.DVSS1|Any CPU.Build.0 = DebugTest|Any CPU
		{FE69D1FA-710E-466F-BF5C-3C9F4D2F4B5A}.DVSS1|Mixed Platforms.ActiveCfg = DebugTest|Any CPU
		{FE69D1FA-710E-466F-BF5C-3C9F4D2F4B5A}.DVSS1|Mixed Platforms.Build.0 = DebugTest|Any CPU
		{FE69D1FA-710E-466F-BF5C-3C9F4D2F4B5A}.DVSS1|x86.ActiveCfg = DebugTest|Any CPU
		{FE69D1FA-710E-466F-BF5C-3C9F4D2F4B5A}.Production|Any CPU.ActiveCfg = Prototype|Any CPU
		{FE69D1FA-710E-466F-BF5C-3C9F4D2F4B5A}.Production|Any CPU.Build.0 = Prototype|Any CPU
		{FE69D1FA-710E-466F-BF5C-3C9F4D2F4B5A}.Production|Mixed Platforms.ActiveCfg = Prototype|Any CPU
		{FE69D1FA-710E-466F-BF5C-3C9F4D2F4B5A}.Production|Mixed Platforms.Build.0 = Prototype|Any CPU
		{FE69D1FA-710E-466F-BF5C-3C9F4D2F4B5A}.Production|x86.ActiveCfg = Prototype|Any CPU
		{FE69D1FA-710E-466F-BF5C-3C9F4D2F4B5A}.Prototype|Any CPU.ActiveCfg = Prototype|Any CPU
		{FE69D1FA-710E-466F-BF5C-3C9F4D2F4B5A}.Prototype|Any CPU.Build.0 = Prototype|Any CPU
		{FE69D1FA-710E-466F-BF5C-3C9F4D2F4B5A}.Prototype|Mixed Platforms.ActiveCfg = Prototype|Any CPU
		{FE69D1FA-710E-466F-BF5C-3C9F4D2F4B5A}.Prototype|Mixed Platforms.Build.0 = Prototype|Any CPU
		{FE69D1FA-710E-466F-BF5C-3C9F4D2F4B5A}.Prototype|x86.ActiveCfg = Prototype|Any CPU
		{FE69D1FA-710E-466F-BF5C-3C9F4D2F4B5A}.Release|Any CPU.ActiveCfg = Release|Any CPU
		{FE69D1FA-710E-466F-BF5C-3C9F4D2F4B5A}.Release|Any CPU.Build.0 = Release|Any CPU
		{FE69D1FA-710E-466F-BF5C-3C9F4D2F4B5A}.Release|Mixed Platforms.ActiveCfg = Release|Any CPU
		{FE69D1FA-710E-466F-BF5C-3C9F4D2F4B5A}.Release|Mixed Platforms.Build.0 = Release|Any CPU
		{FE69D1FA-710E-466F-BF5C-3C9F4D2F4B5A}.Release|x86.ActiveCfg = Release|Any CPU
		{FE69D1FA-710E-466F-BF5C-3C9F4D2F4B5A}.Staging|Any CPU.ActiveCfg = DebugTest|Any CPU
		{FE69D1FA-710E-466F-BF5C-3C9F4D2F4B5A}.Staging|Any CPU.Build.0 = DebugTest|Any CPU
		{FE69D1FA-710E-466F-BF5C-3C9F4D2F4B5A}.Staging|Mixed Platforms.ActiveCfg = DebugTest|Any CPU
		{FE69D1FA-710E-466F-BF5C-3C9F4D2F4B5A}.Staging|Mixed Platforms.Build.0 = DebugTest|Any CPU
		{FE69D1FA-710E-466F-BF5C-3C9F4D2F4B5A}.Staging|x86.ActiveCfg = DebugTest|Any CPU
		{FE69D1FA-710E-466F-BF5C-3C9F4D2F4B5A}.SVSS1|Any CPU.ActiveCfg = DebugTest|Any CPU
		{FE69D1FA-710E-466F-BF5C-3C9F4D2F4B5A}.SVSS1|Any CPU.Build.0 = DebugTest|Any CPU
		{FE69D1FA-710E-466F-BF5C-3C9F4D2F4B5A}.SVSS1|Mixed Platforms.ActiveCfg = DebugTest|Any CPU
		{FE69D1FA-710E-466F-BF5C-3C9F4D2F4B5A}.SVSS1|Mixed Platforms.Build.0 = DebugTest|Any CPU
		{FE69D1FA-710E-466F-BF5C-3C9F4D2F4B5A}.SVSS1|x86.ActiveCfg = DebugTest|Any CPU
		{FE69D1FA-710E-466F-BF5C-3C9F4D2F4B5A}.Test|Any CPU.ActiveCfg = DebugTest|Any CPU
		{FE69D1FA-710E-466F-BF5C-3C9F4D2F4B5A}.Test|Any CPU.Build.0 = DebugTest|Any CPU
		{FE69D1FA-710E-466F-BF5C-3C9F4D2F4B5A}.Test|Mixed Platforms.ActiveCfg = Tools|Any CPU
		{FE69D1FA-710E-466F-BF5C-3C9F4D2F4B5A}.Test|Mixed Platforms.Build.0 = Tools|Any CPU
		{FE69D1FA-710E-466F-BF5C-3C9F4D2F4B5A}.Test|x86.ActiveCfg = Tools|Any CPU
		{FE69D1FA-710E-466F-BF5C-3C9F4D2F4B5A}.Tools|Any CPU.ActiveCfg = Tools|Any CPU
		{FE69D1FA-710E-466F-BF5C-3C9F4D2F4B5A}.Tools|Any CPU.Build.0 = Tools|Any CPU
		{FE69D1FA-710E-466F-BF5C-3C9F4D2F4B5A}.Tools|Mixed Platforms.ActiveCfg = Tools|Any CPU
		{FE69D1FA-710E-466F-BF5C-3C9F4D2F4B5A}.Tools|Mixed Platforms.Build.0 = Tools|Any CPU
		{FE69D1FA-710E-466F-BF5C-3C9F4D2F4B5A}.Tools|x86.ActiveCfg = Tools|Any CPU
		{FE69D1FA-710E-466F-BF5C-3C9F4D2F4B5A}.TVSS1|Any CPU.ActiveCfg = Tools|Any CPU
		{FE69D1FA-710E-466F-BF5C-3C9F4D2F4B5A}.TVSS1|Any CPU.Build.0 = Tools|Any CPU
		{FE69D1FA-710E-466F-BF5C-3C9F4D2F4B5A}.TVSS1|Mixed Platforms.ActiveCfg = Tools|Any CPU
		{FE69D1FA-710E-466F-BF5C-3C9F4D2F4B5A}.TVSS1|Mixed Platforms.Build.0 = Tools|Any CPU
		{FE69D1FA-710E-466F-BF5C-3C9F4D2F4B5A}.TVSS1|x86.ActiveCfg = Tools|Any CPU
		{6769244B-8909-4DC6-B478-8125EB63A3D5}.Debug|Any CPU.ActiveCfg = Debug|Any CPU
		{6769244B-8909-4DC6-B478-8125EB63A3D5}.Debug|Any CPU.Build.0 = Debug|Any CPU
		{6769244B-8909-4DC6-B478-8125EB63A3D5}.Debug|Mixed Platforms.ActiveCfg = Debug|Any CPU
		{6769244B-8909-4DC6-B478-8125EB63A3D5}.Debug|Mixed Platforms.Build.0 = Debug|Any CPU
		{6769244B-8909-4DC6-B478-8125EB63A3D5}.Debug|x86.ActiveCfg = Debug|Any CPU
		{6769244B-8909-4DC6-B478-8125EB63A3D5}.DebugTest|Any CPU.ActiveCfg = DebugTest|Any CPU
		{6769244B-8909-4DC6-B478-8125EB63A3D5}.DebugTest|Any CPU.Build.0 = DebugTest|Any CPU
		{6769244B-8909-4DC6-B478-8125EB63A3D5}.DebugTest|Mixed Platforms.ActiveCfg = DebugTest|Any CPU
		{6769244B-8909-4DC6-B478-8125EB63A3D5}.DebugTest|Mixed Platforms.Build.0 = DebugTest|Any CPU
		{6769244B-8909-4DC6-B478-8125EB63A3D5}.DebugTest|x86.ActiveCfg = DebugTest|Any CPU
		{6769244B-8909-4DC6-B478-8125EB63A3D5}.demo|Any CPU.ActiveCfg = DebugTest|Any CPU
		{6769244B-8909-4DC6-B478-8125EB63A3D5}.demo|Any CPU.Build.0 = DebugTest|Any CPU
		{6769244B-8909-4DC6-B478-8125EB63A3D5}.demo|Mixed Platforms.ActiveCfg = DebugTest|Any CPU
		{6769244B-8909-4DC6-B478-8125EB63A3D5}.demo|Mixed Platforms.Build.0 = DebugTest|Any CPU
		{6769244B-8909-4DC6-B478-8125EB63A3D5}.demo|x86.ActiveCfg = DebugTest|Any CPU
		{6769244B-8909-4DC6-B478-8125EB63A3D5}.Development|Any CPU.ActiveCfg = DebugTest|Any CPU
		{6769244B-8909-4DC6-B478-8125EB63A3D5}.Development|Any CPU.Build.0 = DebugTest|Any CPU
		{6769244B-8909-4DC6-B478-8125EB63A3D5}.Development|Mixed Platforms.ActiveCfg = DebugTest|Any CPU
		{6769244B-8909-4DC6-B478-8125EB63A3D5}.Development|Mixed Platforms.Build.0 = DebugTest|Any CPU
		{6769244B-8909-4DC6-B478-8125EB63A3D5}.Development|x86.ActiveCfg = DebugTest|Any CPU
		{6769244B-8909-4DC6-B478-8125EB63A3D5}.DVSS1|Any CPU.ActiveCfg = DebugTest|Any CPU
		{6769244B-8909-4DC6-B478-8125EB63A3D5}.DVSS1|Any CPU.Build.0 = DebugTest|Any CPU
		{6769244B-8909-4DC6-B478-8125EB63A3D5}.DVSS1|Mixed Platforms.ActiveCfg = DebugTest|Any CPU
		{6769244B-8909-4DC6-B478-8125EB63A3D5}.DVSS1|Mixed Platforms.Build.0 = DebugTest|Any CPU
		{6769244B-8909-4DC6-B478-8125EB63A3D5}.DVSS1|x86.ActiveCfg = DebugTest|Any CPU
		{6769244B-8909-4DC6-B478-8125EB63A3D5}.Production|Any CPU.ActiveCfg = Prototype|Any CPU
		{6769244B-8909-4DC6-B478-8125EB63A3D5}.Production|Any CPU.Build.0 = Prototype|Any CPU
		{6769244B-8909-4DC6-B478-8125EB63A3D5}.Production|Mixed Platforms.ActiveCfg = Prototype|Any CPU
		{6769244B-8909-4DC6-B478-8125EB63A3D5}.Production|Mixed Platforms.Build.0 = Prototype|Any CPU
		{6769244B-8909-4DC6-B478-8125EB63A3D5}.Production|x86.ActiveCfg = Prototype|Any CPU
		{6769244B-8909-4DC6-B478-8125EB63A3D5}.Prototype|Any CPU.ActiveCfg = Prototype|Any CPU
		{6769244B-8909-4DC6-B478-8125EB63A3D5}.Prototype|Any CPU.Build.0 = Prototype|Any CPU
		{6769244B-8909-4DC6-B478-8125EB63A3D5}.Prototype|Mixed Platforms.ActiveCfg = Prototype|Any CPU
		{6769244B-8909-4DC6-B478-8125EB63A3D5}.Prototype|Mixed Platforms.Build.0 = Prototype|Any CPU
		{6769244B-8909-4DC6-B478-8125EB63A3D5}.Prototype|x86.ActiveCfg = Prototype|Any CPU
		{6769244B-8909-4DC6-B478-8125EB63A3D5}.Release|Any CPU.ActiveCfg = Release|Any CPU
		{6769244B-8909-4DC6-B478-8125EB63A3D5}.Release|Any CPU.Build.0 = Release|Any CPU
		{6769244B-8909-4DC6-B478-8125EB63A3D5}.Release|Mixed Platforms.ActiveCfg = Release|Any CPU
		{6769244B-8909-4DC6-B478-8125EB63A3D5}.Release|Mixed Platforms.Build.0 = Release|Any CPU
		{6769244B-8909-4DC6-B478-8125EB63A3D5}.Release|x86.ActiveCfg = Release|Any CPU
		{6769244B-8909-4DC6-B478-8125EB63A3D5}.Staging|Any CPU.ActiveCfg = DebugTest|Any CPU
		{6769244B-8909-4DC6-B478-8125EB63A3D5}.Staging|Any CPU.Build.0 = DebugTest|Any CPU
		{6769244B-8909-4DC6-B478-8125EB63A3D5}.Staging|Mixed Platforms.ActiveCfg = DebugTest|Any CPU
		{6769244B-8909-4DC6-B478-8125EB63A3D5}.Staging|Mixed Platforms.Build.0 = DebugTest|Any CPU
		{6769244B-8909-4DC6-B478-8125EB63A3D5}.Staging|x86.ActiveCfg = DebugTest|Any CPU
		{6769244B-8909-4DC6-B478-8125EB63A3D5}.SVSS1|Any CPU.ActiveCfg = DebugTest|Any CPU
		{6769244B-8909-4DC6-B478-8125EB63A3D5}.SVSS1|Any CPU.Build.0 = DebugTest|Any CPU
		{6769244B-8909-4DC6-B478-8125EB63A3D5}.SVSS1|Mixed Platforms.ActiveCfg = DebugTest|Any CPU
		{6769244B-8909-4DC6-B478-8125EB63A3D5}.SVSS1|Mixed Platforms.Build.0 = DebugTest|Any CPU
		{6769244B-8909-4DC6-B478-8125EB63A3D5}.SVSS1|x86.ActiveCfg = DebugTest|Any CPU
		{6769244B-8909-4DC6-B478-8125EB63A3D5}.Test|Any CPU.ActiveCfg = DebugTest|Any CPU
		{6769244B-8909-4DC6-B478-8125EB63A3D5}.Test|Any CPU.Build.0 = DebugTest|Any CPU
		{6769244B-8909-4DC6-B478-8125EB63A3D5}.Test|Mixed Platforms.ActiveCfg = DebugTest|Any CPU
		{6769244B-8909-4DC6-B478-8125EB63A3D5}.Test|Mixed Platforms.Build.0 = DebugTest|Any CPU
		{6769244B-8909-4DC6-B478-8125EB63A3D5}.Test|x86.ActiveCfg = DebugTest|Any CPU
		{6769244B-8909-4DC6-B478-8125EB63A3D5}.Tools|Any CPU.ActiveCfg = Tools|Any CPU
		{6769244B-8909-4DC6-B478-8125EB63A3D5}.Tools|Any CPU.Build.0 = Tools|Any CPU
		{6769244B-8909-4DC6-B478-8125EB63A3D5}.Tools|Mixed Platforms.ActiveCfg = Tools|Any CPU
		{6769244B-8909-4DC6-B478-8125EB63A3D5}.Tools|Mixed Platforms.Build.0 = Tools|Any CPU
		{6769244B-8909-4DC6-B478-8125EB63A3D5}.Tools|x86.ActiveCfg = Tools|Any CPU
		{6769244B-8909-4DC6-B478-8125EB63A3D5}.TVSS1|Any CPU.ActiveCfg = Tools|Any CPU
		{6769244B-8909-4DC6-B478-8125EB63A3D5}.TVSS1|Any CPU.Build.0 = Tools|Any CPU
		{6769244B-8909-4DC6-B478-8125EB63A3D5}.TVSS1|Mixed Platforms.ActiveCfg = Tools|Any CPU
		{6769244B-8909-4DC6-B478-8125EB63A3D5}.TVSS1|Mixed Platforms.Build.0 = Tools|Any CPU
		{6769244B-8909-4DC6-B478-8125EB63A3D5}.TVSS1|x86.ActiveCfg = Tools|Any CPU
		{76FA2D81-01AE-4335-8523-76965D75E719}.Debug|Any CPU.ActiveCfg = Debug|Any CPU
		{76FA2D81-01AE-4335-8523-76965D75E719}.Debug|Any CPU.Build.0 = Debug|Any CPU
		{76FA2D81-01AE-4335-8523-76965D75E719}.Debug|Mixed Platforms.ActiveCfg = Debug|Any CPU
		{76FA2D81-01AE-4335-8523-76965D75E719}.Debug|Mixed Platforms.Build.0 = Debug|Any CPU
		{76FA2D81-01AE-4335-8523-76965D75E719}.Debug|x86.ActiveCfg = Debug|Any CPU
		{76FA2D81-01AE-4335-8523-76965D75E719}.DebugTest|Any CPU.ActiveCfg = DebugTest|Any CPU
		{76FA2D81-01AE-4335-8523-76965D75E719}.DebugTest|Any CPU.Build.0 = DebugTest|Any CPU
		{76FA2D81-01AE-4335-8523-76965D75E719}.DebugTest|Mixed Platforms.ActiveCfg = DebugTest|Any CPU
		{76FA2D81-01AE-4335-8523-76965D75E719}.DebugTest|Mixed Platforms.Build.0 = DebugTest|Any CPU
		{76FA2D81-01AE-4335-8523-76965D75E719}.DebugTest|x86.ActiveCfg = DebugTest|Any CPU
		{76FA2D81-01AE-4335-8523-76965D75E719}.demo|Any CPU.ActiveCfg = demo|Any CPU
		{76FA2D81-01AE-4335-8523-76965D75E719}.demo|Any CPU.Build.0 = demo|Any CPU
		{76FA2D81-01AE-4335-8523-76965D75E719}.demo|Mixed Platforms.ActiveCfg = demo|Any CPU
		{76FA2D81-01AE-4335-8523-76965D75E719}.demo|Mixed Platforms.Build.0 = demo|Any CPU
		{76FA2D81-01AE-4335-8523-76965D75E719}.demo|x86.ActiveCfg = demo|Any CPU
		{76FA2D81-01AE-4335-8523-76965D75E719}.Development|Any CPU.ActiveCfg = DebugTest|Any CPU
		{76FA2D81-01AE-4335-8523-76965D75E719}.Development|Any CPU.Build.0 = DebugTest|Any CPU
		{76FA2D81-01AE-4335-8523-76965D75E719}.Development|Mixed Platforms.ActiveCfg = DebugTest|Any CPU
		{76FA2D81-01AE-4335-8523-76965D75E719}.Development|Mixed Platforms.Build.0 = DebugTest|Any CPU
		{76FA2D81-01AE-4335-8523-76965D75E719}.Development|x86.ActiveCfg = DebugTest|Any CPU
		{76FA2D81-01AE-4335-8523-76965D75E719}.DVSS1|Any CPU.ActiveCfg = DebugTest|Any CPU
		{76FA2D81-01AE-4335-8523-76965D75E719}.DVSS1|Any CPU.Build.0 = DebugTest|Any CPU
		{76FA2D81-01AE-4335-8523-76965D75E719}.DVSS1|Mixed Platforms.ActiveCfg = DebugTest|Any CPU
		{76FA2D81-01AE-4335-8523-76965D75E719}.DVSS1|Mixed Platforms.Build.0 = DebugTest|Any CPU
		{76FA2D81-01AE-4335-8523-76965D75E719}.DVSS1|x86.ActiveCfg = DebugTest|Any CPU
		{76FA2D81-01AE-4335-8523-76965D75E719}.Production|Any CPU.ActiveCfg = Prototype|Any CPU
		{76FA2D81-01AE-4335-8523-76965D75E719}.Production|Any CPU.Build.0 = Prototype|Any CPU
		{76FA2D81-01AE-4335-8523-76965D75E719}.Production|Mixed Platforms.ActiveCfg = Prototype|Any CPU
		{76FA2D81-01AE-4335-8523-76965D75E719}.Production|Mixed Platforms.Build.0 = Prototype|Any CPU
		{76FA2D81-01AE-4335-8523-76965D75E719}.Production|x86.ActiveCfg = Prototype|Any CPU
		{76FA2D81-01AE-4335-8523-76965D75E719}.Prototype|Any CPU.ActiveCfg = Prototype|Any CPU
		{76FA2D81-01AE-4335-8523-76965D75E719}.Prototype|Any CPU.Build.0 = Prototype|Any CPU
		{76FA2D81-01AE-4335-8523-76965D75E719}.Prototype|Mixed Platforms.ActiveCfg = Prototype|Any CPU
		{76FA2D81-01AE-4335-8523-76965D75E719}.Prototype|Mixed Platforms.Build.0 = Prototype|Any CPU
		{76FA2D81-01AE-4335-8523-76965D75E719}.Prototype|x86.ActiveCfg = Prototype|Any CPU
		{76FA2D81-01AE-4335-8523-76965D75E719}.Release|Any CPU.ActiveCfg = Release|Any CPU
		{76FA2D81-01AE-4335-8523-76965D75E719}.Release|Any CPU.Build.0 = Release|Any CPU
		{76FA2D81-01AE-4335-8523-76965D75E719}.Release|Mixed Platforms.ActiveCfg = Release|Any CPU
		{76FA2D81-01AE-4335-8523-76965D75E719}.Release|Mixed Platforms.Build.0 = Release|Any CPU
		{76FA2D81-01AE-4335-8523-76965D75E719}.Release|x86.ActiveCfg = Release|Any CPU
		{76FA2D81-01AE-4335-8523-76965D75E719}.Staging|Any CPU.ActiveCfg = DebugTest|Any CPU
		{76FA2D81-01AE-4335-8523-76965D75E719}.Staging|Any CPU.Build.0 = DebugTest|Any CPU
		{76FA2D81-01AE-4335-8523-76965D75E719}.Staging|Mixed Platforms.ActiveCfg = DebugTest|Any CPU
		{76FA2D81-01AE-4335-8523-76965D75E719}.Staging|Mixed Platforms.Build.0 = DebugTest|Any CPU
		{76FA2D81-01AE-4335-8523-76965D75E719}.Staging|x86.ActiveCfg = DebugTest|Any CPU
		{76FA2D81-01AE-4335-8523-76965D75E719}.SVSS1|Any CPU.ActiveCfg = DebugTest|Any CPU
		{76FA2D81-01AE-4335-8523-76965D75E719}.SVSS1|Any CPU.Build.0 = DebugTest|Any CPU
		{76FA2D81-01AE-4335-8523-76965D75E719}.SVSS1|Mixed Platforms.ActiveCfg = DebugTest|Any CPU
		{76FA2D81-01AE-4335-8523-76965D75E719}.SVSS1|Mixed Platforms.Build.0 = DebugTest|Any CPU
		{76FA2D81-01AE-4335-8523-76965D75E719}.SVSS1|x86.ActiveCfg = DebugTest|Any CPU
		{76FA2D81-01AE-4335-8523-76965D75E719}.Test|Any CPU.ActiveCfg = DebugTest|Any CPU
		{76FA2D81-01AE-4335-8523-76965D75E719}.Test|Any CPU.Build.0 = DebugTest|Any CPU
		{76FA2D81-01AE-4335-8523-76965D75E719}.Test|Mixed Platforms.ActiveCfg = DebugTest|Any CPU
		{76FA2D81-01AE-4335-8523-76965D75E719}.Test|Mixed Platforms.Build.0 = DebugTest|Any CPU
		{76FA2D81-01AE-4335-8523-76965D75E719}.Test|x86.ActiveCfg = DebugTest|Any CPU
		{76FA2D81-01AE-4335-8523-76965D75E719}.Tools|Any CPU.ActiveCfg = Tools|Any CPU
		{76FA2D81-01AE-4335-8523-76965D75E719}.Tools|Any CPU.Build.0 = Tools|Any CPU
		{76FA2D81-01AE-4335-8523-76965D75E719}.Tools|Mixed Platforms.ActiveCfg = Tools|Any CPU
		{76FA2D81-01AE-4335-8523-76965D75E719}.Tools|Mixed Platforms.Build.0 = Tools|Any CPU
		{76FA2D81-01AE-4335-8523-76965D75E719}.Tools|x86.ActiveCfg = Tools|Any CPU
		{76FA2D81-01AE-4335-8523-76965D75E719}.TVSS1|Any CPU.ActiveCfg = Tools|Any CPU
		{76FA2D81-01AE-4335-8523-76965D75E719}.TVSS1|Any CPU.Build.0 = Tools|Any CPU
		{76FA2D81-01AE-4335-8523-76965D75E719}.TVSS1|Mixed Platforms.ActiveCfg = Tools|Any CPU
		{76FA2D81-01AE-4335-8523-76965D75E719}.TVSS1|Mixed Platforms.Build.0 = Tools|Any CPU
		{76FA2D81-01AE-4335-8523-76965D75E719}.TVSS1|x86.ActiveCfg = Tools|Any CPU
	EndGlobalSection
	GlobalSection(SolutionProperties) = preSolution
		HideSolutionNode = FALSE
	EndGlobalSection
	GlobalSection(NestedProjects) = preSolution
		{0B018F22-16C3-4FFE-8320-6DD4E353B324} = {B28A6553-7EDB-4FB5-BF82-599B827252A3}
		{FAA069BE-F6AD-4F3C-A3B4-E51A4427332F} = {B28A6553-7EDB-4FB5-BF82-599B827252A3}
		{F841FCB7-7A0B-4C52-BC6B-133D13FD50CF} = {B28A6553-7EDB-4FB5-BF82-599B827252A3}
		{6769244B-8909-4DC6-B478-8125EB63A3D5} = {B28A6553-7EDB-4FB5-BF82-599B827252A3}
		{76FA2D81-01AE-4335-8523-76965D75E719} = {B28A6553-7EDB-4FB5-BF82-599B827252A3}
		{E918E4F5-F89D-4E1E-806A-D7047A95D653} = {6FB23E26-318E-403F-9C73-B8AFB4B46DCA}
		{B6F57A44-A145-4544-9700-DC44790EE7F7} = {6FB23E26-318E-403F-9C73-B8AFB4B46DCA}
		{36F35BA7-5F45-432C-99C6-5FB1989B59E6} = {6FB23E26-318E-403F-9C73-B8AFB4B46DCA}
	EndGlobalSection
EndGlobal
