
Microsoft Visual Studio Solution File, Format Version 11.00
# Visual Studio 2010
Project("{FAE04EC0-301F-11D3-BF4B-00C04F79EFBC}") = "Gov.Hhs.Cdc.DataSource.Media", "Media\Gov.Hhs.Cdc.DataSource.Media\Gov.Hhs.Cdc.DataSource.Media.csproj", "{E918E4F5-F89D-4E1E-806A-D7047A95D653}"
EndProject
Project("{FAE04EC0-301F-11D3-BF4B-00C04F79EFBC}") = "Gov.Hhs.Cdc.Tbd", "Gov.Hhs.Cdc.Tbd\Gov.Hhs.Cdc.Tbd.csproj", "{23D0C64E-9F1A-4658-8172-70C7376E6361}"
EndProject
Project("{FAE04EC0-301F-11D3-BF4B-00C04F79EFBC}") = "Gov.Hhs.Cdc.DataServices", "DataServices\Gov.Hhs.Cdc.DataServices\Gov.Hhs.Cdc.DataServices.csproj", "{FAA069BE-F6AD-4F3C-A3B4-E51A4427332F}"
EndProject
Project("{FAE04EC0-301F-11D3-BF4B-00C04F79EFBC}") = "Gov.Hhs.Cdc.Logging", "Gov.Hhs.Cdc.Logging\Gov.Hhs.Cdc.Logging\Gov.Hhs.Cdc.Logging.csproj", "{098355FF-E5DE-47CF-BC59-7117B78CB25D}"
EndProject
Project("{FAE04EC0-301F-11D3-BF4B-00C04F79EFBC}") = "Gov.Hhs.Cdc.Search.Provider", "DataServices\Gov.Hhs.Cdc.Search.Provider\Gov.Hhs.Cdc.Search.Provider.csproj", "{76FA2D81-01AE-4335-8523-76965D75E719}"
EndProject
Project("{FAE04EC0-301F-11D3-BF4B-00C04F79EFBC}") = "Gov.Hhs.Cdc.Search.Bo", "DataServices\Gov.Hhs.Cdc.Search.Bo\Gov.Hhs.Cdc.Search.Bo.csproj", "{78EE1D0F-EA98-4DB1-8ECC-AA84707AE150}"
EndProject
Project("{FAE04EC0-301F-11D3-BF4B-00C04F79EFBC}") = "Gov.Hhs.Cdc.Search.Controller", "DataServices\Gov.Hhs.Cdc.Search.Controller\Gov.Hhs.Cdc.Search.Controller.csproj", "{705571B3-E6CD-4538-BACF-C055BF1A05B4}"
EndProject
Project("{FAE04EC0-301F-11D3-BF4B-00C04F79EFBC}") = "SearchUnitTests", "DataServices\SearchUnitTests\SearchUnitTests.csproj", "{72DF3213-93F6-44D1-A29E-0386CF3ED8EA}"
EndProject
Project("{2150E333-8FDC-42A3-9474-1A3956D46DE8}") = "Solution Items", "Solution Items", "{5BAD5817-F8C0-42F8-BAD3-58127681E9DE}"
	ProjectSection(SolutionItems) = preProject
		DataServices.vsmdi = DataServices.vsmdi
		Local.testsettings = Local.testsettings
		TraceAndTestImpact.testsettings = TraceAndTestImpact.testsettings
	EndProjectSection
EndProject
Project("{FAE04EC0-301F-11D3-BF4B-00C04F79EFBC}") = "Log4NetLoggingWrapper", "Gov.Hhs.Cdc.Logging\Log4NetLoggingWrapper\Log4NetLoggingWrapper.csproj", "{8CE786D7-43AA-4E95-A963-A7A2C5D8AE7D}"
EndProject
Project("{FAE04EC0-301F-11D3-BF4B-00C04F79EFBC}") = "Gov.Hhs.Cdc.DataServices.Bo", "DataServices\Gov.Hhs.Cdc.DataServices.Bo\Gov.Hhs.Cdc.DataServices.Bo.csproj", "{0B018F22-16C3-4FFE-8320-6DD4E353B324}"
EndProject
Project("{FAE04EC0-301F-11D3-BF4B-00C04F79EFBC}") = "Gov.Hhs.Cdc.Media.Bo", "Media\Gov.Hhs.Cdc.Media.Bo\Gov.Hhs.Cdc.Media.Bo.csproj", "{48D7859F-30C0-42CF-91E3-6D59D5F47474}"
EndProject
Project("{FAE04EC0-301F-11D3-BF4B-00C04F79EFBC}") = "Gov.Hhs.Cdc.Media.Bll", "Media\Gov.Hhs.Cdc.Media.Bll\Gov.Hhs.Cdc.Media.Bll.csproj", "{36F35BA7-5F45-432C-99C6-5FB1989B59E6}"
EndProject
Project("{2150E333-8FDC-42A3-9474-1A3956D46DE8}") = "DataServices", "DataServices", "{09890896-10CC-4956-8884-1E7F8AB59667}"
EndProject
Project("{2150E333-8FDC-42A3-9474-1A3956D46DE8}") = "Media", "Media", "{6E30DB79-480A-460A-B195-D8DFD2D0FB8A}"
EndProject
Project("{2150E333-8FDC-42A3-9474-1A3956D46DE8}") = "MediaValidation", "MediaValidation", "{29B7E59A-C153-4FA8-945E-F97D87F6A2EE}"
EndProject
Project("{FAE04EC0-301F-11D3-BF4B-00C04F79EFBC}") = "Gov.Hhs.Cdc.DataSource", "DataServices\Gov.Hhs.Cdc.DataSource\Gov.Hhs.Cdc.DataSource.csproj", "{F841FCB7-7A0B-4C52-BC6B-133D13FD50CF}"
EndProject
Project("{FAE04EC0-301F-11D3-BF4B-00C04F79EFBC}") = "Gov.Hhs.Cdc.DataSource.MediaValidation", "MediaValidation\Gov.Hhs.Cdc.DataSource.MediaValidation\Gov.Hhs.Cdc.DataSource.MediaValidation.csproj", "{407FCB5B-2248-4CC6-824F-A3E8EEF0BAFC}"
EndProject
Project("{FAE04EC0-301F-11D3-BF4B-00C04F79EFBC}") = "Gov.Hhs.Cdc.MediaValidator", "MediaValidation\Gov.Hhs.Cdc.MediaValidator\Gov.Hhs.Cdc.MediaValidator.csproj", "{2819982F-3116-4728-98A9-3B1E0C8384FE}"
EndProject
Project("{FAE04EC0-301F-11D3-BF4B-00C04F79EFBC}") = "MediaTests", "Media\MediaTests\MediaTests.csproj", "{E77E66DD-1A22-4A6D-B33A-5B3F9AC8E9C3}"
EndProject
Global
	GlobalSection(TestCaseManagementSettings) = postSolution
		CategoryFile = DataServices.vsmdi
	EndGlobalSection
	GlobalSection(SolutionConfigurationPlatforms) = preSolution
		Debug|Any CPU = Debug|Any CPU
		Debug|Mixed Platforms = Debug|Mixed Platforms
		Debug|x86 = Debug|x86
		Development|Any CPU = Development|Any CPU
		Development|Mixed Platforms = Development|Mixed Platforms
		Development|x86 = Development|x86
		DVSS1|Any CPU = DVSS1|Any CPU
		DVSS1|Mixed Platforms = DVSS1|Mixed Platforms
		DVSS1|x86 = DVSS1|x86
		Release|Any CPU = Release|Any CPU
		Release|Mixed Platforms = Release|Mixed Platforms
		Release|x86 = Release|x86
		Staging|Any CPU = Staging|Any CPU
		Staging|Mixed Platforms = Staging|Mixed Platforms
		Staging|x86 = Staging|x86
		SVSS1|Any CPU = SVSS1|Any CPU
		SVSS1|Mixed Platforms = SVSS1|Mixed Platforms
		SVSS1|x86 = SVSS1|x86
	EndGlobalSection
	GlobalSection(ProjectConfigurationPlatforms) = postSolution
		{E918E4F5-F89D-4E1E-806A-D7047A95D653}.Debug|Any CPU.ActiveCfg = Debug|Any CPU
		{E918E4F5-F89D-4E1E-806A-D7047A95D653}.Debug|Any CPU.Build.0 = Debug|Any CPU
		{E918E4F5-F89D-4E1E-806A-D7047A95D653}.Debug|Mixed Platforms.ActiveCfg = Debug|Any CPU
		{E918E4F5-F89D-4E1E-806A-D7047A95D653}.Debug|Mixed Platforms.Build.0 = Debug|Any CPU
		{E918E4F5-F89D-4E1E-806A-D7047A95D653}.Debug|x86.ActiveCfg = Debug|Any CPU
		{E918E4F5-F89D-4E1E-806A-D7047A95D653}.Development|Any CPU.ActiveCfg = Debug|Any CPU
		{E918E4F5-F89D-4E1E-806A-D7047A95D653}.Development|Any CPU.Build.0 = Debug|Any CPU
		{E918E4F5-F89D-4E1E-806A-D7047A95D653}.Development|Mixed Platforms.ActiveCfg = Debug|Any CPU
		{E918E4F5-F89D-4E1E-806A-D7047A95D653}.Development|Mixed Platforms.Build.0 = Debug|Any CPU
		{E918E4F5-F89D-4E1E-806A-D7047A95D653}.Development|x86.ActiveCfg = Debug|Any CPU
		{E918E4F5-F89D-4E1E-806A-D7047A95D653}.DVSS1|Any CPU.ActiveCfg = Debug|Any CPU
		{E918E4F5-F89D-4E1E-806A-D7047A95D653}.DVSS1|Any CPU.Build.0 = Debug|Any CPU
		{E918E4F5-F89D-4E1E-806A-D7047A95D653}.DVSS1|Mixed Platforms.ActiveCfg = Debug|Any CPU
		{E918E4F5-F89D-4E1E-806A-D7047A95D653}.DVSS1|Mixed Platforms.Build.0 = Debug|Any CPU
		{E918E4F5-F89D-4E1E-806A-D7047A95D653}.DVSS1|x86.ActiveCfg = Debug|Any CPU
		{E918E4F5-F89D-4E1E-806A-D7047A95D653}.Release|Any CPU.ActiveCfg = Release|Any CPU
		{E918E4F5-F89D-4E1E-806A-D7047A95D653}.Release|Any CPU.Build.0 = Release|Any CPU
		{E918E4F5-F89D-4E1E-806A-D7047A95D653}.Release|Mixed Platforms.ActiveCfg = Release|Any CPU
		{E918E4F5-F89D-4E1E-806A-D7047A95D653}.Release|Mixed Platforms.Build.0 = Release|Any CPU
		{E918E4F5-F89D-4E1E-806A-D7047A95D653}.Release|x86.ActiveCfg = Release|Any CPU
		{E918E4F5-F89D-4E1E-806A-D7047A95D653}.Staging|Any CPU.ActiveCfg = Release|Any CPU
		{E918E4F5-F89D-4E1E-806A-D7047A95D653}.Staging|Any CPU.Build.0 = Release|Any CPU
		{E918E4F5-F89D-4E1E-806A-D7047A95D653}.Staging|Mixed Platforms.ActiveCfg = Release|Any CPU
		{E918E4F5-F89D-4E1E-806A-D7047A95D653}.Staging|Mixed Platforms.Build.0 = Release|Any CPU
		{E918E4F5-F89D-4E1E-806A-D7047A95D653}.Staging|x86.ActiveCfg = Release|Any CPU
		{E918E4F5-F89D-4E1E-806A-D7047A95D653}.SVSS1|Any CPU.ActiveCfg = Release|Any CPU
		{E918E4F5-F89D-4E1E-806A-D7047A95D653}.SVSS1|Any CPU.Build.0 = Release|Any CPU
		{E918E4F5-F89D-4E1E-806A-D7047A95D653}.SVSS1|Mixed Platforms.ActiveCfg = Release|Any CPU
		{E918E4F5-F89D-4E1E-806A-D7047A95D653}.SVSS1|Mixed Platforms.Build.0 = Release|Any CPU
		{E918E4F5-F89D-4E1E-806A-D7047A95D653}.SVSS1|x86.ActiveCfg = Release|Any CPU
		{23D0C64E-9F1A-4658-8172-70C7376E6361}.Debug|Any CPU.ActiveCfg = Debug|Any CPU
		{23D0C64E-9F1A-4658-8172-70C7376E6361}.Debug|Any CPU.Build.0 = Debug|Any CPU
		{23D0C64E-9F1A-4658-8172-70C7376E6361}.Debug|Mixed Platforms.ActiveCfg = Debug|Any CPU
		{23D0C64E-9F1A-4658-8172-70C7376E6361}.Debug|Mixed Platforms.Build.0 = Debug|Any CPU
		{23D0C64E-9F1A-4658-8172-70C7376E6361}.Debug|x86.ActiveCfg = Debug|Any CPU
		{23D0C64E-9F1A-4658-8172-70C7376E6361}.Development|Any CPU.ActiveCfg = Debug|Any CPU
		{23D0C64E-9F1A-4658-8172-70C7376E6361}.Development|Any CPU.Build.0 = Debug|Any CPU
		{23D0C64E-9F1A-4658-8172-70C7376E6361}.Development|Mixed Platforms.ActiveCfg = Debug|Any CPU
		{23D0C64E-9F1A-4658-8172-70C7376E6361}.Development|Mixed Platforms.Build.0 = Debug|Any CPU
		{23D0C64E-9F1A-4658-8172-70C7376E6361}.Development|x86.ActiveCfg = Debug|Any CPU
		{23D0C64E-9F1A-4658-8172-70C7376E6361}.DVSS1|Any CPU.ActiveCfg = DVSS1|Any CPU
		{23D0C64E-9F1A-4658-8172-70C7376E6361}.DVSS1|Any CPU.Build.0 = DVSS1|Any CPU
		{23D0C64E-9F1A-4658-8172-70C7376E6361}.DVSS1|Mixed Platforms.ActiveCfg = DVSS1|Any CPU
		{23D0C64E-9F1A-4658-8172-70C7376E6361}.DVSS1|Mixed Platforms.Build.0 = DVSS1|Any CPU
		{23D0C64E-9F1A-4658-8172-70C7376E6361}.DVSS1|x86.ActiveCfg = DVSS1|Any CPU
		{23D0C64E-9F1A-4658-8172-70C7376E6361}.Release|Any CPU.ActiveCfg = Release|Any CPU
		{23D0C64E-9F1A-4658-8172-70C7376E6361}.Release|Any CPU.Build.0 = Release|Any CPU
		{23D0C64E-9F1A-4658-8172-70C7376E6361}.Release|Mixed Platforms.ActiveCfg = Release|Any CPU
		{23D0C64E-9F1A-4658-8172-70C7376E6361}.Release|Mixed Platforms.Build.0 = Release|Any CPU
		{23D0C64E-9F1A-4658-8172-70C7376E6361}.Release|x86.ActiveCfg = Release|Any CPU
		{23D0C64E-9F1A-4658-8172-70C7376E6361}.Staging|Any CPU.ActiveCfg = Staging|Any CPU
		{23D0C64E-9F1A-4658-8172-70C7376E6361}.Staging|Any CPU.Build.0 = Staging|Any CPU
		{23D0C64E-9F1A-4658-8172-70C7376E6361}.Staging|Mixed Platforms.ActiveCfg = Staging|Any CPU
		{23D0C64E-9F1A-4658-8172-70C7376E6361}.Staging|Mixed Platforms.Build.0 = Staging|Any CPU
		{23D0C64E-9F1A-4658-8172-70C7376E6361}.Staging|x86.ActiveCfg = Staging|Any CPU
		{23D0C64E-9F1A-4658-8172-70C7376E6361}.SVSS1|Any CPU.ActiveCfg = SVSS1|Any CPU
		{23D0C64E-9F1A-4658-8172-70C7376E6361}.SVSS1|Any CPU.Build.0 = SVSS1|Any CPU
		{23D0C64E-9F1A-4658-8172-70C7376E6361}.SVSS1|Mixed Platforms.ActiveCfg = SVSS1|Any CPU
		{23D0C64E-9F1A-4658-8172-70C7376E6361}.SVSS1|Mixed Platforms.Build.0 = SVSS1|Any CPU
		{23D0C64E-9F1A-4658-8172-70C7376E6361}.SVSS1|x86.ActiveCfg = SVSS1|Any CPU
		{FAA069BE-F6AD-4F3C-A3B4-E51A4427332F}.Debug|Any CPU.ActiveCfg = Debug|Any CPU
		{FAA069BE-F6AD-4F3C-A3B4-E51A4427332F}.Debug|Any CPU.Build.0 = Debug|Any CPU
		{FAA069BE-F6AD-4F3C-A3B4-E51A4427332F}.Debug|Mixed Platforms.ActiveCfg = Debug|Any CPU
		{FAA069BE-F6AD-4F3C-A3B4-E51A4427332F}.Debug|Mixed Platforms.Build.0 = Debug|Any CPU
		{FAA069BE-F6AD-4F3C-A3B4-E51A4427332F}.Debug|x86.ActiveCfg = Debug|Any CPU
		{FAA069BE-F6AD-4F3C-A3B4-E51A4427332F}.Development|Any CPU.ActiveCfg = Debug|Any CPU
		{FAA069BE-F6AD-4F3C-A3B4-E51A4427332F}.Development|Any CPU.Build.0 = Debug|Any CPU
		{FAA069BE-F6AD-4F3C-A3B4-E51A4427332F}.Development|Mixed Platforms.ActiveCfg = Debug|Any CPU
		{FAA069BE-F6AD-4F3C-A3B4-E51A4427332F}.Development|Mixed Platforms.Build.0 = Debug|Any CPU
		{FAA069BE-F6AD-4F3C-A3B4-E51A4427332F}.Development|x86.ActiveCfg = Debug|Any CPU
		{FAA069BE-F6AD-4F3C-A3B4-E51A4427332F}.DVSS1|Any CPU.ActiveCfg = Debug|Any CPU
		{FAA069BE-F6AD-4F3C-A3B4-E51A4427332F}.DVSS1|Any CPU.Build.0 = Debug|Any CPU
		{FAA069BE-F6AD-4F3C-A3B4-E51A4427332F}.DVSS1|Mixed Platforms.ActiveCfg = Debug|Any CPU
		{FAA069BE-F6AD-4F3C-A3B4-E51A4427332F}.DVSS1|Mixed Platforms.Build.0 = Debug|Any CPU
		{FAA069BE-F6AD-4F3C-A3B4-E51A4427332F}.DVSS1|x86.ActiveCfg = Debug|Any CPU
		{FAA069BE-F6AD-4F3C-A3B4-E51A4427332F}.Release|Any CPU.ActiveCfg = Release|Any CPU
		{FAA069BE-F6AD-4F3C-A3B4-E51A4427332F}.Release|Any CPU.Build.0 = Release|Any CPU
		{FAA069BE-F6AD-4F3C-A3B4-E51A4427332F}.Release|Mixed Platforms.ActiveCfg = Release|Any CPU
		{FAA069BE-F6AD-4F3C-A3B4-E51A4427332F}.Release|Mixed Platforms.Build.0 = Release|Any CPU
		{FAA069BE-F6AD-4F3C-A3B4-E51A4427332F}.Release|x86.ActiveCfg = Release|Any CPU
		{FAA069BE-F6AD-4F3C-A3B4-E51A4427332F}.Staging|Any CPU.ActiveCfg = Release|Any CPU
		{FAA069BE-F6AD-4F3C-A3B4-E51A4427332F}.Staging|Any CPU.Build.0 = Release|Any CPU
		{FAA069BE-F6AD-4F3C-A3B4-E51A4427332F}.Staging|Mixed Platforms.ActiveCfg = Release|Any CPU
		{FAA069BE-F6AD-4F3C-A3B4-E51A4427332F}.Staging|Mixed Platforms.Build.0 = Release|Any CPU
		{FAA069BE-F6AD-4F3C-A3B4-E51A4427332F}.Staging|x86.ActiveCfg = Release|Any CPU
		{FAA069BE-F6AD-4F3C-A3B4-E51A4427332F}.SVSS1|Any CPU.ActiveCfg = Release|Any CPU
		{FAA069BE-F6AD-4F3C-A3B4-E51A4427332F}.SVSS1|Any CPU.Build.0 = Release|Any CPU
		{FAA069BE-F6AD-4F3C-A3B4-E51A4427332F}.SVSS1|Mixed Platforms.ActiveCfg = Release|Any CPU
		{FAA069BE-F6AD-4F3C-A3B4-E51A4427332F}.SVSS1|Mixed Platforms.Build.0 = Release|Any CPU
		{FAA069BE-F6AD-4F3C-A3B4-E51A4427332F}.SVSS1|x86.ActiveCfg = Release|Any CPU
		{098355FF-E5DE-47CF-BC59-7117B78CB25D}.Debug|Any CPU.ActiveCfg = Debug|Any CPU
		{098355FF-E5DE-47CF-BC59-7117B78CB25D}.Debug|Any CPU.Build.0 = Debug|Any CPU
		{098355FF-E5DE-47CF-BC59-7117B78CB25D}.Debug|Mixed Platforms.ActiveCfg = Debug|Any CPU
		{098355FF-E5DE-47CF-BC59-7117B78CB25D}.Debug|Mixed Platforms.Build.0 = Debug|Any CPU
		{098355FF-E5DE-47CF-BC59-7117B78CB25D}.Debug|x86.ActiveCfg = Debug|Any CPU
		{098355FF-E5DE-47CF-BC59-7117B78CB25D}.Development|Any CPU.ActiveCfg = Development|Any CPU
		{098355FF-E5DE-47CF-BC59-7117B78CB25D}.Development|Any CPU.Build.0 = Development|Any CPU
		{098355FF-E5DE-47CF-BC59-7117B78CB25D}.Development|Mixed Platforms.ActiveCfg = Development|Any CPU
		{098355FF-E5DE-47CF-BC59-7117B78CB25D}.Development|Mixed Platforms.Build.0 = Development|Any CPU
		{098355FF-E5DE-47CF-BC59-7117B78CB25D}.Development|x86.ActiveCfg = Development|Any CPU
		{098355FF-E5DE-47CF-BC59-7117B78CB25D}.DVSS1|Any CPU.ActiveCfg = Development|Any CPU
		{098355FF-E5DE-47CF-BC59-7117B78CB25D}.DVSS1|Any CPU.Build.0 = Development|Any CPU
		{098355FF-E5DE-47CF-BC59-7117B78CB25D}.DVSS1|Mixed Platforms.ActiveCfg = Development|Any CPU
		{098355FF-E5DE-47CF-BC59-7117B78CB25D}.DVSS1|Mixed Platforms.Build.0 = Development|Any CPU
		{098355FF-E5DE-47CF-BC59-7117B78CB25D}.DVSS1|x86.ActiveCfg = Development|Any CPU
		{098355FF-E5DE-47CF-BC59-7117B78CB25D}.Release|Any CPU.ActiveCfg = Release|Any CPU
		{098355FF-E5DE-47CF-BC59-7117B78CB25D}.Release|Any CPU.Build.0 = Release|Any CPU
		{098355FF-E5DE-47CF-BC59-7117B78CB25D}.Release|Mixed Platforms.ActiveCfg = Release|Any CPU
		{098355FF-E5DE-47CF-BC59-7117B78CB25D}.Release|Mixed Platforms.Build.0 = Release|Any CPU
		{098355FF-E5DE-47CF-BC59-7117B78CB25D}.Release|x86.ActiveCfg = Release|Any CPU
		{098355FF-E5DE-47CF-BC59-7117B78CB25D}.Staging|Any CPU.ActiveCfg = Development|Any CPU
		{098355FF-E5DE-47CF-BC59-7117B78CB25D}.Staging|Any CPU.Build.0 = Development|Any CPU
		{098355FF-E5DE-47CF-BC59-7117B78CB25D}.Staging|Mixed Platforms.ActiveCfg = Development|Any CPU
		{098355FF-E5DE-47CF-BC59-7117B78CB25D}.Staging|Mixed Platforms.Build.0 = Development|Any CPU
		{098355FF-E5DE-47CF-BC59-7117B78CB25D}.Staging|x86.ActiveCfg = Development|Any CPU
		{098355FF-E5DE-47CF-BC59-7117B78CB25D}.SVSS1|Any CPU.ActiveCfg = Development|Any CPU
		{098355FF-E5DE-47CF-BC59-7117B78CB25D}.SVSS1|Any CPU.Build.0 = Development|Any CPU
		{098355FF-E5DE-47CF-BC59-7117B78CB25D}.SVSS1|Mixed Platforms.ActiveCfg = Development|Any CPU
		{098355FF-E5DE-47CF-BC59-7117B78CB25D}.SVSS1|Mixed Platforms.Build.0 = Development|Any CPU
		{098355FF-E5DE-47CF-BC59-7117B78CB25D}.SVSS1|x86.ActiveCfg = Development|Any CPU
		{76FA2D81-01AE-4335-8523-76965D75E719}.Debug|Any CPU.ActiveCfg = Debug|Any CPU
		{76FA2D81-01AE-4335-8523-76965D75E719}.Debug|Any CPU.Build.0 = Debug|Any CPU
		{76FA2D81-01AE-4335-8523-76965D75E719}.Debug|Mixed Platforms.ActiveCfg = Debug|Any CPU
		{76FA2D81-01AE-4335-8523-76965D75E719}.Debug|Mixed Platforms.Build.0 = Debug|Any CPU
		{76FA2D81-01AE-4335-8523-76965D75E719}.Debug|x86.ActiveCfg = Debug|Any CPU
		{76FA2D81-01AE-4335-8523-76965D75E719}.Development|Any CPU.ActiveCfg = Debug|Any CPU
		{76FA2D81-01AE-4335-8523-76965D75E719}.Development|Any CPU.Build.0 = Debug|Any CPU
		{76FA2D81-01AE-4335-8523-76965D75E719}.Development|Mixed Platforms.ActiveCfg = Debug|Any CPU
		{76FA2D81-01AE-4335-8523-76965D75E719}.Development|Mixed Platforms.Build.0 = Debug|Any CPU
		{76FA2D81-01AE-4335-8523-76965D75E719}.Development|x86.ActiveCfg = Debug|Any CPU
		{76FA2D81-01AE-4335-8523-76965D75E719}.DVSS1|Any CPU.ActiveCfg = Debug|Any CPU
		{76FA2D81-01AE-4335-8523-76965D75E719}.DVSS1|Any CPU.Build.0 = Debug|Any CPU
		{76FA2D81-01AE-4335-8523-76965D75E719}.DVSS1|Mixed Platforms.ActiveCfg = Debug|Any CPU
		{76FA2D81-01AE-4335-8523-76965D75E719}.DVSS1|Mixed Platforms.Build.0 = Debug|Any CPU
		{76FA2D81-01AE-4335-8523-76965D75E719}.DVSS1|x86.ActiveCfg = Debug|Any CPU
		{76FA2D81-01AE-4335-8523-76965D75E719}.Release|Any CPU.ActiveCfg = Release|Any CPU
		{76FA2D81-01AE-4335-8523-76965D75E719}.Release|Any CPU.Build.0 = Release|Any CPU
		{76FA2D81-01AE-4335-8523-76965D75E719}.Release|Mixed Platforms.ActiveCfg = Release|Any CPU
		{76FA2D81-01AE-4335-8523-76965D75E719}.Release|Mixed Platforms.Build.0 = Release|Any CPU
		{76FA2D81-01AE-4335-8523-76965D75E719}.Release|x86.ActiveCfg = Release|Any CPU
		{76FA2D81-01AE-4335-8523-76965D75E719}.Staging|Any CPU.ActiveCfg = Release|Any CPU
		{76FA2D81-01AE-4335-8523-76965D75E719}.Staging|Any CPU.Build.0 = Release|Any CPU
		{76FA2D81-01AE-4335-8523-76965D75E719}.Staging|Mixed Platforms.ActiveCfg = Release|Any CPU
		{76FA2D81-01AE-4335-8523-76965D75E719}.Staging|Mixed Platforms.Build.0 = Release|Any CPU
		{76FA2D81-01AE-4335-8523-76965D75E719}.Staging|x86.ActiveCfg = Release|Any CPU
		{76FA2D81-01AE-4335-8523-76965D75E719}.SVSS1|Any CPU.ActiveCfg = Release|Any CPU
		{76FA2D81-01AE-4335-8523-76965D75E719}.SVSS1|Any CPU.Build.0 = Release|Any CPU
		{76FA2D81-01AE-4335-8523-76965D75E719}.SVSS1|Mixed Platforms.ActiveCfg = Release|Any CPU
		{76FA2D81-01AE-4335-8523-76965D75E719}.SVSS1|Mixed Platforms.Build.0 = Release|Any CPU
		{76FA2D81-01AE-4335-8523-76965D75E719}.SVSS1|x86.ActiveCfg = Release|Any CPU
		{78EE1D0F-EA98-4DB1-8ECC-AA84707AE150}.Debug|Any CPU.ActiveCfg = Debug|Any CPU
		{78EE1D0F-EA98-4DB1-8ECC-AA84707AE150}.Debug|Any CPU.Build.0 = Debug|Any CPU
		{78EE1D0F-EA98-4DB1-8ECC-AA84707AE150}.Debug|Mixed Platforms.ActiveCfg = Debug|Any CPU
		{78EE1D0F-EA98-4DB1-8ECC-AA84707AE150}.Debug|Mixed Platforms.Build.0 = Debug|Any CPU
		{78EE1D0F-EA98-4DB1-8ECC-AA84707AE150}.Debug|x86.ActiveCfg = Debug|Any CPU
		{78EE1D0F-EA98-4DB1-8ECC-AA84707AE150}.Development|Any CPU.ActiveCfg = Debug|Any CPU
		{78EE1D0F-EA98-4DB1-8ECC-AA84707AE150}.Development|Any CPU.Build.0 = Debug|Any CPU
		{78EE1D0F-EA98-4DB1-8ECC-AA84707AE150}.Development|Mixed Platforms.ActiveCfg = Debug|Any CPU
		{78EE1D0F-EA98-4DB1-8ECC-AA84707AE150}.Development|Mixed Platforms.Build.0 = Debug|Any CPU
		{78EE1D0F-EA98-4DB1-8ECC-AA84707AE150}.Development|x86.ActiveCfg = Debug|Any CPU
		{78EE1D0F-EA98-4DB1-8ECC-AA84707AE150}.DVSS1|Any CPU.ActiveCfg = Debug|Any CPU
		{78EE1D0F-EA98-4DB1-8ECC-AA84707AE150}.DVSS1|Any CPU.Build.0 = Debug|Any CPU
		{78EE1D0F-EA98-4DB1-8ECC-AA84707AE150}.DVSS1|Mixed Platforms.ActiveCfg = Debug|Any CPU
		{78EE1D0F-EA98-4DB1-8ECC-AA84707AE150}.DVSS1|Mixed Platforms.Build.0 = Debug|Any CPU
		{78EE1D0F-EA98-4DB1-8ECC-AA84707AE150}.DVSS1|x86.ActiveCfg = Debug|Any CPU
		{78EE1D0F-EA98-4DB1-8ECC-AA84707AE150}.Release|Any CPU.ActiveCfg = Release|Any CPU
		{78EE1D0F-EA98-4DB1-8ECC-AA84707AE150}.Release|Any CPU.Build.0 = Release|Any CPU
		{78EE1D0F-EA98-4DB1-8ECC-AA84707AE150}.Release|Mixed Platforms.ActiveCfg = Release|Any CPU
		{78EE1D0F-EA98-4DB1-8ECC-AA84707AE150}.Release|Mixed Platforms.Build.0 = Release|Any CPU
		{78EE1D0F-EA98-4DB1-8ECC-AA84707AE150}.Release|x86.ActiveCfg = Release|Any CPU
		{78EE1D0F-EA98-4DB1-8ECC-AA84707AE150}.Staging|Any CPU.ActiveCfg = Release|Any CPU
		{78EE1D0F-EA98-4DB1-8ECC-AA84707AE150}.Staging|Any CPU.Build.0 = Release|Any CPU
		{78EE1D0F-EA98-4DB1-8ECC-AA84707AE150}.Staging|Mixed Platforms.ActiveCfg = Release|Any CPU
		{78EE1D0F-EA98-4DB1-8ECC-AA84707AE150}.Staging|Mixed Platforms.Build.0 = Release|Any CPU
		{78EE1D0F-EA98-4DB1-8ECC-AA84707AE150}.Staging|x86.ActiveCfg = Release|Any CPU
		{78EE1D0F-EA98-4DB1-8ECC-AA84707AE150}.SVSS1|Any CPU.ActiveCfg = Release|Any CPU
		{78EE1D0F-EA98-4DB1-8ECC-AA84707AE150}.SVSS1|Any CPU.Build.0 = Release|Any CPU
		{78EE1D0F-EA98-4DB1-8ECC-AA84707AE150}.SVSS1|Mixed Platforms.ActiveCfg = Release|Any CPU
		{78EE1D0F-EA98-4DB1-8ECC-AA84707AE150}.SVSS1|Mixed Platforms.Build.0 = Release|Any CPU
		{78EE1D0F-EA98-4DB1-8ECC-AA84707AE150}.SVSS1|x86.ActiveCfg = Release|Any CPU
		{705571B3-E6CD-4538-BACF-C055BF1A05B4}.Debug|Any CPU.ActiveCfg = Debug|Any CPU
		{705571B3-E6CD-4538-BACF-C055BF1A05B4}.Debug|Any CPU.Build.0 = Debug|Any CPU
		{705571B3-E6CD-4538-BACF-C055BF1A05B4}.Debug|Mixed Platforms.ActiveCfg = Debug|Any CPU
		{705571B3-E6CD-4538-BACF-C055BF1A05B4}.Debug|Mixed Platforms.Build.0 = Debug|Any CPU
		{705571B3-E6CD-4538-BACF-C055BF1A05B4}.Debug|x86.ActiveCfg = Debug|Any CPU
		{705571B3-E6CD-4538-BACF-C055BF1A05B4}.Development|Any CPU.ActiveCfg = Debug|Any CPU
		{705571B3-E6CD-4538-BACF-C055BF1A05B4}.Development|Any CPU.Build.0 = Debug|Any CPU
		{705571B3-E6CD-4538-BACF-C055BF1A05B4}.Development|Mixed Platforms.ActiveCfg = Debug|Any CPU
		{705571B3-E6CD-4538-BACF-C055BF1A05B4}.Development|Mixed Platforms.Build.0 = Debug|Any CPU
		{705571B3-E6CD-4538-BACF-C055BF1A05B4}.Development|x86.ActiveCfg = Debug|Any CPU
		{705571B3-E6CD-4538-BACF-C055BF1A05B4}.DVSS1|Any CPU.ActiveCfg = Debug|Any CPU
		{705571B3-E6CD-4538-BACF-C055BF1A05B4}.DVSS1|Any CPU.Build.0 = Debug|Any CPU
		{705571B3-E6CD-4538-BACF-C055BF1A05B4}.DVSS1|Mixed Platforms.ActiveCfg = Debug|Any CPU
		{705571B3-E6CD-4538-BACF-C055BF1A05B4}.DVSS1|Mixed Platforms.Build.0 = Debug|Any CPU
		{705571B3-E6CD-4538-BACF-C055BF1A05B4}.DVSS1|x86.ActiveCfg = Debug|Any CPU
		{705571B3-E6CD-4538-BACF-C055BF1A05B4}.Release|Any CPU.ActiveCfg = Release|Any CPU
		{705571B3-E6CD-4538-BACF-C055BF1A05B4}.Release|Any CPU.Build.0 = Release|Any CPU
		{705571B3-E6CD-4538-BACF-C055BF1A05B4}.Release|Mixed Platforms.ActiveCfg = Release|Any CPU
		{705571B3-E6CD-4538-BACF-C055BF1A05B4}.Release|Mixed Platforms.Build.0 = Release|Any CPU
		{705571B3-E6CD-4538-BACF-C055BF1A05B4}.Release|x86.ActiveCfg = Release|Any CPU
		{705571B3-E6CD-4538-BACF-C055BF1A05B4}.Staging|Any CPU.ActiveCfg = Release|Any CPU
		{705571B3-E6CD-4538-BACF-C055BF1A05B4}.Staging|Any CPU.Build.0 = Release|Any CPU
		{705571B3-E6CD-4538-BACF-C055BF1A05B4}.Staging|Mixed Platforms.ActiveCfg = Release|Any CPU
		{705571B3-E6CD-4538-BACF-C055BF1A05B4}.Staging|Mixed Platforms.Build.0 = Release|Any CPU
		{705571B3-E6CD-4538-BACF-C055BF1A05B4}.Staging|x86.ActiveCfg = Release|Any CPU
		{705571B3-E6CD-4538-BACF-C055BF1A05B4}.SVSS1|Any CPU.ActiveCfg = Release|Any CPU
		{705571B3-E6CD-4538-BACF-C055BF1A05B4}.SVSS1|Any CPU.Build.0 = Release|Any CPU
		{705571B3-E6CD-4538-BACF-C055BF1A05B4}.SVSS1|Mixed Platforms.ActiveCfg = Release|Any CPU
		{705571B3-E6CD-4538-BACF-C055BF1A05B4}.SVSS1|Mixed Platforms.Build.0 = Release|Any CPU
		{705571B3-E6CD-4538-BACF-C055BF1A05B4}.SVSS1|x86.ActiveCfg = Release|Any CPU
		{72DF3213-93F6-44D1-A29E-0386CF3ED8EA}.Debug|Any CPU.ActiveCfg = Debug|Any CPU
		{72DF3213-93F6-44D1-A29E-0386CF3ED8EA}.Debug|Any CPU.Build.0 = Debug|Any CPU
		{72DF3213-93F6-44D1-A29E-0386CF3ED8EA}.Debug|Mixed Platforms.ActiveCfg = Debug|Any CPU
		{72DF3213-93F6-44D1-A29E-0386CF3ED8EA}.Debug|Mixed Platforms.Build.0 = Debug|Any CPU
		{72DF3213-93F6-44D1-A29E-0386CF3ED8EA}.Debug|x86.ActiveCfg = Debug|Any CPU
		{72DF3213-93F6-44D1-A29E-0386CF3ED8EA}.Development|Any CPU.ActiveCfg = Debug|Any CPU
		{72DF3213-93F6-44D1-A29E-0386CF3ED8EA}.Development|Any CPU.Build.0 = Debug|Any CPU
		{72DF3213-93F6-44D1-A29E-0386CF3ED8EA}.Development|Mixed Platforms.ActiveCfg = Debug|Any CPU
		{72DF3213-93F6-44D1-A29E-0386CF3ED8EA}.Development|Mixed Platforms.Build.0 = Debug|Any CPU
		{72DF3213-93F6-44D1-A29E-0386CF3ED8EA}.Development|x86.ActiveCfg = Debug|Any CPU
		{72DF3213-93F6-44D1-A29E-0386CF3ED8EA}.DVSS1|Any CPU.ActiveCfg = Debug|Any CPU
		{72DF3213-93F6-44D1-A29E-0386CF3ED8EA}.DVSS1|Any CPU.Build.0 = Debug|Any CPU
		{72DF3213-93F6-44D1-A29E-0386CF3ED8EA}.DVSS1|Mixed Platforms.ActiveCfg = Debug|Any CPU
		{72DF3213-93F6-44D1-A29E-0386CF3ED8EA}.DVSS1|Mixed Platforms.Build.0 = Debug|Any CPU
		{72DF3213-93F6-44D1-A29E-0386CF3ED8EA}.DVSS1|x86.ActiveCfg = Debug|Any CPU
		{72DF3213-93F6-44D1-A29E-0386CF3ED8EA}.Release|Any CPU.ActiveCfg = Release|Any CPU
		{72DF3213-93F6-44D1-A29E-0386CF3ED8EA}.Release|Any CPU.Build.0 = Release|Any CPU
		{72DF3213-93F6-44D1-A29E-0386CF3ED8EA}.Release|Mixed Platforms.ActiveCfg = Release|Any CPU
		{72DF3213-93F6-44D1-A29E-0386CF3ED8EA}.Release|Mixed Platforms.Build.0 = Release|Any CPU
		{72DF3213-93F6-44D1-A29E-0386CF3ED8EA}.Release|x86.ActiveCfg = Release|Any CPU
		{72DF3213-93F6-44D1-A29E-0386CF3ED8EA}.Staging|Any CPU.ActiveCfg = Release|Any CPU
		{72DF3213-93F6-44D1-A29E-0386CF3ED8EA}.Staging|Any CPU.Build.0 = Release|Any CPU
		{72DF3213-93F6-44D1-A29E-0386CF3ED8EA}.Staging|Mixed Platforms.ActiveCfg = Release|Any CPU
		{72DF3213-93F6-44D1-A29E-0386CF3ED8EA}.Staging|Mixed Platforms.Build.0 = Release|Any CPU
		{72DF3213-93F6-44D1-A29E-0386CF3ED8EA}.Staging|x86.ActiveCfg = Release|Any CPU
		{72DF3213-93F6-44D1-A29E-0386CF3ED8EA}.SVSS1|Any CPU.ActiveCfg = Release|Any CPU
		{72DF3213-93F6-44D1-A29E-0386CF3ED8EA}.SVSS1|Any CPU.Build.0 = Release|Any CPU
		{72DF3213-93F6-44D1-A29E-0386CF3ED8EA}.SVSS1|Mixed Platforms.ActiveCfg = Release|Any CPU
		{72DF3213-93F6-44D1-A29E-0386CF3ED8EA}.SVSS1|Mixed Platforms.Build.0 = Release|Any CPU
		{72DF3213-93F6-44D1-A29E-0386CF3ED8EA}.SVSS1|x86.ActiveCfg = Release|Any CPU
		{8CE786D7-43AA-4E95-A963-A7A2C5D8AE7D}.Debug|Any CPU.ActiveCfg = Debug|Any CPU
		{8CE786D7-43AA-4E95-A963-A7A2C5D8AE7D}.Debug|Any CPU.Build.0 = Debug|Any CPU
		{8CE786D7-43AA-4E95-A963-A7A2C5D8AE7D}.Debug|Mixed Platforms.ActiveCfg = Debug|Any CPU
		{8CE786D7-43AA-4E95-A963-A7A2C5D8AE7D}.Debug|Mixed Platforms.Build.0 = Debug|Any CPU
		{8CE786D7-43AA-4E95-A963-A7A2C5D8AE7D}.Debug|x86.ActiveCfg = Debug|Any CPU
		{8CE786D7-43AA-4E95-A963-A7A2C5D8AE7D}.Development|Any CPU.ActiveCfg = Debug|Any CPU
		{8CE786D7-43AA-4E95-A963-A7A2C5D8AE7D}.Development|Any CPU.Build.0 = Debug|Any CPU
		{8CE786D7-43AA-4E95-A963-A7A2C5D8AE7D}.Development|Mixed Platforms.ActiveCfg = Debug|Any CPU
		{8CE786D7-43AA-4E95-A963-A7A2C5D8AE7D}.Development|Mixed Platforms.Build.0 = Debug|Any CPU
		{8CE786D7-43AA-4E95-A963-A7A2C5D8AE7D}.Development|x86.ActiveCfg = Debug|Any CPU
		{8CE786D7-43AA-4E95-A963-A7A2C5D8AE7D}.DVSS1|Any CPU.ActiveCfg = Debug|Any CPU
		{8CE786D7-43AA-4E95-A963-A7A2C5D8AE7D}.DVSS1|Any CPU.Build.0 = Debug|Any CPU
		{8CE786D7-43AA-4E95-A963-A7A2C5D8AE7D}.DVSS1|Mixed Platforms.ActiveCfg = Debug|Any CPU
		{8CE786D7-43AA-4E95-A963-A7A2C5D8AE7D}.DVSS1|Mixed Platforms.Build.0 = Debug|Any CPU
		{8CE786D7-43AA-4E95-A963-A7A2C5D8AE7D}.DVSS1|x86.ActiveCfg = Debug|Any CPU
		{8CE786D7-43AA-4E95-A963-A7A2C5D8AE7D}.Release|Any CPU.ActiveCfg = Release|Any CPU
		{8CE786D7-43AA-4E95-A963-A7A2C5D8AE7D}.Release|Any CPU.Build.0 = Release|Any CPU
		{8CE786D7-43AA-4E95-A963-A7A2C5D8AE7D}.Release|Mixed Platforms.ActiveCfg = Release|Any CPU
		{8CE786D7-43AA-4E95-A963-A7A2C5D8AE7D}.Release|Mixed Platforms.Build.0 = Release|Any CPU
		{8CE786D7-43AA-4E95-A963-A7A2C5D8AE7D}.Release|x86.ActiveCfg = Release|Any CPU
		{8CE786D7-43AA-4E95-A963-A7A2C5D8AE7D}.Staging|Any CPU.ActiveCfg = Release|Any CPU
		{8CE786D7-43AA-4E95-A963-A7A2C5D8AE7D}.Staging|Any CPU.Build.0 = Release|Any CPU
		{8CE786D7-43AA-4E95-A963-A7A2C5D8AE7D}.Staging|Mixed Platforms.ActiveCfg = Release|Any CPU
		{8CE786D7-43AA-4E95-A963-A7A2C5D8AE7D}.Staging|Mixed Platforms.Build.0 = Release|Any CPU
		{8CE786D7-43AA-4E95-A963-A7A2C5D8AE7D}.Staging|x86.ActiveCfg = Release|Any CPU
		{8CE786D7-43AA-4E95-A963-A7A2C5D8AE7D}.SVSS1|Any CPU.ActiveCfg = Release|Any CPU
		{8CE786D7-43AA-4E95-A963-A7A2C5D8AE7D}.SVSS1|Any CPU.Build.0 = Release|Any CPU
		{8CE786D7-43AA-4E95-A963-A7A2C5D8AE7D}.SVSS1|Mixed Platforms.ActiveCfg = Release|Any CPU
		{8CE786D7-43AA-4E95-A963-A7A2C5D8AE7D}.SVSS1|Mixed Platforms.Build.0 = Release|Any CPU
		{8CE786D7-43AA-4E95-A963-A7A2C5D8AE7D}.SVSS1|x86.ActiveCfg = Release|Any CPU
		{0B018F22-16C3-4FFE-8320-6DD4E353B324}.Debug|Any CPU.ActiveCfg = Debug|Any CPU
		{0B018F22-16C3-4FFE-8320-6DD4E353B324}.Debug|Any CPU.Build.0 = Debug|Any CPU
		{0B018F22-16C3-4FFE-8320-6DD4E353B324}.Debug|Mixed Platforms.ActiveCfg = Debug|Any CPU
		{0B018F22-16C3-4FFE-8320-6DD4E353B324}.Debug|Mixed Platforms.Build.0 = Debug|Any CPU
		{0B018F22-16C3-4FFE-8320-6DD4E353B324}.Debug|x86.ActiveCfg = Debug|Any CPU
		{0B018F22-16C3-4FFE-8320-6DD4E353B324}.Development|Any CPU.ActiveCfg = Debug|Any CPU
		{0B018F22-16C3-4FFE-8320-6DD4E353B324}.Development|Any CPU.Build.0 = Debug|Any CPU
		{0B018F22-16C3-4FFE-8320-6DD4E353B324}.Development|Mixed Platforms.ActiveCfg = Debug|Any CPU
		{0B018F22-16C3-4FFE-8320-6DD4E353B324}.Development|Mixed Platforms.Build.0 = Debug|Any CPU
		{0B018F22-16C3-4FFE-8320-6DD4E353B324}.Development|x86.ActiveCfg = Debug|Any CPU
		{0B018F22-16C3-4FFE-8320-6DD4E353B324}.DVSS1|Any CPU.ActiveCfg = DVSS1|Any CPU
		{0B018F22-16C3-4FFE-8320-6DD4E353B324}.DVSS1|Any CPU.Build.0 = DVSS1|Any CPU
		{0B018F22-16C3-4FFE-8320-6DD4E353B324}.DVSS1|Mixed Platforms.ActiveCfg = DVSS1|Any CPU
		{0B018F22-16C3-4FFE-8320-6DD4E353B324}.DVSS1|Mixed Platforms.Build.0 = DVSS1|Any CPU
		{0B018F22-16C3-4FFE-8320-6DD4E353B324}.DVSS1|x86.ActiveCfg = DVSS1|Any CPU
		{0B018F22-16C3-4FFE-8320-6DD4E353B324}.Release|Any CPU.ActiveCfg = Release|Any CPU
		{0B018F22-16C3-4FFE-8320-6DD4E353B324}.Release|Any CPU.Build.0 = Release|Any CPU
		{0B018F22-16C3-4FFE-8320-6DD4E353B324}.Release|Mixed Platforms.ActiveCfg = Release|Any CPU
		{0B018F22-16C3-4FFE-8320-6DD4E353B324}.Release|Mixed Platforms.Build.0 = Release|Any CPU
		{0B018F22-16C3-4FFE-8320-6DD4E353B324}.Release|x86.ActiveCfg = Release|Any CPU
		{0B018F22-16C3-4FFE-8320-6DD4E353B324}.Staging|Any CPU.ActiveCfg = Staging|Any CPU
		{0B018F22-16C3-4FFE-8320-6DD4E353B324}.Staging|Any CPU.Build.0 = Staging|Any CPU
		{0B018F22-16C3-4FFE-8320-6DD4E353B324}.Staging|Mixed Platforms.ActiveCfg = Staging|Any CPU
		{0B018F22-16C3-4FFE-8320-6DD4E353B324}.Staging|Mixed Platforms.Build.0 = Staging|Any CPU
		{0B018F22-16C3-4FFE-8320-6DD4E353B324}.Staging|x86.ActiveCfg = Staging|Any CPU
		{0B018F22-16C3-4FFE-8320-6DD4E353B324}.SVSS1|Any CPU.ActiveCfg = SVSS1|Any CPU
		{0B018F22-16C3-4FFE-8320-6DD4E353B324}.SVSS1|Any CPU.Build.0 = SVSS1|Any CPU
		{0B018F22-16C3-4FFE-8320-6DD4E353B324}.SVSS1|Mixed Platforms.ActiveCfg = SVSS1|Any CPU
		{0B018F22-16C3-4FFE-8320-6DD4E353B324}.SVSS1|Mixed Platforms.Build.0 = SVSS1|Any CPU
		{0B018F22-16C3-4FFE-8320-6DD4E353B324}.SVSS1|x86.ActiveCfg = SVSS1|Any CPU
		{48D7859F-30C0-42CF-91E3-6D59D5F47474}.Debug|Any CPU.ActiveCfg = Debug|Any CPU
		{48D7859F-30C0-42CF-91E3-6D59D5F47474}.Debug|Any CPU.Build.0 = Debug|Any CPU
		{48D7859F-30C0-42CF-91E3-6D59D5F47474}.Debug|Mixed Platforms.ActiveCfg = Debug|Any CPU
		{48D7859F-30C0-42CF-91E3-6D59D5F47474}.Debug|Mixed Platforms.Build.0 = Debug|Any CPU
		{48D7859F-30C0-42CF-91E3-6D59D5F47474}.Debug|x86.ActiveCfg = Debug|Any CPU
		{48D7859F-30C0-42CF-91E3-6D59D5F47474}.Development|Any CPU.ActiveCfg = Debug|Any CPU
		{48D7859F-30C0-42CF-91E3-6D59D5F47474}.Development|Any CPU.Build.0 = Debug|Any CPU
		{48D7859F-30C0-42CF-91E3-6D59D5F47474}.Development|Mixed Platforms.ActiveCfg = Debug|Any CPU
		{48D7859F-30C0-42CF-91E3-6D59D5F47474}.Development|Mixed Platforms.Build.0 = Debug|Any CPU
		{48D7859F-30C0-42CF-91E3-6D59D5F47474}.Development|x86.ActiveCfg = Debug|Any CPU
		{48D7859F-30C0-42CF-91E3-6D59D5F47474}.DVSS1|Any CPU.ActiveCfg = Debug|Any CPU
		{48D7859F-30C0-42CF-91E3-6D59D5F47474}.DVSS1|Any CPU.Build.0 = Debug|Any CPU
		{48D7859F-30C0-42CF-91E3-6D59D5F47474}.DVSS1|Mixed Platforms.ActiveCfg = Debug|Any CPU
		{48D7859F-30C0-42CF-91E3-6D59D5F47474}.DVSS1|Mixed Platforms.Build.0 = Debug|Any CPU
		{48D7859F-30C0-42CF-91E3-6D59D5F47474}.DVSS1|x86.ActiveCfg = Debug|Any CPU
		{48D7859F-30C0-42CF-91E3-6D59D5F47474}.Release|Any CPU.ActiveCfg = Release|Any CPU
		{48D7859F-30C0-42CF-91E3-6D59D5F47474}.Release|Any CPU.Build.0 = Release|Any CPU
		{48D7859F-30C0-42CF-91E3-6D59D5F47474}.Release|Mixed Platforms.ActiveCfg = Release|Any CPU
		{48D7859F-30C0-42CF-91E3-6D59D5F47474}.Release|Mixed Platforms.Build.0 = Release|Any CPU
		{48D7859F-30C0-42CF-91E3-6D59D5F47474}.Release|x86.ActiveCfg = Release|Any CPU
		{48D7859F-30C0-42CF-91E3-6D59D5F47474}.Staging|Any CPU.ActiveCfg = Release|Any CPU
		{48D7859F-30C0-42CF-91E3-6D59D5F47474}.Staging|Any CPU.Build.0 = Release|Any CPU
		{48D7859F-30C0-42CF-91E3-6D59D5F47474}.Staging|Mixed Platforms.ActiveCfg = Release|Any CPU
		{48D7859F-30C0-42CF-91E3-6D59D5F47474}.Staging|Mixed Platforms.Build.0 = Release|Any CPU
		{48D7859F-30C0-42CF-91E3-6D59D5F47474}.Staging|x86.ActiveCfg = Release|Any CPU
		{48D7859F-30C0-42CF-91E3-6D59D5F47474}.SVSS1|Any CPU.ActiveCfg = Release|Any CPU
		{48D7859F-30C0-42CF-91E3-6D59D5F47474}.SVSS1|Any CPU.Build.0 = Release|Any CPU
		{48D7859F-30C0-42CF-91E3-6D59D5F47474}.SVSS1|Mixed Platforms.ActiveCfg = Release|Any CPU
		{48D7859F-30C0-42CF-91E3-6D59D5F47474}.SVSS1|Mixed Platforms.Build.0 = Release|Any CPU
		{48D7859F-30C0-42CF-91E3-6D59D5F47474}.SVSS1|x86.ActiveCfg = Release|Any CPU
		{36F35BA7-5F45-432C-99C6-5FB1989B59E6}.Debug|Any CPU.ActiveCfg = Debug|Any CPU
		{36F35BA7-5F45-432C-99C6-5FB1989B59E6}.Debug|Any CPU.Build.0 = Debug|Any CPU
		{36F35BA7-5F45-432C-99C6-5FB1989B59E6}.Debug|Mixed Platforms.ActiveCfg = Debug|Any CPU
		{36F35BA7-5F45-432C-99C6-5FB1989B59E6}.Debug|Mixed Platforms.Build.0 = Debug|Any CPU
		{36F35BA7-5F45-432C-99C6-5FB1989B59E6}.Debug|x86.ActiveCfg = Debug|Any CPU
		{36F35BA7-5F45-432C-99C6-5FB1989B59E6}.Development|Any CPU.ActiveCfg = Debug|Any CPU
		{36F35BA7-5F45-432C-99C6-5FB1989B59E6}.Development|Any CPU.Build.0 = Debug|Any CPU
		{36F35BA7-5F45-432C-99C6-5FB1989B59E6}.Development|Mixed Platforms.ActiveCfg = Debug|Any CPU
		{36F35BA7-5F45-432C-99C6-5FB1989B59E6}.Development|Mixed Platforms.Build.0 = Debug|Any CPU
		{36F35BA7-5F45-432C-99C6-5FB1989B59E6}.Development|x86.ActiveCfg = Debug|Any CPU
		{36F35BA7-5F45-432C-99C6-5FB1989B59E6}.DVSS1|Any CPU.ActiveCfg = Debug|Any CPU
		{36F35BA7-5F45-432C-99C6-5FB1989B59E6}.DVSS1|Any CPU.Build.0 = Debug|Any CPU
		{36F35BA7-5F45-432C-99C6-5FB1989B59E6}.DVSS1|Mixed Platforms.ActiveCfg = Debug|Any CPU
		{36F35BA7-5F45-432C-99C6-5FB1989B59E6}.DVSS1|Mixed Platforms.Build.0 = Debug|Any CPU
		{36F35BA7-5F45-432C-99C6-5FB1989B59E6}.DVSS1|x86.ActiveCfg = Debug|Any CPU
		{36F35BA7-5F45-432C-99C6-5FB1989B59E6}.Release|Any CPU.ActiveCfg = Release|Any CPU
		{36F35BA7-5F45-432C-99C6-5FB1989B59E6}.Release|Any CPU.Build.0 = Release|Any CPU
		{36F35BA7-5F45-432C-99C6-5FB1989B59E6}.Release|Mixed Platforms.ActiveCfg = Release|Any CPU
		{36F35BA7-5F45-432C-99C6-5FB1989B59E6}.Release|Mixed Platforms.Build.0 = Release|Any CPU
		{36F35BA7-5F45-432C-99C6-5FB1989B59E6}.Release|x86.ActiveCfg = Release|Any CPU
		{36F35BA7-5F45-432C-99C6-5FB1989B59E6}.Staging|Any CPU.ActiveCfg = Release|Any CPU
		{36F35BA7-5F45-432C-99C6-5FB1989B59E6}.Staging|Any CPU.Build.0 = Release|Any CPU
		{36F35BA7-5F45-432C-99C6-5FB1989B59E6}.Staging|Mixed Platforms.ActiveCfg = Release|Any CPU
		{36F35BA7-5F45-432C-99C6-5FB1989B59E6}.Staging|Mixed Platforms.Build.0 = Release|Any CPU
		{36F35BA7-5F45-432C-99C6-5FB1989B59E6}.Staging|x86.ActiveCfg = Release|Any CPU
		{36F35BA7-5F45-432C-99C6-5FB1989B59E6}.SVSS1|Any CPU.ActiveCfg = Release|Any CPU
		{36F35BA7-5F45-432C-99C6-5FB1989B59E6}.SVSS1|Any CPU.Build.0 = Release|Any CPU
		{36F35BA7-5F45-432C-99C6-5FB1989B59E6}.SVSS1|Mixed Platforms.ActiveCfg = Release|Any CPU
		{36F35BA7-5F45-432C-99C6-5FB1989B59E6}.SVSS1|Mixed Platforms.Build.0 = Release|Any CPU
		{36F35BA7-5F45-432C-99C6-5FB1989B59E6}.SVSS1|x86.ActiveCfg = Release|Any CPU
		{F841FCB7-7A0B-4C52-BC6B-133D13FD50CF}.Debug|Any CPU.ActiveCfg = Debug|Any CPU
		{F841FCB7-7A0B-4C52-BC6B-133D13FD50CF}.Debug|Any CPU.Build.0 = Debug|Any CPU
		{F841FCB7-7A0B-4C52-BC6B-133D13FD50CF}.Debug|Mixed Platforms.ActiveCfg = Debug|Any CPU
		{F841FCB7-7A0B-4C52-BC6B-133D13FD50CF}.Debug|Mixed Platforms.Build.0 = Debug|Any CPU
		{F841FCB7-7A0B-4C52-BC6B-133D13FD50CF}.Debug|x86.ActiveCfg = Debug|Any CPU
		{F841FCB7-7A0B-4C52-BC6B-133D13FD50CF}.Development|Any CPU.ActiveCfg = Debug|Any CPU
		{F841FCB7-7A0B-4C52-BC6B-133D13FD50CF}.Development|Any CPU.Build.0 = Debug|Any CPU
		{F841FCB7-7A0B-4C52-BC6B-133D13FD50CF}.Development|Mixed Platforms.ActiveCfg = Debug|Any CPU
		{F841FCB7-7A0B-4C52-BC6B-133D13FD50CF}.Development|Mixed Platforms.Build.0 = Debug|Any CPU
		{F841FCB7-7A0B-4C52-BC6B-133D13FD50CF}.Development|x86.ActiveCfg = Debug|Any CPU
		{F841FCB7-7A0B-4C52-BC6B-133D13FD50CF}.DVSS1|Any CPU.ActiveCfg = DVSS1|Any CPU
		{F841FCB7-7A0B-4C52-BC6B-133D13FD50CF}.DVSS1|Any CPU.Build.0 = DVSS1|Any CPU
		{F841FCB7-7A0B-4C52-BC6B-133D13FD50CF}.DVSS1|Mixed Platforms.ActiveCfg = DVSS1|Any CPU
		{F841FCB7-7A0B-4C52-BC6B-133D13FD50CF}.DVSS1|Mixed Platforms.Build.0 = DVSS1|Any CPU
		{F841FCB7-7A0B-4C52-BC6B-133D13FD50CF}.DVSS1|x86.ActiveCfg = DVSS1|Any CPU
		{F841FCB7-7A0B-4C52-BC6B-133D13FD50CF}.Release|Any CPU.ActiveCfg = Release|Any CPU
		{F841FCB7-7A0B-4C52-BC6B-133D13FD50CF}.Release|Any CPU.Build.0 = Release|Any CPU
		{F841FCB7-7A0B-4C52-BC6B-133D13FD50CF}.Release|Mixed Platforms.ActiveCfg = Release|Any CPU
		{F841FCB7-7A0B-4C52-BC6B-133D13FD50CF}.Release|Mixed Platforms.Build.0 = Release|Any CPU
		{F841FCB7-7A0B-4C52-BC6B-133D13FD50CF}.Release|x86.ActiveCfg = Release|Any CPU
		{F841FCB7-7A0B-4C52-BC6B-133D13FD50CF}.Staging|Any CPU.ActiveCfg = Staging|Any CPU
		{F841FCB7-7A0B-4C52-BC6B-133D13FD50CF}.Staging|Any CPU.Build.0 = Staging|Any CPU
		{F841FCB7-7A0B-4C52-BC6B-133D13FD50CF}.Staging|Mixed Platforms.ActiveCfg = Staging|Any CPU
		{F841FCB7-7A0B-4C52-BC6B-133D13FD50CF}.Staging|Mixed Platforms.Build.0 = Staging|Any CPU
		{F841FCB7-7A0B-4C52-BC6B-133D13FD50CF}.Staging|x86.ActiveCfg = Staging|Any CPU
		{F841FCB7-7A0B-4C52-BC6B-133D13FD50CF}.SVSS1|Any CPU.ActiveCfg = SVSS1|Any CPU
		{F841FCB7-7A0B-4C52-BC6B-133D13FD50CF}.SVSS1|Any CPU.Build.0 = SVSS1|Any CPU
		{F841FCB7-7A0B-4C52-BC6B-133D13FD50CF}.SVSS1|Mixed Platforms.ActiveCfg = SVSS1|Any CPU
		{F841FCB7-7A0B-4C52-BC6B-133D13FD50CF}.SVSS1|Mixed Platforms.Build.0 = SVSS1|Any CPU
		{F841FCB7-7A0B-4C52-BC6B-133D13FD50CF}.SVSS1|x86.ActiveCfg = SVSS1|Any CPU
		{407FCB5B-2248-4CC6-824F-A3E8EEF0BAFC}.Debug|Any CPU.ActiveCfg = Debug|Any CPU
		{407FCB5B-2248-4CC6-824F-A3E8EEF0BAFC}.Debug|Any CPU.Build.0 = Debug|Any CPU
		{407FCB5B-2248-4CC6-824F-A3E8EEF0BAFC}.Debug|Mixed Platforms.ActiveCfg = Debug|Any CPU
		{407FCB5B-2248-4CC6-824F-A3E8EEF0BAFC}.Debug|Mixed Platforms.Build.0 = Debug|Any CPU
		{407FCB5B-2248-4CC6-824F-A3E8EEF0BAFC}.Debug|x86.ActiveCfg = Debug|Any CPU
		{407FCB5B-2248-4CC6-824F-A3E8EEF0BAFC}.Development|Any CPU.ActiveCfg = Debug|Any CPU
		{407FCB5B-2248-4CC6-824F-A3E8EEF0BAFC}.Development|Any CPU.Build.0 = Debug|Any CPU
		{407FCB5B-2248-4CC6-824F-A3E8EEF0BAFC}.Development|Mixed Platforms.ActiveCfg = Debug|Any CPU
		{407FCB5B-2248-4CC6-824F-A3E8EEF0BAFC}.Development|Mixed Platforms.Build.0 = Debug|Any CPU
		{407FCB5B-2248-4CC6-824F-A3E8EEF0BAFC}.Development|x86.ActiveCfg = Debug|Any CPU
		{407FCB5B-2248-4CC6-824F-A3E8EEF0BAFC}.DVSS1|Any CPU.ActiveCfg = Debug|Any CPU
		{407FCB5B-2248-4CC6-824F-A3E8EEF0BAFC}.DVSS1|Any CPU.Build.0 = Debug|Any CPU
		{407FCB5B-2248-4CC6-824F-A3E8EEF0BAFC}.DVSS1|Mixed Platforms.ActiveCfg = Debug|Any CPU
		{407FCB5B-2248-4CC6-824F-A3E8EEF0BAFC}.DVSS1|Mixed Platforms.Build.0 = Debug|Any CPU
		{407FCB5B-2248-4CC6-824F-A3E8EEF0BAFC}.DVSS1|x86.ActiveCfg = Debug|Any CPU
		{407FCB5B-2248-4CC6-824F-A3E8EEF0BAFC}.Release|Any CPU.ActiveCfg = Release|Any CPU
		{407FCB5B-2248-4CC6-824F-A3E8EEF0BAFC}.Release|Any CPU.Build.0 = Release|Any CPU
		{407FCB5B-2248-4CC6-824F-A3E8EEF0BAFC}.Release|Mixed Platforms.ActiveCfg = Release|Any CPU
		{407FCB5B-2248-4CC6-824F-A3E8EEF0BAFC}.Release|Mixed Platforms.Build.0 = Release|Any CPU
		{407FCB5B-2248-4CC6-824F-A3E8EEF0BAFC}.Release|x86.ActiveCfg = Release|Any CPU
		{407FCB5B-2248-4CC6-824F-A3E8EEF0BAFC}.Staging|Any CPU.ActiveCfg = Release|Any CPU
		{407FCB5B-2248-4CC6-824F-A3E8EEF0BAFC}.Staging|Any CPU.Build.0 = Release|Any CPU
		{407FCB5B-2248-4CC6-824F-A3E8EEF0BAFC}.Staging|Mixed Platforms.ActiveCfg = Release|Any CPU
		{407FCB5B-2248-4CC6-824F-A3E8EEF0BAFC}.Staging|Mixed Platforms.Build.0 = Release|Any CPU
		{407FCB5B-2248-4CC6-824F-A3E8EEF0BAFC}.Staging|x86.ActiveCfg = Release|Any CPU
		{407FCB5B-2248-4CC6-824F-A3E8EEF0BAFC}.SVSS1|Any CPU.ActiveCfg = Release|Any CPU
		{407FCB5B-2248-4CC6-824F-A3E8EEF0BAFC}.SVSS1|Any CPU.Build.0 = Release|Any CPU
		{407FCB5B-2248-4CC6-824F-A3E8EEF0BAFC}.SVSS1|Mixed Platforms.ActiveCfg = Release|Any CPU
		{407FCB5B-2248-4CC6-824F-A3E8EEF0BAFC}.SVSS1|Mixed Platforms.Build.0 = Release|Any CPU
		{407FCB5B-2248-4CC6-824F-A3E8EEF0BAFC}.SVSS1|x86.ActiveCfg = Release|Any CPU
		{2819982F-3116-4728-98A9-3B1E0C8384FE}.Debug|Any CPU.ActiveCfg = Debug|Any CPU
		{2819982F-3116-4728-98A9-3B1E0C8384FE}.Debug|Any CPU.Build.0 = Debug|Any CPU
		{2819982F-3116-4728-98A9-3B1E0C8384FE}.Debug|Mixed Platforms.ActiveCfg = Debug|Any CPU
		{2819982F-3116-4728-98A9-3B1E0C8384FE}.Debug|Mixed Platforms.Build.0 = Debug|Any CPU
		{2819982F-3116-4728-98A9-3B1E0C8384FE}.Debug|x86.ActiveCfg = Debug|Any CPU
		{2819982F-3116-4728-98A9-3B1E0C8384FE}.Development|Any CPU.ActiveCfg = Debug|Any CPU
		{2819982F-3116-4728-98A9-3B1E0C8384FE}.Development|Any CPU.Build.0 = Debug|Any CPU
		{2819982F-3116-4728-98A9-3B1E0C8384FE}.Development|Mixed Platforms.ActiveCfg = Debug|Any CPU
		{2819982F-3116-4728-98A9-3B1E0C8384FE}.Development|Mixed Platforms.Build.0 = Debug|Any CPU
		{2819982F-3116-4728-98A9-3B1E0C8384FE}.Development|x86.ActiveCfg = Debug|Any CPU
		{2819982F-3116-4728-98A9-3B1E0C8384FE}.DVSS1|Any CPU.ActiveCfg = Debug|Any CPU
		{2819982F-3116-4728-98A9-3B1E0C8384FE}.DVSS1|Any CPU.Build.0 = Debug|Any CPU
		{2819982F-3116-4728-98A9-3B1E0C8384FE}.DVSS1|Mixed Platforms.ActiveCfg = Debug|Any CPU
		{2819982F-3116-4728-98A9-3B1E0C8384FE}.DVSS1|Mixed Platforms.Build.0 = Debug|Any CPU
		{2819982F-3116-4728-98A9-3B1E0C8384FE}.DVSS1|x86.ActiveCfg = Debug|Any CPU
		{2819982F-3116-4728-98A9-3B1E0C8384FE}.Release|Any CPU.ActiveCfg = Release|Any CPU
		{2819982F-3116-4728-98A9-3B1E0C8384FE}.Release|Any CPU.Build.0 = Release|Any CPU
		{2819982F-3116-4728-98A9-3B1E0C8384FE}.Release|Mixed Platforms.ActiveCfg = Release|Any CPU
		{2819982F-3116-4728-98A9-3B1E0C8384FE}.Release|Mixed Platforms.Build.0 = Release|Any CPU
		{2819982F-3116-4728-98A9-3B1E0C8384FE}.Release|x86.ActiveCfg = Release|Any CPU
		{2819982F-3116-4728-98A9-3B1E0C8384FE}.Staging|Any CPU.ActiveCfg = Release|Any CPU
		{2819982F-3116-4728-98A9-3B1E0C8384FE}.Staging|Any CPU.Build.0 = Release|Any CPU
		{2819982F-3116-4728-98A9-3B1E0C8384FE}.Staging|Mixed Platforms.ActiveCfg = Release|Any CPU
		{2819982F-3116-4728-98A9-3B1E0C8384FE}.Staging|Mixed Platforms.Build.0 = Release|Any CPU
		{2819982F-3116-4728-98A9-3B1E0C8384FE}.Staging|x86.ActiveCfg = Release|Any CPU
		{2819982F-3116-4728-98A9-3B1E0C8384FE}.SVSS1|Any CPU.ActiveCfg = Release|Any CPU
		{2819982F-3116-4728-98A9-3B1E0C8384FE}.SVSS1|Any CPU.Build.0 = Release|Any CPU
		{2819982F-3116-4728-98A9-3B1E0C8384FE}.SVSS1|Mixed Platforms.ActiveCfg = Release|Any CPU
		{2819982F-3116-4728-98A9-3B1E0C8384FE}.SVSS1|Mixed Platforms.Build.0 = Release|Any CPU
		{2819982F-3116-4728-98A9-3B1E0C8384FE}.SVSS1|x86.ActiveCfg = Release|Any CPU
		{E77E66DD-1A22-4A6D-B33A-5B3F9AC8E9C3}.Debug|Any CPU.ActiveCfg = Debug|Any CPU
		{E77E66DD-1A22-4A6D-B33A-5B3F9AC8E9C3}.Debug|Any CPU.Build.0 = Debug|Any CPU
		{E77E66DD-1A22-4A6D-B33A-5B3F9AC8E9C3}.Debug|Mixed Platforms.ActiveCfg = Debug|Any CPU
		{E77E66DD-1A22-4A6D-B33A-5B3F9AC8E9C3}.Debug|Mixed Platforms.Build.0 = Debug|Any CPU
		{E77E66DD-1A22-4A6D-B33A-5B3F9AC8E9C3}.Debug|x86.ActiveCfg = Debug|Any CPU
		{E77E66DD-1A22-4A6D-B33A-5B3F9AC8E9C3}.Development|Any CPU.ActiveCfg = Debug|Any CPU
		{E77E66DD-1A22-4A6D-B33A-5B3F9AC8E9C3}.Development|Any CPU.Build.0 = Debug|Any CPU
		{E77E66DD-1A22-4A6D-B33A-5B3F9AC8E9C3}.Development|Mixed Platforms.ActiveCfg = Debug|Any CPU
		{E77E66DD-1A22-4A6D-B33A-5B3F9AC8E9C3}.Development|Mixed Platforms.Build.0 = Debug|Any CPU
		{E77E66DD-1A22-4A6D-B33A-5B3F9AC8E9C3}.Development|x86.ActiveCfg = Debug|Any CPU
		{E77E66DD-1A22-4A6D-B33A-5B3F9AC8E9C3}.DVSS1|Any CPU.ActiveCfg = Debug|Any CPU
		{E77E66DD-1A22-4A6D-B33A-5B3F9AC8E9C3}.DVSS1|Any CPU.Build.0 = Debug|Any CPU
		{E77E66DD-1A22-4A6D-B33A-5B3F9AC8E9C3}.DVSS1|Mixed Platforms.ActiveCfg = Debug|Any CPU
		{E77E66DD-1A22-4A6D-B33A-5B3F9AC8E9C3}.DVSS1|Mixed Platforms.Build.0 = Debug|Any CPU
		{E77E66DD-1A22-4A6D-B33A-5B3F9AC8E9C3}.DVSS1|x86.ActiveCfg = Debug|Any CPU
		{E77E66DD-1A22-4A6D-B33A-5B3F9AC8E9C3}.Release|Any CPU.ActiveCfg = Release|Any CPU
		{E77E66DD-1A22-4A6D-B33A-5B3F9AC8E9C3}.Release|Any CPU.Build.0 = Release|Any CPU
		{E77E66DD-1A22-4A6D-B33A-5B3F9AC8E9C3}.Release|Mixed Platforms.ActiveCfg = Release|Any CPU
		{E77E66DD-1A22-4A6D-B33A-5B3F9AC8E9C3}.Release|Mixed Platforms.Build.0 = Release|Any CPU
		{E77E66DD-1A22-4A6D-B33A-5B3F9AC8E9C3}.Release|x86.ActiveCfg = Release|Any CPU
		{E77E66DD-1A22-4A6D-B33A-5B3F9AC8E9C3}.Staging|Any CPU.ActiveCfg = Release|Any CPU
		{E77E66DD-1A22-4A6D-B33A-5B3F9AC8E9C3}.Staging|Any CPU.Build.0 = Release|Any CPU
		{E77E66DD-1A22-4A6D-B33A-5B3F9AC8E9C3}.Staging|Mixed Platforms.ActiveCfg = Release|Any CPU
		{E77E66DD-1A22-4A6D-B33A-5B3F9AC8E9C3}.Staging|Mixed Platforms.Build.0 = Release|Any CPU
		{E77E66DD-1A22-4A6D-B33A-5B3F9AC8E9C3}.Staging|x86.ActiveCfg = Release|Any CPU
		{E77E66DD-1A22-4A6D-B33A-5B3F9AC8E9C3}.SVSS1|Any CPU.ActiveCfg = Release|Any CPU
		{E77E66DD-1A22-4A6D-B33A-5B3F9AC8E9C3}.SVSS1|Any CPU.Build.0 = Release|Any CPU
		{E77E66DD-1A22-4A6D-B33A-5B3F9AC8E9C3}.SVSS1|Mixed Platforms.ActiveCfg = Release|Any CPU
		{E77E66DD-1A22-4A6D-B33A-5B3F9AC8E9C3}.SVSS1|Mixed Platforms.Build.0 = Release|Any CPU
		{E77E66DD-1A22-4A6D-B33A-5B3F9AC8E9C3}.SVSS1|x86.ActiveCfg = Release|Any CPU
	EndGlobalSection
	GlobalSection(SolutionProperties) = preSolution
		HideSolutionNode = FALSE
	EndGlobalSection
	GlobalSection(NestedProjects) = preSolution
		{48D7859F-30C0-42CF-91E3-6D59D5F47474} = {6E30DB79-480A-460A-B195-D8DFD2D0FB8A}
		{36F35BA7-5F45-432C-99C6-5FB1989B59E6} = {6E30DB79-480A-460A-B195-D8DFD2D0FB8A}
		{E918E4F5-F89D-4E1E-806A-D7047A95D653} = {6E30DB79-480A-460A-B195-D8DFD2D0FB8A}
		{E77E66DD-1A22-4A6D-B33A-5B3F9AC8E9C3} = {6E30DB79-480A-460A-B195-D8DFD2D0FB8A}
		{78EE1D0F-EA98-4DB1-8ECC-AA84707AE150} = {09890896-10CC-4956-8884-1E7F8AB59667}
		{705571B3-E6CD-4538-BACF-C055BF1A05B4} = {09890896-10CC-4956-8884-1E7F8AB59667}
		{72DF3213-93F6-44D1-A29E-0386CF3ED8EA} = {09890896-10CC-4956-8884-1E7F8AB59667}
		{0B018F22-16C3-4FFE-8320-6DD4E353B324} = {09890896-10CC-4956-8884-1E7F8AB59667}
		{FAA069BE-F6AD-4F3C-A3B4-E51A4427332F} = {09890896-10CC-4956-8884-1E7F8AB59667}
		{F841FCB7-7A0B-4C52-BC6B-133D13FD50CF} = {09890896-10CC-4956-8884-1E7F8AB59667}
		{407FCB5B-2248-4CC6-824F-A3E8EEF0BAFC} = {29B7E59A-C153-4FA8-945E-F97D87F6A2EE}
		{2819982F-3116-4728-98A9-3B1E0C8384FE} = {29B7E59A-C153-4FA8-945E-F97D87F6A2EE}
	EndGlobalSection
	GlobalSection(ExtensibilityGlobals) = postSolution
		VisualSVNWorkingCopyRoot = .
	EndGlobalSection
EndGlobal
